
Microsoft Visual Studio Solution File, Format Version 12.00
# Visual Studio Version 17
VisualStudioVersion = 17.1.32328.378
MinimumVisualStudioVersion = 10.0.40219.1
Project("{9A19103F-16F7-4668-BE54-9A1E7A4F7556}") = "gView.System", "gView.System\gView.System.csproj", "{E50D8014-0FB8-4B67-8291-0ABEE04A1403}"
EndProject
Project("{9A19103F-16F7-4668-BE54-9A1E7A4F7556}") = "gView.Core", "gView.Core\gView.Core.csproj", "{5A66D185-6E2C-4DA4-97D7-00616A182BD8}"
EndProject
Project("{9A19103F-16F7-4668-BE54-9A1E7A4F7556}") = "gView.Db", "gView.Db\gView.Db.csproj", "{FB98412B-8DEF-4B02-B903-2979A433E75E}"
EndProject
Project("{9A19103F-16F7-4668-BE54-9A1E7A4F7556}") = "gView.Math", "gView.Math\gView.Math.csproj", "{DEB9738E-EC3B-4E04-9301-617CB56641AC}"
EndProject
Project("{9A19103F-16F7-4668-BE54-9A1E7A4F7556}") = "gView.Geometry", "gView.Geometry\gView.Geometry.csproj", "{82012E45-2EFC-498E-9BB1-F3DEBA4B87C5}"
EndProject
Project("{9A19103F-16F7-4668-BE54-9A1E7A4F7556}") = "gView.Data", "gView.Data\gView.Data.csproj", "{9B556868-8431-4D6C-B002-3FEF15DF0498}"
EndProject
Project("{9A19103F-16F7-4668-BE54-9A1E7A4F7556}") = "gView.Data.Fields", "gView.Data.Fields\gView.Data.Fields.csproj", "{F47E7FFF-3582-4BB4-84DB-B197A5DA921F}"
EndProject
Project("{9A19103F-16F7-4668-BE54-9A1E7A4F7556}") = "gView.Carto", "gView.Carto\gView.Carto.csproj", "{517F72FA-AA41-4E70-8469-E7BECCA58AD6}"
EndProject
Project("{9A19103F-16F7-4668-BE54-9A1E7A4F7556}") = "gView.Carto.Rendering", "gView.Carto.Rendering\gView.Carto.Rendering.csproj", "{961D9A60-014E-4139-907F-0112F5DFAC4D}"
EndProject
Project("{9A19103F-16F7-4668-BE54-9A1E7A4F7556}") = "gView.Symbology", "gView.Symbology\gView.Symbology.csproj", "{C37D6D4B-5670-49B9-8592-48E9DCC0AA3C}"
EndProject
Project("{9A19103F-16F7-4668-BE54-9A1E7A4F7556}") = "gView.Network", "gView.Network\gView.Network.csproj", "{F47EA9DF-E750-4AFE-BDFF-8644403E17BB}"
EndProject
Project("{9A19103F-16F7-4668-BE54-9A1E7A4F7556}") = "gView.Data.Joins", "gView.Data.Joins\gView.Data.Joins.csproj", "{1730A1E1-3991-46D0-A52A-1A86B6CCB8F0}"
EndProject
Project("{9A19103F-16F7-4668-BE54-9A1E7A4F7556}") = "gView.Editor.Core", "gView.Editor.Core\gView.Editor.Core.csproj", "{8C804D9D-7CB0-4F53-88B2-F265060CE702}"
EndProject
Project("{9A19103F-16F7-4668-BE54-9A1E7A4F7556}") = "gView.OGC", "gView.OGC\gView.OGC.csproj", "{248D2C9B-793A-4EB0-A2DA-7A881A1357BD}"
EndProject
Project("{9A19103F-16F7-4668-BE54-9A1E7A4F7556}") = "gView.Web", "gView.Web\gView.Web.csproj", "{B0F8BFA1-0034-4797-AE21-CD4CBD489E4C}"
EndProject
Project("{9A19103F-16F7-4668-BE54-9A1E7A4F7556}") = "gView.DataSources.PostGIS", "gView.DataSources.PostGIS\gView.DataSources.PostGIS.csproj", "{794758C5-26A1-4141-B2A5-FCA016AADB8B}"
EndProject
Project("{9A19103F-16F7-4668-BE54-9A1E7A4F7556}") = "gView.DataSources.MSSqlSpatial", "gView.DataSources.MSSqlSpatial\gView.DataSources.MSSqlSpatial.csproj", "{5326D7F9-707E-45E2-92D2-5CB92D0FF897}"
EndProject
Project("{9A19103F-16F7-4668-BE54-9A1E7A4F7556}") = "gView.Offline", "gView.Offline\gView.Offline.csproj", "{7EAF9C21-4C1D-4996-B111-7C503217B8F5}"
EndProject
Project("{9A19103F-16F7-4668-BE54-9A1E7A4F7556}") = "gView.DataSources.Fdb", "gView.DataSources.Fdb\gView.DataSources.Fdb.csproj", "{595657D6-C9DC-4A48-A5D0-3CBC4A90ADA1}"
EndProject
Project("{9A19103F-16F7-4668-BE54-9A1E7A4F7556}") = "gView.DataSources.Raster", "gView.DataSources.Raster\gView.DataSources.Raster.csproj", "{180B4390-78E4-47CD-BA97-30F5EF31AF07}"
EndProject
Project("{9A19103F-16F7-4668-BE54-9A1E7A4F7556}") = "gView.XML", "gView.XML\gView.XML.csproj", "{CDF0E058-D35B-4EFE-9BBD-E1E355A4BD6B}"
EndProject
Project("{9A19103F-16F7-4668-BE54-9A1E7A4F7556}") = "gView.XML2", "gView.XML2\gView.XML2.csproj", "{4C56BB1B-9C29-49E0-959A-C34F1E71C96D}"
EndProject
Project("{9A19103F-16F7-4668-BE54-9A1E7A4F7556}") = "gView.Interoperability.ArcXML", "gView.Interoperability.ArcXML\gView.Interoperability.ArcXML.csproj", "{5E48A0A0-CF45-458D-AD3C-4FC235AD203F}"
EndProject
Project("{9A19103F-16F7-4668-BE54-9A1E7A4F7556}") = "gView.Interoperability.OGC", "gView.Interoperability.OGC\gView.Interoperability.OGC.csproj", "{FAFEF445-A01C-4770-B993-4E9CA33D95E3}"
EndProject
Project("{9A19103F-16F7-4668-BE54-9A1E7A4F7556}") = "gView.Metadata", "gView.Metadata\gView.Metadata.csproj", "{42696D09-69C7-4E21-8351-DC53698D24E8}"
EndProject
Project("{9A19103F-16F7-4668-BE54-9A1E7A4F7556}") = "gView.Server", "gView.Server\gView.Server.csproj", "{C5E46A29-ECBA-4F6B-A14C-5DE553CE77BE}"
EndProject
Project("{9A19103F-16F7-4668-BE54-9A1E7A4F7556}") = "gView.DataSources.Shape", "gView.DataSources.Shape\gView.DataSources.Shape.csproj", "{ED4B335F-4967-4245-BCEA-45CE48B4648B}"
EndProject
Project("{9A19103F-16F7-4668-BE54-9A1E7A4F7556}") = "gView.DataSources.Fdb.SQLite", "gView.DataSources.Fdb.SQLite\gView.DataSources.Fdb.SQLite.csproj", "{F11B1BE8-7D8A-4B23-AF7B-DB27A0BC9086}"
EndProject
Project("{9A19103F-16F7-4668-BE54-9A1E7A4F7556}") = "gView.DataSources.Fdb.SqlServer", "gView.DataSources.Fdb.SqlServer\gView.DataSources.Fdb.SqlServer.csproj", "{D890DD88-58CD-4DC1-8664-38F273D74692}"
EndProject
Project("{9A19103F-16F7-4668-BE54-9A1E7A4F7556}") = "gView.DataSources.Fdb.PostgreSql", "gView.DataSources.Fdb.PostgreSql\gView.DataSources.Fdb.PostgreSql.csproj", "{01AD9E16-2249-4A46-9173-2EC727A6026E}"
EndProject
Project("{9A19103F-16F7-4668-BE54-9A1E7A4F7556}") = "gView.DataSources.OSGeo", "gView.DataSources.OSGeo\gView.DataSources.OSGeo.csproj", "{78971780-E6B2-423B-B61D-7CAEFBB25282}"
EndProject
Project("{9A19103F-16F7-4668-BE54-9A1E7A4F7556}") = "gView.Plugins.Modules", "gView.Plugins.Modules\gView.Plugins.Modules.csproj", "{04E002F8-468C-45E8-997B-332E5048BA31}"
EndProject
Project("{9A19103F-16F7-4668-BE54-9A1E7A4F7556}") = "gView.Test", "gView.Test\gView.Test.csproj", "{E0131B1D-122D-49C7-8B8D-F4C61F22BDCF}"
EndProject
Project("{9A19103F-16F7-4668-BE54-9A1E7A4F7556}") = "gView.Interoperability.GeoServices", "gView.Interoperability.GeoServices\gView.Interoperability.GeoServices.csproj", "{7B010002-084B-4D1D-9B06-4EC70EC93CA2}"
EndProject
Project("{9A19103F-16F7-4668-BE54-9A1E7A4F7556}") = "gView.Security", "gView.Security\gView.Security.csproj", "{F90E3A4D-8A73-4899-9F49-A756F58828F7}"
EndProject
Project("{9A19103F-16F7-4668-BE54-9A1E7A4F7556}") = "gView.DataSources.EventTable", "gView.DataSources.EventTable\gView.DataSources.EventTable.csproj", "{77AFD455-9FD0-4087-8163-44BA03886670}"
EndProject
Project("{FAE04EC0-301F-11D3-BF4B-00C04F79EFBC}") = "gView.Win.Core.UI", "NetFramework\gView.Win.Core.UI\gView.Win.Core.UI.csproj", "{3C8FFD95-66E8-41E5-B891-4B13D44942C3}"
EndProject
Project("{FAE04EC0-301F-11D3-BF4B-00C04F79EFBC}") = "gView.Win.Explorer.UI", "NetFramework\gView.Win.Explorer.UI\gView.Win.Explorer.UI.csproj", "{FEC5F35A-CF6E-4F6B-B910-72949954BE82}"
EndProject
Project("{FAE04EC0-301F-11D3-BF4B-00C04F79EFBC}") = "gView.Win.Globalisation", "NetFramework\gView.Win.Globalisation\gView.Win.Globalisation.csproj", "{68FF06EC-CEBD-4BA4-A536-6C09D9714066}"
EndProject
Project("{FAE04EC0-301F-11D3-BF4B-00C04F79EFBC}") = "gView.Win.Dialogs", "NetFramework\gView.Win.Dialogs\gView.Win.Dialogs.csproj", "{5E36EAA4-15C4-4D04-973B-245AD8A59B97}"
EndProject
Project("{FAE04EC0-301F-11D3-BF4B-00C04F79EFBC}") = "gView.Win.Symbology.UI", "NetFramework\gView.Win.Symbology.UI\gView.Win.Symbology.UI.csproj", "{9957F5FA-1E21-4D79-883E-88FFE3A7F01B}"
EndProject
Project("{FAE04EC0-301F-11D3-BF4B-00C04F79EFBC}") = "gView.Win.Carto.UI", "NetFramework\gView.Win.Carto.UI\gView.Win.Carto.UI.csproj", "{77538348-8321-4978-842D-2D97CDEDECA6}"
EndProject
Project("{FAE04EC0-301F-11D3-BF4B-00C04F79EFBC}") = "gView.Win.Snapping.Core", "NetFramework\gView.Win.Snapping.Core\gView.Win.Snapping.Core.csproj", "{1075BB0D-7DFC-440C-A790-51001BCF0725}"
EndProject
Project("{FAE04EC0-301F-11D3-BF4B-00C04F79EFBC}") = "gView.Win.DataExplorer", "NetFramework\gView.Win.DataExplorer\gView.Win.DataExplorer.csproj", "{8F9FEB99-4BFF-4581-8F7D-3058F2482BDF}"
EndProject
Project("{FAE04EC0-301F-11D3-BF4B-00C04F79EFBC}") = "gView.Win.Wpf", "NetFramework\gView.Win.Wpf\gView.Win.Wpf.csproj", "{5160FF91-1E3D-41B0-9CE7-2F233AB4BCFA}"
EndProject
Project("{FAE04EC0-301F-11D3-BF4B-00C04F79EFBC}") = "gView.Win.Sys.UI", "NetFramework\gView.Win.Sys.UI\gView.Win.Sys.UI.csproj", "{A82D4F52-BDCD-4721-9363-09CCF4A3BB7A}"
EndProject
Project("{FAE04EC0-301F-11D3-BF4B-00C04F79EFBC}") = "gView.Win.Plugins.Tools", "NetFramework\gView.Win.Plugin.Tools\gView.Win.Plugins.Tools.csproj", "{10BC8626-1D94-4740-9ED3-9D1BD71857B7}"
EndProject
Project("{FAE04EC0-301F-11D3-BF4B-00C04F79EFBC}") = "gView.Win.DataSources.Fdb.UI", "NetFramework\gView.Win.Datasources.Fdb.UI\gView.Win.DataSources.Fdb.UI.csproj", "{B3944C41-5BB6-4CBC-9173-59D5E50F74A4}"
EndProject
Project("{FAE04EC0-301F-11D3-BF4B-00C04F79EFBC}") = "gView.Win.Db.UI", "NetFramework\gView.Win.Db.UI\gView.Win.Db.UI.csproj", "{E5ED18B7-1D13-441B-9B3E-55A65A147928}"
EndProject
Project("{FAE04EC0-301F-11D3-BF4B-00C04F79EFBC}") = "gView.Win.Interoperability.OGC.UI", "NetFramework\gView.Win.Interoperability.OGC.UI\gView.Win.Interoperability.OGC.UI.csproj", "{ED609E9D-4942-4426-BAD1-8DE67D23385A}"
EndProject
Project("{FAE04EC0-301F-11D3-BF4B-00C04F79EFBC}") = "gView.Win.OGC.UI", "NetFramework\gView.Win.OGC.UI\gView.Win.OGC.UI.csproj", "{FA5C7709-9CB5-4747-9302-1F108F9A3CAF}"
EndProject
Project("{FAE04EC0-301F-11D3-BF4B-00C04F79EFBC}") = "gView.Win.DataSources.MSSqlSpatial.UI", "NetFramework\gView.Win.DataSources.MSSqlSpatial.UI\gView.Win.DataSources.MSSqlSpatial.UI.csproj", "{58919130-D4FD-4346-A2DF-B5728201DA86}"
EndProject
Project("{FAE04EC0-301F-11D3-BF4B-00C04F79EFBC}") = "gView.Win.DataSources.EventTable.UI", "NetFramework\gView.Win.DataSources.EventTable.UI\gView.Win.DataSources.EventTable.UI.csproj", "{95E1C61E-50FF-4AB8-816E-115DC4C53BA4}"
EndProject
Project("{FAE04EC0-301F-11D3-BF4B-00C04F79EFBC}") = "gView.Win.DataSources.OSGeo.UI", "NetFramework\gView.Win.DataSources.OSGeo.UI\gView.Win.DataSources.OSGeo.UI.csproj", "{979336A1-9EBC-4DAA-A124-90A099D0F842}"
EndProject
Project("{FAE04EC0-301F-11D3-BF4B-00C04F79EFBC}") = "gView.Win.DataSources.PostGIS.UI", "NetFramework\gView.Win.DataSources.PostGIS.UI\gView.Win.DataSources.PostGIS.UI.csproj", "{49494582-8D72-43BB-A4F4-75DD1C7B0416}"
EndProject
Project("{FAE04EC0-301F-11D3-BF4B-00C04F79EFBC}") = "gView.Win.Datasources.Raster.UI", "NetFramework\gView.Win.Datasources.Raster.UI\gView.Win.Datasources.Raster.UI.csproj", "{140DBA1C-9780-4E5E-B6EA-7CA0096FAFC1}"
EndProject
Project("{FAE04EC0-301F-11D3-BF4B-00C04F79EFBC}") = "gView.Win.DataSources.Shape.UI", "NetFramework\gView.Win.DataSources.Shape.UI\gView.Win.DataSources.Shape.UI.csproj", "{D04F00D1-C054-41C1-808C-B652B221E74B}"
EndProject
Project("{FAE04EC0-301F-11D3-BF4B-00C04F79EFBC}") = "gView.Win.Data.Joins.UI", "NetFramework\gView.Win.Data.Joins.UI\gView.Win.Data.Joins.UI.csproj", "{0D117D2F-1812-437A-A984-451E2073A352}"
EndProject
Project("{FAE04EC0-301F-11D3-BF4B-00C04F79EFBC}") = "gView.Win.Data.Fields.UI", "NetFramework\gView.Win.Data.Fields.UI\gView.Win.Data.Fields.UI.csproj", "{4DF95582-C3B4-412A-A845-79CD9DF5C87A}"
EndProject
Project("{FAE04EC0-301F-11D3-BF4B-00C04F79EFBC}") = "gView.Win.Carto", "NetFramework\gView.Win.Carto\gView.Win.Carto.csproj", "{C8B966F0-9FA2-4F1A-BCBA-F2137D33D62C}"
EndProject
Project("{FAE04EC0-301F-11D3-BF4B-00C04F79EFBC}") = "gView.Win.Carto.Rendering.UI", "NetFramework\gView.Win.Carto.Rendering.UI\gView.Win.Carto.Rendering.UI.csproj", "{20C2DCD8-4B3B-4864-99C8-5F9EC045CD8F}"
EndProject
Project("{FAE04EC0-301F-11D3-BF4B-00C04F79EFBC}") = "gView.Win.Plugins.DbTools", "NetFramework\gView.Win.Plugins.DbTools\gView.Win.Plugins.DbTools.csproj", "{6240B9D4-40BC-4356-B32C-AA77905B9E7E}"
EndProject
Project("{FAE04EC0-301F-11D3-BF4B-00C04F79EFBC}") = "gView.Win.Plugins.Editor", "NetFramework\gView.Win.Plugins.Editor\gView.Win.Plugins.Editor.csproj", "{CB46F0D0-C5CF-4B22-B112-33A14AB200DD}"
EndProject
Project("{FAE04EC0-301F-11D3-BF4B-00C04F79EFBC}") = "gView.Win.Plugins.Network", "NetFramework\gView.Win.Plugins.Network\gView.Win.Plugins.Network.csproj", "{EA8997FB-1150-4222-8BF5-2C98C71A2B47}"
EndProject
Project("{FAE04EC0-301F-11D3-BF4B-00C04F79EFBC}") = "gView.Win.Plugins.Snapping", "NetFramework\gView.Win.Plugins.Snapping\gView.Win.Plugins.Snapping.csproj", "{6FD6118A-19B7-4675-BF34-7972F8399D71}"
EndProject
Project("{9A19103F-16F7-4668-BE54-9A1E7A4F7556}") = "gView.DataSources.CosmoDb", "gView.DataSources.CosmoDb\gView.DataSources.CosmoDb.csproj", "{10D9CDC6-ADCF-48F8-807E-1B31BEF9EB32}"
EndProject
Project("{FAE04EC0-301F-11D3-BF4B-00C04F79EFBC}") = "gView.Win.DataSources.CosmoDb.UI", "NetFramework\gView.Win.DataSources.CosmoDb.UI\gView.Win.DataSources.CosmoDb.UI.csproj", "{A4D020D4-C6EA-4067-A19F-6A64C30A5021}"
EndProject
Project("{9A19103F-16F7-4668-BE54-9A1E7A4F7556}") = "gView.DataSources.MongoDb", "gView.DataSources.MongoDb\gView.DataSources.MongoDb.csproj", "{FAEABC8E-55FD-4D3E-9759-83D0FB94C9FB}"
EndProject
Project("{FAE04EC0-301F-11D3-BF4B-00C04F79EFBC}") = "gView.Win.DataSources.MongoDb.UI", "NetFramework\gView.Win.DataSources.MongoDb.UI\gView.Win.DataSources.MongoDb.UI.csproj", "{84636D73-D607-441C-B069-B4C6E06A0B75}"
EndProject
Project("{FAE04EC0-301F-11D3-BF4B-00C04F79EFBC}") = "gView.Win.Interoperability.ArcXML.UI", "NetFramework\gView.Win.Interoperability.ArcXML.UI\gView.Win.Interoperability.ArcXML.UI.csproj", "{B2C2CDD4-875A-4E29-8BFF-1FAA93E65E13}"
EndProject
Project("{FAE04EC0-301F-11D3-BF4B-00C04F79EFBC}") = "gView.Win.Interoperability.GeoServices.UI", "NetFramework\gView.Win.Interoperability.GeoServices.UI\gView.Win.Interoperability.GeoServices.UI.csproj", "{D3C3BB05-095C-4F39-97C3-17E70D0D1773}"
EndProject
Project("{FAE04EC0-301F-11D3-BF4B-00C04F79EFBC}") = "gView.Win.Server.UI", "NetFramework\gView.Win.Server.UI\gView.Win.Server.UI.csproj", "{CA224AB6-1F65-42D0-8F38-BB4721EFA5A3}"
EndProject
Project("{9A19103F-16F7-4668-BE54-9A1E7A4F7556}") = "gView.Interoperability.Server", "gView.Interoperability.Server\gView.Interoperability.Server.csproj", "{E740AE66-7162-4355-87B1-CB706774931A}"
EndProject
Project("{9A19103F-16F7-4668-BE54-9A1E7A4F7556}") = "gView.Server.Connector", "gView.Server.Connector\gView.Server.Connector.csproj", "{2678B2D7-4EEB-4945-8F77-6D0ADD3A8B48}"
EndProject
Project("{FAE04EC0-301F-11D3-BF4B-00C04F79EFBC}") = "gView.Win.Metadata.UI", "NetFramework\gView.Win.Metadata.UI\gView.Win.Metadata.UI.csproj", "{805C4EFA-6E19-43FE-92EE-ECEC9E93F681}"
EndProject
Project("{9A19103F-16F7-4668-BE54-9A1E7A4F7556}") = "gView.Cmd.RasterDataset.Util", "gView.Cmd.RasterDataset.Util\gView.Cmd.RasterDataset.Util.csproj", "{34A98FF2-8496-4270-BB94-0E6CA6459ACF}"
EndProject
Project("{9A19103F-16F7-4668-BE54-9A1E7A4F7556}") = "gView.Cmd.CompactTileBundle", "gView.Cmd.CompactTileBundle\gView.Cmd.CompactTileBundle.csproj", "{44127EB3-6E77-4A29-B21F-EE087CC946C3}"
EndProject
Project("{9A19103F-16F7-4668-BE54-9A1E7A4F7556}") = "gView.Cmd.ClipCompactTilecache", "gView.Cmd.ClipCompactTilecache\gView.Cmd.ClipCompactTilecache.csproj", "{97D0200C-87E0-4720-AA90-1C65C32D36A7}"
EndProject
Project("{9A19103F-16F7-4668-BE54-9A1E7A4F7556}") = "gView.Cmd.FillElasticSearch", "gView.Cmd.FillElasticSearch\gView.Cmd.FillElasticSearch.csproj", "{150FF859-A3D0-4643-87B9-E1C8FA0AF0CA}"
EndProject
Project("{9A19103F-16F7-4668-BE54-9A1E7A4F7556}") = "gView.Cmd.CopyFeatureclass", "gView.Cmd.CopyFeatureclass\gView.Cmd.CopyFeatureclass.csproj", "{9DB41767-A9D9-477B-A86E-4B0FBE0EFC60}"
EndProject
Project("{FAE04EC0-301F-11D3-BF4B-00C04F79EFBC}") = "gView.Cmd.MxlInfo", "NetFramework\gView.Cmd.MxlInfo\gView.Cmd.MxlInfo.csproj", "{8C040A69-F7E9-4D59-85C8-4C6B69C97D86}"
EndProject
Project("{9A19103F-16F7-4668-BE54-9A1E7A4F7556}") = "gView.DataSources.TileCache", "gView.DataSources.TileCache\gView.DataSources.TileCache.csproj", "{B31AB72E-72F6-489E-B707-9D481DEA3338}"
EndProject
Project("{FAE04EC0-301F-11D3-BF4B-00C04F79EFBC}") = "gView.Win.DataSources.TileCache.UI", "NetFramework\gView.Win.DataSources.TileCache.UI\gView.Win.DataSources.TileCache.UI.csproj", "{9353E020-6EB4-463D-A304-6FBF0AC560FB}"
EndProject
Project("{9A19103F-16F7-4668-BE54-9A1E7A4F7556}") = "gView.DataSources.VectorTileCache", "gView.DataSources.VectorTileCache\gView.DataSources.VectorTileCache.csproj", "{46CCAD05-281C-437F-A0A3-89D0B9B6662E}"
EndProject
Project("{FAE04EC0-301F-11D3-BF4B-00C04F79EFBC}") = "gView.Win.DataSources.VectorTileCache.UI", "NetFramework\gView.Win.DataSources.VectorTileCache.UI\gView.Win.DataSources.VectorTileCache.UI.csproj", "{DF28644D-7BE0-428A-BF5D-31325604EE68}"
EndProject
Project("{9A19103F-16F7-4668-BE54-9A1E7A4F7556}") = "gView.DataSources.GeoJson", "gView.DataSources.GeoJson\gView.DataSources.GeoJson.csproj", "{E56C9CC9-720D-453F-9760-A56D83A48D10}"
EndProject
Project("{FAE04EC0-301F-11D3-BF4B-00C04F79EFBC}") = "gView.Win.DataSources.GeoJson.UI", "NetFramework\gView.Win.DataSources.GeoJson.UI\gView.Win.DataSources.GeoJson.UI.csproj", "{F66575E3-6821-48CF-A9F4-F673D913B1EF}"
EndProject
Project("{9A19103F-16F7-4668-BE54-9A1E7A4F7556}") = "gView.Logging", "gView.Logging\gView.Logging.csproj", "{7FC15EB9-D6EA-4C37-91B7-73C70C001EE3}"
EndProject
Project("{9A19103F-16F7-4668-BE54-9A1E7A4F7556}") = "gView.Azure", "gView.Azure\gView.Azure.csproj", "{5C229CB1-4ED9-4771-B4D9-DAF3C1C7D15E}"
EndProject
Project("{9A19103F-16F7-4668-BE54-9A1E7A4F7556}") = "gView.Cmd.FillLuceneServer", "gView.Cmd.FillLuceneServer\gView.Cmd.FillLuceneServer.csproj", "{11421C27-F65E-4826-B0ED-84C4536A69BF}"
EndProject
Project("{9A19103F-16F7-4668-BE54-9A1E7A4F7556}") = "gView.Cmd.RenderTileCache", "gView.Cmd.RenderTileCache\gView.Cmd.RenderTileCache.csproj", "{A0A9A5A5-AAA6-46AA-821E-57F65E851814}"
EndProject
Project("{9A19103F-16F7-4668-BE54-9A1E7A4F7556}") = "gView.GraphicsEngine", "gView.GraphicsEngine\gView.GraphicsEngine.csproj", "{ED711BDA-7FD3-42AE-A6A0-DDF07C20014D}"
EndProject
Project("{9A19103F-16F7-4668-BE54-9A1E7A4F7556}") = "gView.GraphicsEngine.GdiPlus", "gView.GraphicsEngine.GdiPlus\gView.GraphicsEngine.GdiPlus.csproj", "{27A01872-3E18-4C14-A267-F4093F7317B0}"
EndProject
Project("{9A19103F-16F7-4668-BE54-9A1E7A4F7556}") = "gView.GraphicsEngine.Skia", "gView.GraphicsEngine.Skia\gView.GraphicsEngine.Skia.csproj", "{00332360-3466-4C26-8604-C43DB166DD2B}"
EndProject
Project("{9A19103F-16F7-4668-BE54-9A1E7A4F7556}") = "gView.Cmd.MxlUtil", "gView.Cmd.MxlUtil\gView.Cmd.MxlUtil.csproj", "{2C999E65-0443-40B5-AC06-0099453C7382}"
EndProject
Project("{9A19103F-16F7-4668-BE54-9A1E7A4F7556}") = "gView.MxlUtil.Lib", "gView.MxlUtil.Lib\gView.MxlUtil.Lib.csproj", "{96DC810B-40E9-4519-988C-9B0A584DAB8C}"
EndProject
Project("{9A19103F-16F7-4668-BE54-9A1E7A4F7556}") = "gView.Server.Models", "gView.Server.Models\gView.Server.Models.csproj", "{72A5E829-24DD-4BCB-B559-AF7D7BFB13A6}"
EndProject
Project("{9A19103F-16F7-4668-BE54-9A1E7A4F7556}") = "gView.SetupHelper", "gView.SetupHelper\gView.SetupHelper.csproj", "{0EB012A6-40AD-4D29-BDFA-39AC094BF536}"
EndProject
Project("{9A19103F-16F7-4668-BE54-9A1E7A4F7556}") = "gView.GraphicsEngine.Gdal", "gView.GraphicsEngine.Gdal\gView.GraphicsEngine.Gdal.csproj", "{E467A033-F1CA-4733-9BC1-7ED02F0EFD38}"
EndProject
Project("{FAE04EC0-301F-11D3-BF4B-00C04F79EFBC}") = "gView.GraphicsEngine.Default", "gView.GraphicsEngine.Default\gView.GraphicsEngine.Default.csproj", "{81CB417D-E498-4EE1-BF8B-AED0DD3E3F46}"
EndProject
Global
	GlobalSection(SolutionConfigurationPlatforms) = preSolution
		Debug|Any CPU = Debug|Any CPU
		Debug|x64 = Debug|x64
		Release|Any CPU = Release|Any CPU
		Release|x64 = Release|x64
	EndGlobalSection
	GlobalSection(ProjectConfigurationPlatforms) = postSolution
		{E50D8014-0FB8-4B67-8291-0ABEE04A1403}.Debug|Any CPU.ActiveCfg = Debug|Any CPU
		{E50D8014-0FB8-4B67-8291-0ABEE04A1403}.Debug|Any CPU.Build.0 = Debug|Any CPU
		{E50D8014-0FB8-4B67-8291-0ABEE04A1403}.Debug|x64.ActiveCfg = Debug|Any CPU
		{E50D8014-0FB8-4B67-8291-0ABEE04A1403}.Debug|x64.Build.0 = Debug|Any CPU
		{E50D8014-0FB8-4B67-8291-0ABEE04A1403}.Release|Any CPU.ActiveCfg = Release|Any CPU
		{E50D8014-0FB8-4B67-8291-0ABEE04A1403}.Release|Any CPU.Build.0 = Release|Any CPU
		{E50D8014-0FB8-4B67-8291-0ABEE04A1403}.Release|x64.ActiveCfg = Release|Any CPU
		{E50D8014-0FB8-4B67-8291-0ABEE04A1403}.Release|x64.Build.0 = Release|Any CPU
		{5A66D185-6E2C-4DA4-97D7-00616A182BD8}.Debug|Any CPU.ActiveCfg = Debug|Any CPU
		{5A66D185-6E2C-4DA4-97D7-00616A182BD8}.Debug|Any CPU.Build.0 = Debug|Any CPU
		{5A66D185-6E2C-4DA4-97D7-00616A182BD8}.Debug|x64.ActiveCfg = Debug|Any CPU
		{5A66D185-6E2C-4DA4-97D7-00616A182BD8}.Debug|x64.Build.0 = Debug|Any CPU
		{5A66D185-6E2C-4DA4-97D7-00616A182BD8}.Release|Any CPU.ActiveCfg = Release|Any CPU
		{5A66D185-6E2C-4DA4-97D7-00616A182BD8}.Release|Any CPU.Build.0 = Release|Any CPU
		{5A66D185-6E2C-4DA4-97D7-00616A182BD8}.Release|x64.ActiveCfg = Release|Any CPU
		{5A66D185-6E2C-4DA4-97D7-00616A182BD8}.Release|x64.Build.0 = Release|Any CPU
		{FB98412B-8DEF-4B02-B903-2979A433E75E}.Debug|Any CPU.ActiveCfg = Debug|Any CPU
		{FB98412B-8DEF-4B02-B903-2979A433E75E}.Debug|Any CPU.Build.0 = Debug|Any CPU
		{FB98412B-8DEF-4B02-B903-2979A433E75E}.Debug|x64.ActiveCfg = Debug|Any CPU
		{FB98412B-8DEF-4B02-B903-2979A433E75E}.Debug|x64.Build.0 = Debug|Any CPU
		{FB98412B-8DEF-4B02-B903-2979A433E75E}.Release|Any CPU.ActiveCfg = Release|Any CPU
		{FB98412B-8DEF-4B02-B903-2979A433E75E}.Release|Any CPU.Build.0 = Release|Any CPU
		{FB98412B-8DEF-4B02-B903-2979A433E75E}.Release|x64.ActiveCfg = Release|Any CPU
		{FB98412B-8DEF-4B02-B903-2979A433E75E}.Release|x64.Build.0 = Release|Any CPU
		{DEB9738E-EC3B-4E04-9301-617CB56641AC}.Debug|Any CPU.ActiveCfg = Debug|Any CPU
		{DEB9738E-EC3B-4E04-9301-617CB56641AC}.Debug|Any CPU.Build.0 = Debug|Any CPU
		{DEB9738E-EC3B-4E04-9301-617CB56641AC}.Debug|x64.ActiveCfg = Debug|Any CPU
		{DEB9738E-EC3B-4E04-9301-617CB56641AC}.Debug|x64.Build.0 = Debug|Any CPU
		{DEB9738E-EC3B-4E04-9301-617CB56641AC}.Release|Any CPU.ActiveCfg = Release|Any CPU
		{DEB9738E-EC3B-4E04-9301-617CB56641AC}.Release|Any CPU.Build.0 = Release|Any CPU
		{DEB9738E-EC3B-4E04-9301-617CB56641AC}.Release|x64.ActiveCfg = Release|Any CPU
		{DEB9738E-EC3B-4E04-9301-617CB56641AC}.Release|x64.Build.0 = Release|Any CPU
		{82012E45-2EFC-498E-9BB1-F3DEBA4B87C5}.Debug|Any CPU.ActiveCfg = Debug|Any CPU
		{82012E45-2EFC-498E-9BB1-F3DEBA4B87C5}.Debug|Any CPU.Build.0 = Debug|Any CPU
		{82012E45-2EFC-498E-9BB1-F3DEBA4B87C5}.Debug|x64.ActiveCfg = Debug|Any CPU
		{82012E45-2EFC-498E-9BB1-F3DEBA4B87C5}.Debug|x64.Build.0 = Debug|Any CPU
		{82012E45-2EFC-498E-9BB1-F3DEBA4B87C5}.Release|Any CPU.ActiveCfg = Release|Any CPU
		{82012E45-2EFC-498E-9BB1-F3DEBA4B87C5}.Release|Any CPU.Build.0 = Release|Any CPU
		{82012E45-2EFC-498E-9BB1-F3DEBA4B87C5}.Release|x64.ActiveCfg = Release|Any CPU
		{82012E45-2EFC-498E-9BB1-F3DEBA4B87C5}.Release|x64.Build.0 = Release|Any CPU
		{9B556868-8431-4D6C-B002-3FEF15DF0498}.Debug|Any CPU.ActiveCfg = Debug|Any CPU
		{9B556868-8431-4D6C-B002-3FEF15DF0498}.Debug|Any CPU.Build.0 = Debug|Any CPU
		{9B556868-8431-4D6C-B002-3FEF15DF0498}.Debug|x64.ActiveCfg = Debug|Any CPU
		{9B556868-8431-4D6C-B002-3FEF15DF0498}.Debug|x64.Build.0 = Debug|Any CPU
		{9B556868-8431-4D6C-B002-3FEF15DF0498}.Release|Any CPU.ActiveCfg = Release|Any CPU
		{9B556868-8431-4D6C-B002-3FEF15DF0498}.Release|Any CPU.Build.0 = Release|Any CPU
		{9B556868-8431-4D6C-B002-3FEF15DF0498}.Release|x64.ActiveCfg = Release|Any CPU
		{9B556868-8431-4D6C-B002-3FEF15DF0498}.Release|x64.Build.0 = Release|Any CPU
		{F47E7FFF-3582-4BB4-84DB-B197A5DA921F}.Debug|Any CPU.ActiveCfg = Debug|Any CPU
		{F47E7FFF-3582-4BB4-84DB-B197A5DA921F}.Debug|Any CPU.Build.0 = Debug|Any CPU
		{F47E7FFF-3582-4BB4-84DB-B197A5DA921F}.Debug|x64.ActiveCfg = Debug|Any CPU
		{F47E7FFF-3582-4BB4-84DB-B197A5DA921F}.Debug|x64.Build.0 = Debug|Any CPU
		{F47E7FFF-3582-4BB4-84DB-B197A5DA921F}.Release|Any CPU.ActiveCfg = Release|Any CPU
		{F47E7FFF-3582-4BB4-84DB-B197A5DA921F}.Release|Any CPU.Build.0 = Release|Any CPU
		{F47E7FFF-3582-4BB4-84DB-B197A5DA921F}.Release|x64.ActiveCfg = Release|Any CPU
		{F47E7FFF-3582-4BB4-84DB-B197A5DA921F}.Release|x64.Build.0 = Release|Any CPU
		{517F72FA-AA41-4E70-8469-E7BECCA58AD6}.Debug|Any CPU.ActiveCfg = Debug|Any CPU
		{517F72FA-AA41-4E70-8469-E7BECCA58AD6}.Debug|Any CPU.Build.0 = Debug|Any CPU
		{517F72FA-AA41-4E70-8469-E7BECCA58AD6}.Debug|x64.ActiveCfg = Debug|Any CPU
		{517F72FA-AA41-4E70-8469-E7BECCA58AD6}.Debug|x64.Build.0 = Debug|Any CPU
		{517F72FA-AA41-4E70-8469-E7BECCA58AD6}.Release|Any CPU.ActiveCfg = Release|Any CPU
		{517F72FA-AA41-4E70-8469-E7BECCA58AD6}.Release|Any CPU.Build.0 = Release|Any CPU
		{517F72FA-AA41-4E70-8469-E7BECCA58AD6}.Release|x64.ActiveCfg = Release|Any CPU
		{517F72FA-AA41-4E70-8469-E7BECCA58AD6}.Release|x64.Build.0 = Release|Any CPU
		{961D9A60-014E-4139-907F-0112F5DFAC4D}.Debug|Any CPU.ActiveCfg = Debug|Any CPU
		{961D9A60-014E-4139-907F-0112F5DFAC4D}.Debug|Any CPU.Build.0 = Debug|Any CPU
		{961D9A60-014E-4139-907F-0112F5DFAC4D}.Debug|x64.ActiveCfg = Debug|Any CPU
		{961D9A60-014E-4139-907F-0112F5DFAC4D}.Debug|x64.Build.0 = Debug|Any CPU
		{961D9A60-014E-4139-907F-0112F5DFAC4D}.Release|Any CPU.ActiveCfg = Release|Any CPU
		{961D9A60-014E-4139-907F-0112F5DFAC4D}.Release|Any CPU.Build.0 = Release|Any CPU
		{961D9A60-014E-4139-907F-0112F5DFAC4D}.Release|x64.ActiveCfg = Release|Any CPU
		{961D9A60-014E-4139-907F-0112F5DFAC4D}.Release|x64.Build.0 = Release|Any CPU
		{C37D6D4B-5670-49B9-8592-48E9DCC0AA3C}.Debug|Any CPU.ActiveCfg = Debug|Any CPU
		{C37D6D4B-5670-49B9-8592-48E9DCC0AA3C}.Debug|Any CPU.Build.0 = Debug|Any CPU
		{C37D6D4B-5670-49B9-8592-48E9DCC0AA3C}.Debug|x64.ActiveCfg = Debug|Any CPU
		{C37D6D4B-5670-49B9-8592-48E9DCC0AA3C}.Debug|x64.Build.0 = Debug|Any CPU
		{C37D6D4B-5670-49B9-8592-48E9DCC0AA3C}.Release|Any CPU.ActiveCfg = Release|Any CPU
		{C37D6D4B-5670-49B9-8592-48E9DCC0AA3C}.Release|Any CPU.Build.0 = Release|Any CPU
		{C37D6D4B-5670-49B9-8592-48E9DCC0AA3C}.Release|x64.ActiveCfg = Release|Any CPU
		{C37D6D4B-5670-49B9-8592-48E9DCC0AA3C}.Release|x64.Build.0 = Release|Any CPU
		{F47EA9DF-E750-4AFE-BDFF-8644403E17BB}.Debug|Any CPU.ActiveCfg = Debug|Any CPU
		{F47EA9DF-E750-4AFE-BDFF-8644403E17BB}.Debug|Any CPU.Build.0 = Debug|Any CPU
		{F47EA9DF-E750-4AFE-BDFF-8644403E17BB}.Debug|x64.ActiveCfg = Debug|Any CPU
		{F47EA9DF-E750-4AFE-BDFF-8644403E17BB}.Debug|x64.Build.0 = Debug|Any CPU
		{F47EA9DF-E750-4AFE-BDFF-8644403E17BB}.Release|Any CPU.ActiveCfg = Release|Any CPU
		{F47EA9DF-E750-4AFE-BDFF-8644403E17BB}.Release|Any CPU.Build.0 = Release|Any CPU
		{F47EA9DF-E750-4AFE-BDFF-8644403E17BB}.Release|x64.ActiveCfg = Release|Any CPU
		{F47EA9DF-E750-4AFE-BDFF-8644403E17BB}.Release|x64.Build.0 = Release|Any CPU
		{1730A1E1-3991-46D0-A52A-1A86B6CCB8F0}.Debug|Any CPU.ActiveCfg = Debug|Any CPU
		{1730A1E1-3991-46D0-A52A-1A86B6CCB8F0}.Debug|Any CPU.Build.0 = Debug|Any CPU
		{1730A1E1-3991-46D0-A52A-1A86B6CCB8F0}.Debug|x64.ActiveCfg = Debug|Any CPU
		{1730A1E1-3991-46D0-A52A-1A86B6CCB8F0}.Debug|x64.Build.0 = Debug|Any CPU
		{1730A1E1-3991-46D0-A52A-1A86B6CCB8F0}.Release|Any CPU.ActiveCfg = Release|Any CPU
		{1730A1E1-3991-46D0-A52A-1A86B6CCB8F0}.Release|Any CPU.Build.0 = Release|Any CPU
		{1730A1E1-3991-46D0-A52A-1A86B6CCB8F0}.Release|x64.ActiveCfg = Release|Any CPU
		{1730A1E1-3991-46D0-A52A-1A86B6CCB8F0}.Release|x64.Build.0 = Release|Any CPU
		{8C804D9D-7CB0-4F53-88B2-F265060CE702}.Debug|Any CPU.ActiveCfg = Debug|Any CPU
		{8C804D9D-7CB0-4F53-88B2-F265060CE702}.Debug|Any CPU.Build.0 = Debug|Any CPU
		{8C804D9D-7CB0-4F53-88B2-F265060CE702}.Debug|x64.ActiveCfg = Debug|Any CPU
		{8C804D9D-7CB0-4F53-88B2-F265060CE702}.Debug|x64.Build.0 = Debug|Any CPU
		{8C804D9D-7CB0-4F53-88B2-F265060CE702}.Release|Any CPU.ActiveCfg = Release|Any CPU
		{8C804D9D-7CB0-4F53-88B2-F265060CE702}.Release|Any CPU.Build.0 = Release|Any CPU
		{8C804D9D-7CB0-4F53-88B2-F265060CE702}.Release|x64.ActiveCfg = Release|Any CPU
		{8C804D9D-7CB0-4F53-88B2-F265060CE702}.Release|x64.Build.0 = Release|Any CPU
		{248D2C9B-793A-4EB0-A2DA-7A881A1357BD}.Debug|Any CPU.ActiveCfg = Debug|Any CPU
		{248D2C9B-793A-4EB0-A2DA-7A881A1357BD}.Debug|Any CPU.Build.0 = Debug|Any CPU
		{248D2C9B-793A-4EB0-A2DA-7A881A1357BD}.Debug|x64.ActiveCfg = Debug|Any CPU
		{248D2C9B-793A-4EB0-A2DA-7A881A1357BD}.Debug|x64.Build.0 = Debug|Any CPU
		{248D2C9B-793A-4EB0-A2DA-7A881A1357BD}.Release|Any CPU.ActiveCfg = Release|Any CPU
		{248D2C9B-793A-4EB0-A2DA-7A881A1357BD}.Release|Any CPU.Build.0 = Release|Any CPU
		{248D2C9B-793A-4EB0-A2DA-7A881A1357BD}.Release|x64.ActiveCfg = Release|Any CPU
		{248D2C9B-793A-4EB0-A2DA-7A881A1357BD}.Release|x64.Build.0 = Release|Any CPU
		{B0F8BFA1-0034-4797-AE21-CD4CBD489E4C}.Debug|Any CPU.ActiveCfg = Debug|Any CPU
		{B0F8BFA1-0034-4797-AE21-CD4CBD489E4C}.Debug|Any CPU.Build.0 = Debug|Any CPU
		{B0F8BFA1-0034-4797-AE21-CD4CBD489E4C}.Debug|x64.ActiveCfg = Debug|Any CPU
		{B0F8BFA1-0034-4797-AE21-CD4CBD489E4C}.Debug|x64.Build.0 = Debug|Any CPU
		{B0F8BFA1-0034-4797-AE21-CD4CBD489E4C}.Release|Any CPU.ActiveCfg = Release|Any CPU
		{B0F8BFA1-0034-4797-AE21-CD4CBD489E4C}.Release|Any CPU.Build.0 = Release|Any CPU
		{B0F8BFA1-0034-4797-AE21-CD4CBD489E4C}.Release|x64.ActiveCfg = Release|Any CPU
		{B0F8BFA1-0034-4797-AE21-CD4CBD489E4C}.Release|x64.Build.0 = Release|Any CPU
		{794758C5-26A1-4141-B2A5-FCA016AADB8B}.Debug|Any CPU.ActiveCfg = Debug|Any CPU
		{794758C5-26A1-4141-B2A5-FCA016AADB8B}.Debug|Any CPU.Build.0 = Debug|Any CPU
		{794758C5-26A1-4141-B2A5-FCA016AADB8B}.Debug|x64.ActiveCfg = Debug|Any CPU
		{794758C5-26A1-4141-B2A5-FCA016AADB8B}.Debug|x64.Build.0 = Debug|Any CPU
		{794758C5-26A1-4141-B2A5-FCA016AADB8B}.Release|Any CPU.ActiveCfg = Release|Any CPU
		{794758C5-26A1-4141-B2A5-FCA016AADB8B}.Release|Any CPU.Build.0 = Release|Any CPU
		{794758C5-26A1-4141-B2A5-FCA016AADB8B}.Release|x64.ActiveCfg = Release|Any CPU
		{794758C5-26A1-4141-B2A5-FCA016AADB8B}.Release|x64.Build.0 = Release|Any CPU
		{5326D7F9-707E-45E2-92D2-5CB92D0FF897}.Debug|Any CPU.ActiveCfg = Debug|Any CPU
		{5326D7F9-707E-45E2-92D2-5CB92D0FF897}.Debug|Any CPU.Build.0 = Debug|Any CPU
		{5326D7F9-707E-45E2-92D2-5CB92D0FF897}.Debug|x64.ActiveCfg = Debug|Any CPU
		{5326D7F9-707E-45E2-92D2-5CB92D0FF897}.Debug|x64.Build.0 = Debug|Any CPU
		{5326D7F9-707E-45E2-92D2-5CB92D0FF897}.Release|Any CPU.ActiveCfg = Release|Any CPU
		{5326D7F9-707E-45E2-92D2-5CB92D0FF897}.Release|Any CPU.Build.0 = Release|Any CPU
		{5326D7F9-707E-45E2-92D2-5CB92D0FF897}.Release|x64.ActiveCfg = Release|Any CPU
		{5326D7F9-707E-45E2-92D2-5CB92D0FF897}.Release|x64.Build.0 = Release|Any CPU
		{7EAF9C21-4C1D-4996-B111-7C503217B8F5}.Debug|Any CPU.ActiveCfg = Debug|Any CPU
		{7EAF9C21-4C1D-4996-B111-7C503217B8F5}.Debug|Any CPU.Build.0 = Debug|Any CPU
		{7EAF9C21-4C1D-4996-B111-7C503217B8F5}.Debug|x64.ActiveCfg = Debug|Any CPU
		{7EAF9C21-4C1D-4996-B111-7C503217B8F5}.Debug|x64.Build.0 = Debug|Any CPU
		{7EAF9C21-4C1D-4996-B111-7C503217B8F5}.Release|Any CPU.ActiveCfg = Release|Any CPU
		{7EAF9C21-4C1D-4996-B111-7C503217B8F5}.Release|Any CPU.Build.0 = Release|Any CPU
		{7EAF9C21-4C1D-4996-B111-7C503217B8F5}.Release|x64.ActiveCfg = Release|Any CPU
		{7EAF9C21-4C1D-4996-B111-7C503217B8F5}.Release|x64.Build.0 = Release|Any CPU
		{595657D6-C9DC-4A48-A5D0-3CBC4A90ADA1}.Debug|Any CPU.ActiveCfg = Debug|Any CPU
		{595657D6-C9DC-4A48-A5D0-3CBC4A90ADA1}.Debug|Any CPU.Build.0 = Debug|Any CPU
		{595657D6-C9DC-4A48-A5D0-3CBC4A90ADA1}.Debug|x64.ActiveCfg = Debug|Any CPU
		{595657D6-C9DC-4A48-A5D0-3CBC4A90ADA1}.Debug|x64.Build.0 = Debug|Any CPU
		{595657D6-C9DC-4A48-A5D0-3CBC4A90ADA1}.Release|Any CPU.ActiveCfg = Release|Any CPU
		{595657D6-C9DC-4A48-A5D0-3CBC4A90ADA1}.Release|Any CPU.Build.0 = Release|Any CPU
		{595657D6-C9DC-4A48-A5D0-3CBC4A90ADA1}.Release|x64.ActiveCfg = Release|Any CPU
		{595657D6-C9DC-4A48-A5D0-3CBC4A90ADA1}.Release|x64.Build.0 = Release|Any CPU
		{180B4390-78E4-47CD-BA97-30F5EF31AF07}.Debug|Any CPU.ActiveCfg = Debug|Any CPU
		{180B4390-78E4-47CD-BA97-30F5EF31AF07}.Debug|Any CPU.Build.0 = Debug|Any CPU
		{180B4390-78E4-47CD-BA97-30F5EF31AF07}.Debug|x64.ActiveCfg = Debug|Any CPU
		{180B4390-78E4-47CD-BA97-30F5EF31AF07}.Debug|x64.Build.0 = Debug|Any CPU
		{180B4390-78E4-47CD-BA97-30F5EF31AF07}.Release|Any CPU.ActiveCfg = Release|Any CPU
		{180B4390-78E4-47CD-BA97-30F5EF31AF07}.Release|Any CPU.Build.0 = Release|Any CPU
		{180B4390-78E4-47CD-BA97-30F5EF31AF07}.Release|x64.ActiveCfg = Release|Any CPU
		{180B4390-78E4-47CD-BA97-30F5EF31AF07}.Release|x64.Build.0 = Release|Any CPU
		{CDF0E058-D35B-4EFE-9BBD-E1E355A4BD6B}.Debug|Any CPU.ActiveCfg = Debug|Any CPU
		{CDF0E058-D35B-4EFE-9BBD-E1E355A4BD6B}.Debug|Any CPU.Build.0 = Debug|Any CPU
		{CDF0E058-D35B-4EFE-9BBD-E1E355A4BD6B}.Debug|x64.ActiveCfg = Debug|Any CPU
		{CDF0E058-D35B-4EFE-9BBD-E1E355A4BD6B}.Debug|x64.Build.0 = Debug|Any CPU
		{CDF0E058-D35B-4EFE-9BBD-E1E355A4BD6B}.Release|Any CPU.ActiveCfg = Release|Any CPU
		{CDF0E058-D35B-4EFE-9BBD-E1E355A4BD6B}.Release|Any CPU.Build.0 = Release|Any CPU
		{CDF0E058-D35B-4EFE-9BBD-E1E355A4BD6B}.Release|x64.ActiveCfg = Release|Any CPU
		{CDF0E058-D35B-4EFE-9BBD-E1E355A4BD6B}.Release|x64.Build.0 = Release|Any CPU
		{4C56BB1B-9C29-49E0-959A-C34F1E71C96D}.Debug|Any CPU.ActiveCfg = Debug|Any CPU
		{4C56BB1B-9C29-49E0-959A-C34F1E71C96D}.Debug|Any CPU.Build.0 = Debug|Any CPU
		{4C56BB1B-9C29-49E0-959A-C34F1E71C96D}.Debug|x64.ActiveCfg = Debug|Any CPU
		{4C56BB1B-9C29-49E0-959A-C34F1E71C96D}.Debug|x64.Build.0 = Debug|Any CPU
		{4C56BB1B-9C29-49E0-959A-C34F1E71C96D}.Release|Any CPU.ActiveCfg = Release|Any CPU
		{4C56BB1B-9C29-49E0-959A-C34F1E71C96D}.Release|Any CPU.Build.0 = Release|Any CPU
		{4C56BB1B-9C29-49E0-959A-C34F1E71C96D}.Release|x64.ActiveCfg = Release|Any CPU
		{4C56BB1B-9C29-49E0-959A-C34F1E71C96D}.Release|x64.Build.0 = Release|Any CPU
		{5E48A0A0-CF45-458D-AD3C-4FC235AD203F}.Debug|Any CPU.ActiveCfg = Debug|Any CPU
		{5E48A0A0-CF45-458D-AD3C-4FC235AD203F}.Debug|Any CPU.Build.0 = Debug|Any CPU
		{5E48A0A0-CF45-458D-AD3C-4FC235AD203F}.Debug|x64.ActiveCfg = Debug|Any CPU
		{5E48A0A0-CF45-458D-AD3C-4FC235AD203F}.Debug|x64.Build.0 = Debug|Any CPU
		{5E48A0A0-CF45-458D-AD3C-4FC235AD203F}.Release|Any CPU.ActiveCfg = Release|Any CPU
		{5E48A0A0-CF45-458D-AD3C-4FC235AD203F}.Release|Any CPU.Build.0 = Release|Any CPU
		{5E48A0A0-CF45-458D-AD3C-4FC235AD203F}.Release|x64.ActiveCfg = Release|Any CPU
		{5E48A0A0-CF45-458D-AD3C-4FC235AD203F}.Release|x64.Build.0 = Release|Any CPU
		{FAFEF445-A01C-4770-B993-4E9CA33D95E3}.Debug|Any CPU.ActiveCfg = Debug|Any CPU
		{FAFEF445-A01C-4770-B993-4E9CA33D95E3}.Debug|Any CPU.Build.0 = Debug|Any CPU
		{FAFEF445-A01C-4770-B993-4E9CA33D95E3}.Debug|x64.ActiveCfg = Debug|Any CPU
		{FAFEF445-A01C-4770-B993-4E9CA33D95E3}.Debug|x64.Build.0 = Debug|Any CPU
		{FAFEF445-A01C-4770-B993-4E9CA33D95E3}.Release|Any CPU.ActiveCfg = Release|Any CPU
		{FAFEF445-A01C-4770-B993-4E9CA33D95E3}.Release|Any CPU.Build.0 = Release|Any CPU
		{FAFEF445-A01C-4770-B993-4E9CA33D95E3}.Release|x64.ActiveCfg = Release|Any CPU
		{FAFEF445-A01C-4770-B993-4E9CA33D95E3}.Release|x64.Build.0 = Release|Any CPU
		{42696D09-69C7-4E21-8351-DC53698D24E8}.Debug|Any CPU.ActiveCfg = Debug|Any CPU
		{42696D09-69C7-4E21-8351-DC53698D24E8}.Debug|Any CPU.Build.0 = Debug|Any CPU
		{42696D09-69C7-4E21-8351-DC53698D24E8}.Debug|x64.ActiveCfg = Debug|Any CPU
		{42696D09-69C7-4E21-8351-DC53698D24E8}.Debug|x64.Build.0 = Debug|Any CPU
		{42696D09-69C7-4E21-8351-DC53698D24E8}.Release|Any CPU.ActiveCfg = Release|Any CPU
		{42696D09-69C7-4E21-8351-DC53698D24E8}.Release|Any CPU.Build.0 = Release|Any CPU
		{42696D09-69C7-4E21-8351-DC53698D24E8}.Release|x64.ActiveCfg = Release|Any CPU
		{42696D09-69C7-4E21-8351-DC53698D24E8}.Release|x64.Build.0 = Release|Any CPU
		{C5E46A29-ECBA-4F6B-A14C-5DE553CE77BE}.Debug|Any CPU.ActiveCfg = Debug|Any CPU
		{C5E46A29-ECBA-4F6B-A14C-5DE553CE77BE}.Debug|Any CPU.Build.0 = Debug|Any CPU
		{C5E46A29-ECBA-4F6B-A14C-5DE553CE77BE}.Debug|x64.ActiveCfg = Debug|Any CPU
		{C5E46A29-ECBA-4F6B-A14C-5DE553CE77BE}.Debug|x64.Build.0 = Debug|Any CPU
		{C5E46A29-ECBA-4F6B-A14C-5DE553CE77BE}.Release|Any CPU.ActiveCfg = Release|Any CPU
		{C5E46A29-ECBA-4F6B-A14C-5DE553CE77BE}.Release|Any CPU.Build.0 = Release|Any CPU
		{C5E46A29-ECBA-4F6B-A14C-5DE553CE77BE}.Release|x64.ActiveCfg = Release|Any CPU
		{C5E46A29-ECBA-4F6B-A14C-5DE553CE77BE}.Release|x64.Build.0 = Release|Any CPU
		{ED4B335F-4967-4245-BCEA-45CE48B4648B}.Debug|Any CPU.ActiveCfg = Debug|Any CPU
		{ED4B335F-4967-4245-BCEA-45CE48B4648B}.Debug|Any CPU.Build.0 = Debug|Any CPU
		{ED4B335F-4967-4245-BCEA-45CE48B4648B}.Debug|x64.ActiveCfg = Debug|Any CPU
		{ED4B335F-4967-4245-BCEA-45CE48B4648B}.Debug|x64.Build.0 = Debug|Any CPU
		{ED4B335F-4967-4245-BCEA-45CE48B4648B}.Release|Any CPU.ActiveCfg = Release|Any CPU
		{ED4B335F-4967-4245-BCEA-45CE48B4648B}.Release|Any CPU.Build.0 = Release|Any CPU
		{ED4B335F-4967-4245-BCEA-45CE48B4648B}.Release|x64.ActiveCfg = Release|Any CPU
		{ED4B335F-4967-4245-BCEA-45CE48B4648B}.Release|x64.Build.0 = Release|Any CPU
		{F11B1BE8-7D8A-4B23-AF7B-DB27A0BC9086}.Debug|Any CPU.ActiveCfg = Debug|Any CPU
		{F11B1BE8-7D8A-4B23-AF7B-DB27A0BC9086}.Debug|Any CPU.Build.0 = Debug|Any CPU
		{F11B1BE8-7D8A-4B23-AF7B-DB27A0BC9086}.Debug|x64.ActiveCfg = Debug|Any CPU
		{F11B1BE8-7D8A-4B23-AF7B-DB27A0BC9086}.Debug|x64.Build.0 = Debug|Any CPU
		{F11B1BE8-7D8A-4B23-AF7B-DB27A0BC9086}.Release|Any CPU.ActiveCfg = Release|Any CPU
		{F11B1BE8-7D8A-4B23-AF7B-DB27A0BC9086}.Release|Any CPU.Build.0 = Release|Any CPU
		{F11B1BE8-7D8A-4B23-AF7B-DB27A0BC9086}.Release|x64.ActiveCfg = Release|Any CPU
		{F11B1BE8-7D8A-4B23-AF7B-DB27A0BC9086}.Release|x64.Build.0 = Release|Any CPU
		{D890DD88-58CD-4DC1-8664-38F273D74692}.Debug|Any CPU.ActiveCfg = Debug|Any CPU
		{D890DD88-58CD-4DC1-8664-38F273D74692}.Debug|Any CPU.Build.0 = Debug|Any CPU
		{D890DD88-58CD-4DC1-8664-38F273D74692}.Debug|x64.ActiveCfg = Debug|Any CPU
		{D890DD88-58CD-4DC1-8664-38F273D74692}.Debug|x64.Build.0 = Debug|Any CPU
		{D890DD88-58CD-4DC1-8664-38F273D74692}.Release|Any CPU.ActiveCfg = Release|Any CPU
		{D890DD88-58CD-4DC1-8664-38F273D74692}.Release|Any CPU.Build.0 = Release|Any CPU
		{D890DD88-58CD-4DC1-8664-38F273D74692}.Release|x64.ActiveCfg = Release|Any CPU
		{D890DD88-58CD-4DC1-8664-38F273D74692}.Release|x64.Build.0 = Release|Any CPU
		{01AD9E16-2249-4A46-9173-2EC727A6026E}.Debug|Any CPU.ActiveCfg = Debug|Any CPU
		{01AD9E16-2249-4A46-9173-2EC727A6026E}.Debug|Any CPU.Build.0 = Debug|Any CPU
		{01AD9E16-2249-4A46-9173-2EC727A6026E}.Debug|x64.ActiveCfg = Debug|Any CPU
		{01AD9E16-2249-4A46-9173-2EC727A6026E}.Debug|x64.Build.0 = Debug|Any CPU
		{01AD9E16-2249-4A46-9173-2EC727A6026E}.Release|Any CPU.ActiveCfg = Release|Any CPU
		{01AD9E16-2249-4A46-9173-2EC727A6026E}.Release|Any CPU.Build.0 = Release|Any CPU
		{01AD9E16-2249-4A46-9173-2EC727A6026E}.Release|x64.ActiveCfg = Release|Any CPU
		{01AD9E16-2249-4A46-9173-2EC727A6026E}.Release|x64.Build.0 = Release|Any CPU
		{78971780-E6B2-423B-B61D-7CAEFBB25282}.Debug|Any CPU.ActiveCfg = Debug|Any CPU
		{78971780-E6B2-423B-B61D-7CAEFBB25282}.Debug|Any CPU.Build.0 = Debug|Any CPU
		{78971780-E6B2-423B-B61D-7CAEFBB25282}.Debug|x64.ActiveCfg = Debug|Any CPU
		{78971780-E6B2-423B-B61D-7CAEFBB25282}.Debug|x64.Build.0 = Debug|Any CPU
		{78971780-E6B2-423B-B61D-7CAEFBB25282}.Release|Any CPU.ActiveCfg = Release|Any CPU
		{78971780-E6B2-423B-B61D-7CAEFBB25282}.Release|Any CPU.Build.0 = Release|Any CPU
		{78971780-E6B2-423B-B61D-7CAEFBB25282}.Release|x64.ActiveCfg = Release|Any CPU
		{78971780-E6B2-423B-B61D-7CAEFBB25282}.Release|x64.Build.0 = Release|Any CPU
		{04E002F8-468C-45E8-997B-332E5048BA31}.Debug|Any CPU.ActiveCfg = Debug|Any CPU
		{04E002F8-468C-45E8-997B-332E5048BA31}.Debug|Any CPU.Build.0 = Debug|Any CPU
		{04E002F8-468C-45E8-997B-332E5048BA31}.Debug|x64.ActiveCfg = Debug|Any CPU
		{04E002F8-468C-45E8-997B-332E5048BA31}.Debug|x64.Build.0 = Debug|Any CPU
		{04E002F8-468C-45E8-997B-332E5048BA31}.Release|Any CPU.ActiveCfg = Release|Any CPU
		{04E002F8-468C-45E8-997B-332E5048BA31}.Release|Any CPU.Build.0 = Release|Any CPU
		{04E002F8-468C-45E8-997B-332E5048BA31}.Release|x64.ActiveCfg = Release|Any CPU
		{04E002F8-468C-45E8-997B-332E5048BA31}.Release|x64.Build.0 = Release|Any CPU
		{E0131B1D-122D-49C7-8B8D-F4C61F22BDCF}.Debug|Any CPU.ActiveCfg = Debug|Any CPU
		{E0131B1D-122D-49C7-8B8D-F4C61F22BDCF}.Debug|Any CPU.Build.0 = Debug|Any CPU
		{E0131B1D-122D-49C7-8B8D-F4C61F22BDCF}.Debug|x64.ActiveCfg = Debug|Any CPU
		{E0131B1D-122D-49C7-8B8D-F4C61F22BDCF}.Debug|x64.Build.0 = Debug|Any CPU
		{E0131B1D-122D-49C7-8B8D-F4C61F22BDCF}.Release|Any CPU.ActiveCfg = Release|Any CPU
		{E0131B1D-122D-49C7-8B8D-F4C61F22BDCF}.Release|Any CPU.Build.0 = Release|Any CPU
		{E0131B1D-122D-49C7-8B8D-F4C61F22BDCF}.Release|x64.ActiveCfg = Release|Any CPU
		{E0131B1D-122D-49C7-8B8D-F4C61F22BDCF}.Release|x64.Build.0 = Release|Any CPU
		{7B010002-084B-4D1D-9B06-4EC70EC93CA2}.Debug|Any CPU.ActiveCfg = Debug|Any CPU
		{7B010002-084B-4D1D-9B06-4EC70EC93CA2}.Debug|Any CPU.Build.0 = Debug|Any CPU
		{7B010002-084B-4D1D-9B06-4EC70EC93CA2}.Debug|x64.ActiveCfg = Debug|Any CPU
		{7B010002-084B-4D1D-9B06-4EC70EC93CA2}.Debug|x64.Build.0 = Debug|Any CPU
		{7B010002-084B-4D1D-9B06-4EC70EC93CA2}.Release|Any CPU.ActiveCfg = Release|Any CPU
		{7B010002-084B-4D1D-9B06-4EC70EC93CA2}.Release|Any CPU.Build.0 = Release|Any CPU
		{7B010002-084B-4D1D-9B06-4EC70EC93CA2}.Release|x64.ActiveCfg = Release|Any CPU
		{7B010002-084B-4D1D-9B06-4EC70EC93CA2}.Release|x64.Build.0 = Release|Any CPU
		{F90E3A4D-8A73-4899-9F49-A756F58828F7}.Debug|Any CPU.ActiveCfg = Debug|Any CPU
		{F90E3A4D-8A73-4899-9F49-A756F58828F7}.Debug|Any CPU.Build.0 = Debug|Any CPU
		{F90E3A4D-8A73-4899-9F49-A756F58828F7}.Debug|x64.ActiveCfg = Debug|Any CPU
		{F90E3A4D-8A73-4899-9F49-A756F58828F7}.Debug|x64.Build.0 = Debug|Any CPU
		{F90E3A4D-8A73-4899-9F49-A756F58828F7}.Release|Any CPU.ActiveCfg = Release|Any CPU
		{F90E3A4D-8A73-4899-9F49-A756F58828F7}.Release|Any CPU.Build.0 = Release|Any CPU
		{F90E3A4D-8A73-4899-9F49-A756F58828F7}.Release|x64.ActiveCfg = Release|Any CPU
		{F90E3A4D-8A73-4899-9F49-A756F58828F7}.Release|x64.Build.0 = Release|Any CPU
		{77AFD455-9FD0-4087-8163-44BA03886670}.Debug|Any CPU.ActiveCfg = Debug|Any CPU
		{77AFD455-9FD0-4087-8163-44BA03886670}.Debug|Any CPU.Build.0 = Debug|Any CPU
		{77AFD455-9FD0-4087-8163-44BA03886670}.Debug|x64.ActiveCfg = Debug|Any CPU
		{77AFD455-9FD0-4087-8163-44BA03886670}.Debug|x64.Build.0 = Debug|Any CPU
		{77AFD455-9FD0-4087-8163-44BA03886670}.Release|Any CPU.ActiveCfg = Release|Any CPU
		{77AFD455-9FD0-4087-8163-44BA03886670}.Release|Any CPU.Build.0 = Release|Any CPU
		{77AFD455-9FD0-4087-8163-44BA03886670}.Release|x64.ActiveCfg = Release|Any CPU
		{77AFD455-9FD0-4087-8163-44BA03886670}.Release|x64.Build.0 = Release|Any CPU
		{3C8FFD95-66E8-41E5-B891-4B13D44942C3}.Debug|Any CPU.ActiveCfg = Debug|Any CPU
		{3C8FFD95-66E8-41E5-B891-4B13D44942C3}.Debug|Any CPU.Build.0 = Debug|Any CPU
		{3C8FFD95-66E8-41E5-B891-4B13D44942C3}.Debug|x64.ActiveCfg = Debug|Any CPU
		{3C8FFD95-66E8-41E5-B891-4B13D44942C3}.Debug|x64.Build.0 = Debug|Any CPU
		{3C8FFD95-66E8-41E5-B891-4B13D44942C3}.Release|Any CPU.ActiveCfg = Release|Any CPU
		{3C8FFD95-66E8-41E5-B891-4B13D44942C3}.Release|Any CPU.Build.0 = Release|Any CPU
		{3C8FFD95-66E8-41E5-B891-4B13D44942C3}.Release|x64.ActiveCfg = Release|Any CPU
		{3C8FFD95-66E8-41E5-B891-4B13D44942C3}.Release|x64.Build.0 = Release|Any CPU
		{FEC5F35A-CF6E-4F6B-B910-72949954BE82}.Debug|Any CPU.ActiveCfg = Debug|Any CPU
		{FEC5F35A-CF6E-4F6B-B910-72949954BE82}.Debug|Any CPU.Build.0 = Debug|Any CPU
		{FEC5F35A-CF6E-4F6B-B910-72949954BE82}.Debug|x64.ActiveCfg = Debug|Any CPU
		{FEC5F35A-CF6E-4F6B-B910-72949954BE82}.Debug|x64.Build.0 = Debug|Any CPU
		{FEC5F35A-CF6E-4F6B-B910-72949954BE82}.Release|Any CPU.ActiveCfg = Release|Any CPU
		{FEC5F35A-CF6E-4F6B-B910-72949954BE82}.Release|Any CPU.Build.0 = Release|Any CPU
		{FEC5F35A-CF6E-4F6B-B910-72949954BE82}.Release|x64.ActiveCfg = Release|Any CPU
		{FEC5F35A-CF6E-4F6B-B910-72949954BE82}.Release|x64.Build.0 = Release|Any CPU
		{68FF06EC-CEBD-4BA4-A536-6C09D9714066}.Debug|Any CPU.ActiveCfg = Debug|Any CPU
		{68FF06EC-CEBD-4BA4-A536-6C09D9714066}.Debug|Any CPU.Build.0 = Debug|Any CPU
		{68FF06EC-CEBD-4BA4-A536-6C09D9714066}.Debug|x64.ActiveCfg = Debug|Any CPU
		{68FF06EC-CEBD-4BA4-A536-6C09D9714066}.Debug|x64.Build.0 = Debug|Any CPU
		{68FF06EC-CEBD-4BA4-A536-6C09D9714066}.Release|Any CPU.ActiveCfg = Release|Any CPU
		{68FF06EC-CEBD-4BA4-A536-6C09D9714066}.Release|Any CPU.Build.0 = Release|Any CPU
		{68FF06EC-CEBD-4BA4-A536-6C09D9714066}.Release|x64.ActiveCfg = Release|Any CPU
		{68FF06EC-CEBD-4BA4-A536-6C09D9714066}.Release|x64.Build.0 = Release|Any CPU
		{5E36EAA4-15C4-4D04-973B-245AD8A59B97}.Debug|Any CPU.ActiveCfg = Debug|Any CPU
		{5E36EAA4-15C4-4D04-973B-245AD8A59B97}.Debug|Any CPU.Build.0 = Debug|Any CPU
		{5E36EAA4-15C4-4D04-973B-245AD8A59B97}.Debug|x64.ActiveCfg = Debug|Any CPU
		{5E36EAA4-15C4-4D04-973B-245AD8A59B97}.Debug|x64.Build.0 = Debug|Any CPU
		{5E36EAA4-15C4-4D04-973B-245AD8A59B97}.Release|Any CPU.ActiveCfg = Release|Any CPU
		{5E36EAA4-15C4-4D04-973B-245AD8A59B97}.Release|Any CPU.Build.0 = Release|Any CPU
		{5E36EAA4-15C4-4D04-973B-245AD8A59B97}.Release|x64.ActiveCfg = Release|Any CPU
		{5E36EAA4-15C4-4D04-973B-245AD8A59B97}.Release|x64.Build.0 = Release|Any CPU
		{9957F5FA-1E21-4D79-883E-88FFE3A7F01B}.Debug|Any CPU.ActiveCfg = Debug|Any CPU
		{9957F5FA-1E21-4D79-883E-88FFE3A7F01B}.Debug|Any CPU.Build.0 = Debug|Any CPU
		{9957F5FA-1E21-4D79-883E-88FFE3A7F01B}.Debug|x64.ActiveCfg = Debug|Any CPU
		{9957F5FA-1E21-4D79-883E-88FFE3A7F01B}.Debug|x64.Build.0 = Debug|Any CPU
		{9957F5FA-1E21-4D79-883E-88FFE3A7F01B}.Release|Any CPU.ActiveCfg = Release|Any CPU
		{9957F5FA-1E21-4D79-883E-88FFE3A7F01B}.Release|Any CPU.Build.0 = Release|Any CPU
		{9957F5FA-1E21-4D79-883E-88FFE3A7F01B}.Release|x64.ActiveCfg = Release|Any CPU
		{9957F5FA-1E21-4D79-883E-88FFE3A7F01B}.Release|x64.Build.0 = Release|Any CPU
		{77538348-8321-4978-842D-2D97CDEDECA6}.Debug|Any CPU.ActiveCfg = Debug|Any CPU
		{77538348-8321-4978-842D-2D97CDEDECA6}.Debug|Any CPU.Build.0 = Debug|Any CPU
		{77538348-8321-4978-842D-2D97CDEDECA6}.Debug|x64.ActiveCfg = Debug|Any CPU
		{77538348-8321-4978-842D-2D97CDEDECA6}.Debug|x64.Build.0 = Debug|Any CPU
		{77538348-8321-4978-842D-2D97CDEDECA6}.Release|Any CPU.ActiveCfg = Release|Any CPU
		{77538348-8321-4978-842D-2D97CDEDECA6}.Release|Any CPU.Build.0 = Release|Any CPU
		{77538348-8321-4978-842D-2D97CDEDECA6}.Release|x64.ActiveCfg = Release|Any CPU
		{77538348-8321-4978-842D-2D97CDEDECA6}.Release|x64.Build.0 = Release|Any CPU
		{1075BB0D-7DFC-440C-A790-51001BCF0725}.Debug|Any CPU.ActiveCfg = Debug|Any CPU
		{1075BB0D-7DFC-440C-A790-51001BCF0725}.Debug|Any CPU.Build.0 = Debug|Any CPU
		{1075BB0D-7DFC-440C-A790-51001BCF0725}.Debug|x64.ActiveCfg = Debug|Any CPU
		{1075BB0D-7DFC-440C-A790-51001BCF0725}.Debug|x64.Build.0 = Debug|Any CPU
		{1075BB0D-7DFC-440C-A790-51001BCF0725}.Release|Any CPU.ActiveCfg = Release|Any CPU
		{1075BB0D-7DFC-440C-A790-51001BCF0725}.Release|Any CPU.Build.0 = Release|Any CPU
		{1075BB0D-7DFC-440C-A790-51001BCF0725}.Release|x64.ActiveCfg = Release|Any CPU
		{1075BB0D-7DFC-440C-A790-51001BCF0725}.Release|x64.Build.0 = Release|Any CPU
		{8F9FEB99-4BFF-4581-8F7D-3058F2482BDF}.Debug|Any CPU.ActiveCfg = Debug|Any CPU
		{8F9FEB99-4BFF-4581-8F7D-3058F2482BDF}.Debug|Any CPU.Build.0 = Debug|Any CPU
		{8F9FEB99-4BFF-4581-8F7D-3058F2482BDF}.Debug|x64.ActiveCfg = Debug|x64
		{8F9FEB99-4BFF-4581-8F7D-3058F2482BDF}.Debug|x64.Build.0 = Debug|x64
		{8F9FEB99-4BFF-4581-8F7D-3058F2482BDF}.Release|Any CPU.ActiveCfg = Release|Any CPU
		{8F9FEB99-4BFF-4581-8F7D-3058F2482BDF}.Release|Any CPU.Build.0 = Release|Any CPU
		{8F9FEB99-4BFF-4581-8F7D-3058F2482BDF}.Release|x64.ActiveCfg = Release|x64
		{8F9FEB99-4BFF-4581-8F7D-3058F2482BDF}.Release|x64.Build.0 = Release|x64
		{5160FF91-1E3D-41B0-9CE7-2F233AB4BCFA}.Debug|Any CPU.ActiveCfg = Debug|Any CPU
		{5160FF91-1E3D-41B0-9CE7-2F233AB4BCFA}.Debug|Any CPU.Build.0 = Debug|Any CPU
		{5160FF91-1E3D-41B0-9CE7-2F233AB4BCFA}.Debug|x64.ActiveCfg = Debug|Any CPU
		{5160FF91-1E3D-41B0-9CE7-2F233AB4BCFA}.Debug|x64.Build.0 = Debug|Any CPU
		{5160FF91-1E3D-41B0-9CE7-2F233AB4BCFA}.Release|Any CPU.ActiveCfg = Release|Any CPU
		{5160FF91-1E3D-41B0-9CE7-2F233AB4BCFA}.Release|Any CPU.Build.0 = Release|Any CPU
		{5160FF91-1E3D-41B0-9CE7-2F233AB4BCFA}.Release|x64.ActiveCfg = Release|Any CPU
		{5160FF91-1E3D-41B0-9CE7-2F233AB4BCFA}.Release|x64.Build.0 = Release|Any CPU
		{A82D4F52-BDCD-4721-9363-09CCF4A3BB7A}.Debug|Any CPU.ActiveCfg = Debug|Any CPU
		{A82D4F52-BDCD-4721-9363-09CCF4A3BB7A}.Debug|Any CPU.Build.0 = Debug|Any CPU
		{A82D4F52-BDCD-4721-9363-09CCF4A3BB7A}.Debug|x64.ActiveCfg = Debug|Any CPU
		{A82D4F52-BDCD-4721-9363-09CCF4A3BB7A}.Debug|x64.Build.0 = Debug|Any CPU
		{A82D4F52-BDCD-4721-9363-09CCF4A3BB7A}.Release|Any CPU.ActiveCfg = Release|Any CPU
		{A82D4F52-BDCD-4721-9363-09CCF4A3BB7A}.Release|Any CPU.Build.0 = Release|Any CPU
		{A82D4F52-BDCD-4721-9363-09CCF4A3BB7A}.Release|x64.ActiveCfg = Release|Any CPU
		{A82D4F52-BDCD-4721-9363-09CCF4A3BB7A}.Release|x64.Build.0 = Release|Any CPU
		{10BC8626-1D94-4740-9ED3-9D1BD71857B7}.Debug|Any CPU.ActiveCfg = Debug|Any CPU
		{10BC8626-1D94-4740-9ED3-9D1BD71857B7}.Debug|Any CPU.Build.0 = Debug|Any CPU
		{10BC8626-1D94-4740-9ED3-9D1BD71857B7}.Debug|x64.ActiveCfg = Debug|Any CPU
		{10BC8626-1D94-4740-9ED3-9D1BD71857B7}.Debug|x64.Build.0 = Debug|Any CPU
		{10BC8626-1D94-4740-9ED3-9D1BD71857B7}.Release|Any CPU.ActiveCfg = Release|Any CPU
		{10BC8626-1D94-4740-9ED3-9D1BD71857B7}.Release|Any CPU.Build.0 = Release|Any CPU
		{10BC8626-1D94-4740-9ED3-9D1BD71857B7}.Release|x64.ActiveCfg = Release|Any CPU
		{10BC8626-1D94-4740-9ED3-9D1BD71857B7}.Release|x64.Build.0 = Release|Any CPU
		{B3944C41-5BB6-4CBC-9173-59D5E50F74A4}.Debug|Any CPU.ActiveCfg = Debug|Any CPU
		{B3944C41-5BB6-4CBC-9173-59D5E50F74A4}.Debug|Any CPU.Build.0 = Debug|Any CPU
		{B3944C41-5BB6-4CBC-9173-59D5E50F74A4}.Debug|x64.ActiveCfg = Debug|Any CPU
		{B3944C41-5BB6-4CBC-9173-59D5E50F74A4}.Debug|x64.Build.0 = Debug|Any CPU
		{B3944C41-5BB6-4CBC-9173-59D5E50F74A4}.Release|Any CPU.ActiveCfg = Release|Any CPU
		{B3944C41-5BB6-4CBC-9173-59D5E50F74A4}.Release|Any CPU.Build.0 = Release|Any CPU
		{B3944C41-5BB6-4CBC-9173-59D5E50F74A4}.Release|x64.ActiveCfg = Release|Any CPU
		{B3944C41-5BB6-4CBC-9173-59D5E50F74A4}.Release|x64.Build.0 = Release|Any CPU
		{E5ED18B7-1D13-441B-9B3E-55A65A147928}.Debug|Any CPU.ActiveCfg = Debug|Any CPU
		{E5ED18B7-1D13-441B-9B3E-55A65A147928}.Debug|Any CPU.Build.0 = Debug|Any CPU
		{E5ED18B7-1D13-441B-9B3E-55A65A147928}.Debug|x64.ActiveCfg = Debug|Any CPU
		{E5ED18B7-1D13-441B-9B3E-55A65A147928}.Debug|x64.Build.0 = Debug|Any CPU
		{E5ED18B7-1D13-441B-9B3E-55A65A147928}.Release|Any CPU.ActiveCfg = Release|Any CPU
		{E5ED18B7-1D13-441B-9B3E-55A65A147928}.Release|Any CPU.Build.0 = Release|Any CPU
		{E5ED18B7-1D13-441B-9B3E-55A65A147928}.Release|x64.ActiveCfg = Release|Any CPU
		{E5ED18B7-1D13-441B-9B3E-55A65A147928}.Release|x64.Build.0 = Release|Any CPU
		{ED609E9D-4942-4426-BAD1-8DE67D23385A}.Debug|Any CPU.ActiveCfg = Debug|Any CPU
		{ED609E9D-4942-4426-BAD1-8DE67D23385A}.Debug|Any CPU.Build.0 = Debug|Any CPU
		{ED609E9D-4942-4426-BAD1-8DE67D23385A}.Debug|x64.ActiveCfg = Debug|Any CPU
		{ED609E9D-4942-4426-BAD1-8DE67D23385A}.Debug|x64.Build.0 = Debug|Any CPU
		{ED609E9D-4942-4426-BAD1-8DE67D23385A}.Release|Any CPU.ActiveCfg = Release|Any CPU
		{ED609E9D-4942-4426-BAD1-8DE67D23385A}.Release|Any CPU.Build.0 = Release|Any CPU
		{ED609E9D-4942-4426-BAD1-8DE67D23385A}.Release|x64.ActiveCfg = Release|Any CPU
		{ED609E9D-4942-4426-BAD1-8DE67D23385A}.Release|x64.Build.0 = Release|Any CPU
		{FA5C7709-9CB5-4747-9302-1F108F9A3CAF}.Debug|Any CPU.ActiveCfg = Debug|Any CPU
		{FA5C7709-9CB5-4747-9302-1F108F9A3CAF}.Debug|Any CPU.Build.0 = Debug|Any CPU
		{FA5C7709-9CB5-4747-9302-1F108F9A3CAF}.Debug|x64.ActiveCfg = Debug|Any CPU
		{FA5C7709-9CB5-4747-9302-1F108F9A3CAF}.Debug|x64.Build.0 = Debug|Any CPU
		{FA5C7709-9CB5-4747-9302-1F108F9A3CAF}.Release|Any CPU.ActiveCfg = Release|Any CPU
		{FA5C7709-9CB5-4747-9302-1F108F9A3CAF}.Release|Any CPU.Build.0 = Release|Any CPU
		{FA5C7709-9CB5-4747-9302-1F108F9A3CAF}.Release|x64.ActiveCfg = Release|Any CPU
		{FA5C7709-9CB5-4747-9302-1F108F9A3CAF}.Release|x64.Build.0 = Release|Any CPU
		{58919130-D4FD-4346-A2DF-B5728201DA86}.Debug|Any CPU.ActiveCfg = Debug|Any CPU
		{58919130-D4FD-4346-A2DF-B5728201DA86}.Debug|Any CPU.Build.0 = Debug|Any CPU
		{58919130-D4FD-4346-A2DF-B5728201DA86}.Debug|x64.ActiveCfg = Debug|Any CPU
		{58919130-D4FD-4346-A2DF-B5728201DA86}.Debug|x64.Build.0 = Debug|Any CPU
		{58919130-D4FD-4346-A2DF-B5728201DA86}.Release|Any CPU.ActiveCfg = Release|Any CPU
		{58919130-D4FD-4346-A2DF-B5728201DA86}.Release|Any CPU.Build.0 = Release|Any CPU
		{58919130-D4FD-4346-A2DF-B5728201DA86}.Release|x64.ActiveCfg = Release|Any CPU
		{58919130-D4FD-4346-A2DF-B5728201DA86}.Release|x64.Build.0 = Release|Any CPU
		{95E1C61E-50FF-4AB8-816E-115DC4C53BA4}.Debug|Any CPU.ActiveCfg = Debug|Any CPU
		{95E1C61E-50FF-4AB8-816E-115DC4C53BA4}.Debug|Any CPU.Build.0 = Debug|Any CPU
		{95E1C61E-50FF-4AB8-816E-115DC4C53BA4}.Debug|x64.ActiveCfg = Debug|Any CPU
		{95E1C61E-50FF-4AB8-816E-115DC4C53BA4}.Debug|x64.Build.0 = Debug|Any CPU
		{95E1C61E-50FF-4AB8-816E-115DC4C53BA4}.Release|Any CPU.ActiveCfg = Release|Any CPU
		{95E1C61E-50FF-4AB8-816E-115DC4C53BA4}.Release|Any CPU.Build.0 = Release|Any CPU
		{95E1C61E-50FF-4AB8-816E-115DC4C53BA4}.Release|x64.ActiveCfg = Release|Any CPU
		{95E1C61E-50FF-4AB8-816E-115DC4C53BA4}.Release|x64.Build.0 = Release|Any CPU
		{979336A1-9EBC-4DAA-A124-90A099D0F842}.Debug|Any CPU.ActiveCfg = Debug|Any CPU
		{979336A1-9EBC-4DAA-A124-90A099D0F842}.Debug|Any CPU.Build.0 = Debug|Any CPU
		{979336A1-9EBC-4DAA-A124-90A099D0F842}.Debug|x64.ActiveCfg = Debug|Any CPU
		{979336A1-9EBC-4DAA-A124-90A099D0F842}.Debug|x64.Build.0 = Debug|Any CPU
		{979336A1-9EBC-4DAA-A124-90A099D0F842}.Release|Any CPU.ActiveCfg = Release|Any CPU
		{979336A1-9EBC-4DAA-A124-90A099D0F842}.Release|Any CPU.Build.0 = Release|Any CPU
		{979336A1-9EBC-4DAA-A124-90A099D0F842}.Release|x64.ActiveCfg = Release|Any CPU
		{979336A1-9EBC-4DAA-A124-90A099D0F842}.Release|x64.Build.0 = Release|Any CPU
		{49494582-8D72-43BB-A4F4-75DD1C7B0416}.Debug|Any CPU.ActiveCfg = Debug|Any CPU
		{49494582-8D72-43BB-A4F4-75DD1C7B0416}.Debug|Any CPU.Build.0 = Debug|Any CPU
		{49494582-8D72-43BB-A4F4-75DD1C7B0416}.Debug|x64.ActiveCfg = Debug|Any CPU
		{49494582-8D72-43BB-A4F4-75DD1C7B0416}.Debug|x64.Build.0 = Debug|Any CPU
		{49494582-8D72-43BB-A4F4-75DD1C7B0416}.Release|Any CPU.ActiveCfg = Release|Any CPU
		{49494582-8D72-43BB-A4F4-75DD1C7B0416}.Release|Any CPU.Build.0 = Release|Any CPU
		{49494582-8D72-43BB-A4F4-75DD1C7B0416}.Release|x64.ActiveCfg = Release|Any CPU
		{49494582-8D72-43BB-A4F4-75DD1C7B0416}.Release|x64.Build.0 = Release|Any CPU
		{140DBA1C-9780-4E5E-B6EA-7CA0096FAFC1}.Debug|Any CPU.ActiveCfg = Debug|Any CPU
		{140DBA1C-9780-4E5E-B6EA-7CA0096FAFC1}.Debug|Any CPU.Build.0 = Debug|Any CPU
		{140DBA1C-9780-4E5E-B6EA-7CA0096FAFC1}.Debug|x64.ActiveCfg = Debug|Any CPU
		{140DBA1C-9780-4E5E-B6EA-7CA0096FAFC1}.Debug|x64.Build.0 = Debug|Any CPU
		{140DBA1C-9780-4E5E-B6EA-7CA0096FAFC1}.Release|Any CPU.ActiveCfg = Release|Any CPU
		{140DBA1C-9780-4E5E-B6EA-7CA0096FAFC1}.Release|Any CPU.Build.0 = Release|Any CPU
		{140DBA1C-9780-4E5E-B6EA-7CA0096FAFC1}.Release|x64.ActiveCfg = Release|Any CPU
		{140DBA1C-9780-4E5E-B6EA-7CA0096FAFC1}.Release|x64.Build.0 = Release|Any CPU
		{D04F00D1-C054-41C1-808C-B652B221E74B}.Debug|Any CPU.ActiveCfg = Debug|Any CPU
		{D04F00D1-C054-41C1-808C-B652B221E74B}.Debug|Any CPU.Build.0 = Debug|Any CPU
		{D04F00D1-C054-41C1-808C-B652B221E74B}.Debug|x64.ActiveCfg = Debug|Any CPU
		{D04F00D1-C054-41C1-808C-B652B221E74B}.Debug|x64.Build.0 = Debug|Any CPU
		{D04F00D1-C054-41C1-808C-B652B221E74B}.Release|Any CPU.ActiveCfg = Release|Any CPU
		{D04F00D1-C054-41C1-808C-B652B221E74B}.Release|Any CPU.Build.0 = Release|Any CPU
		{D04F00D1-C054-41C1-808C-B652B221E74B}.Release|x64.ActiveCfg = Release|Any CPU
		{D04F00D1-C054-41C1-808C-B652B221E74B}.Release|x64.Build.0 = Release|Any CPU
		{0D117D2F-1812-437A-A984-451E2073A352}.Debug|Any CPU.ActiveCfg = Debug|Any CPU
		{0D117D2F-1812-437A-A984-451E2073A352}.Debug|Any CPU.Build.0 = Debug|Any CPU
		{0D117D2F-1812-437A-A984-451E2073A352}.Debug|x64.ActiveCfg = Debug|Any CPU
		{0D117D2F-1812-437A-A984-451E2073A352}.Debug|x64.Build.0 = Debug|Any CPU
		{0D117D2F-1812-437A-A984-451E2073A352}.Release|Any CPU.ActiveCfg = Release|Any CPU
		{0D117D2F-1812-437A-A984-451E2073A352}.Release|Any CPU.Build.0 = Release|Any CPU
		{0D117D2F-1812-437A-A984-451E2073A352}.Release|x64.ActiveCfg = Release|Any CPU
		{0D117D2F-1812-437A-A984-451E2073A352}.Release|x64.Build.0 = Release|Any CPU
		{4DF95582-C3B4-412A-A845-79CD9DF5C87A}.Debug|Any CPU.ActiveCfg = Debug|Any CPU
		{4DF95582-C3B4-412A-A845-79CD9DF5C87A}.Debug|Any CPU.Build.0 = Debug|Any CPU
		{4DF95582-C3B4-412A-A845-79CD9DF5C87A}.Debug|x64.ActiveCfg = Debug|Any CPU
		{4DF95582-C3B4-412A-A845-79CD9DF5C87A}.Debug|x64.Build.0 = Debug|Any CPU
		{4DF95582-C3B4-412A-A845-79CD9DF5C87A}.Release|Any CPU.ActiveCfg = Release|Any CPU
		{4DF95582-C3B4-412A-A845-79CD9DF5C87A}.Release|Any CPU.Build.0 = Release|Any CPU
		{4DF95582-C3B4-412A-A845-79CD9DF5C87A}.Release|x64.ActiveCfg = Release|Any CPU
		{4DF95582-C3B4-412A-A845-79CD9DF5C87A}.Release|x64.Build.0 = Release|Any CPU
		{C8B966F0-9FA2-4F1A-BCBA-F2137D33D62C}.Debug|Any CPU.ActiveCfg = Debug|Any CPU
		{C8B966F0-9FA2-4F1A-BCBA-F2137D33D62C}.Debug|Any CPU.Build.0 = Debug|Any CPU
		{C8B966F0-9FA2-4F1A-BCBA-F2137D33D62C}.Debug|x64.ActiveCfg = Debug|Any CPU
		{C8B966F0-9FA2-4F1A-BCBA-F2137D33D62C}.Debug|x64.Build.0 = Debug|Any CPU
		{C8B966F0-9FA2-4F1A-BCBA-F2137D33D62C}.Release|Any CPU.ActiveCfg = Release|Any CPU
		{C8B966F0-9FA2-4F1A-BCBA-F2137D33D62C}.Release|Any CPU.Build.0 = Release|Any CPU
		{C8B966F0-9FA2-4F1A-BCBA-F2137D33D62C}.Release|x64.ActiveCfg = Release|Any CPU
		{C8B966F0-9FA2-4F1A-BCBA-F2137D33D62C}.Release|x64.Build.0 = Release|Any CPU
		{20C2DCD8-4B3B-4864-99C8-5F9EC045CD8F}.Debug|Any CPU.ActiveCfg = Debug|Any CPU
		{20C2DCD8-4B3B-4864-99C8-5F9EC045CD8F}.Debug|Any CPU.Build.0 = Debug|Any CPU
		{20C2DCD8-4B3B-4864-99C8-5F9EC045CD8F}.Debug|x64.ActiveCfg = Debug|Any CPU
		{20C2DCD8-4B3B-4864-99C8-5F9EC045CD8F}.Debug|x64.Build.0 = Debug|Any CPU
		{20C2DCD8-4B3B-4864-99C8-5F9EC045CD8F}.Release|Any CPU.ActiveCfg = Release|Any CPU
		{20C2DCD8-4B3B-4864-99C8-5F9EC045CD8F}.Release|Any CPU.Build.0 = Release|Any CPU
		{20C2DCD8-4B3B-4864-99C8-5F9EC045CD8F}.Release|x64.ActiveCfg = Release|Any CPU
		{20C2DCD8-4B3B-4864-99C8-5F9EC045CD8F}.Release|x64.Build.0 = Release|Any CPU
		{6240B9D4-40BC-4356-B32C-AA77905B9E7E}.Debug|Any CPU.ActiveCfg = Debug|Any CPU
		{6240B9D4-40BC-4356-B32C-AA77905B9E7E}.Debug|Any CPU.Build.0 = Debug|Any CPU
		{6240B9D4-40BC-4356-B32C-AA77905B9E7E}.Debug|x64.ActiveCfg = Debug|Any CPU
		{6240B9D4-40BC-4356-B32C-AA77905B9E7E}.Debug|x64.Build.0 = Debug|Any CPU
		{6240B9D4-40BC-4356-B32C-AA77905B9E7E}.Release|Any CPU.ActiveCfg = Release|Any CPU
		{6240B9D4-40BC-4356-B32C-AA77905B9E7E}.Release|Any CPU.Build.0 = Release|Any CPU
		{6240B9D4-40BC-4356-B32C-AA77905B9E7E}.Release|x64.ActiveCfg = Release|Any CPU
		{6240B9D4-40BC-4356-B32C-AA77905B9E7E}.Release|x64.Build.0 = Release|Any CPU
		{CB46F0D0-C5CF-4B22-B112-33A14AB200DD}.Debug|Any CPU.ActiveCfg = Debug|Any CPU
		{CB46F0D0-C5CF-4B22-B112-33A14AB200DD}.Debug|Any CPU.Build.0 = Debug|Any CPU
		{CB46F0D0-C5CF-4B22-B112-33A14AB200DD}.Debug|x64.ActiveCfg = Debug|Any CPU
		{CB46F0D0-C5CF-4B22-B112-33A14AB200DD}.Debug|x64.Build.0 = Debug|Any CPU
		{CB46F0D0-C5CF-4B22-B112-33A14AB200DD}.Release|Any CPU.ActiveCfg = Release|Any CPU
		{CB46F0D0-C5CF-4B22-B112-33A14AB200DD}.Release|Any CPU.Build.0 = Release|Any CPU
		{CB46F0D0-C5CF-4B22-B112-33A14AB200DD}.Release|x64.ActiveCfg = Release|Any CPU
		{CB46F0D0-C5CF-4B22-B112-33A14AB200DD}.Release|x64.Build.0 = Release|Any CPU
		{EA8997FB-1150-4222-8BF5-2C98C71A2B47}.Debug|Any CPU.ActiveCfg = Debug|Any CPU
		{EA8997FB-1150-4222-8BF5-2C98C71A2B47}.Debug|Any CPU.Build.0 = Debug|Any CPU
		{EA8997FB-1150-4222-8BF5-2C98C71A2B47}.Debug|x64.ActiveCfg = Debug|Any CPU
		{EA8997FB-1150-4222-8BF5-2C98C71A2B47}.Debug|x64.Build.0 = Debug|Any CPU
		{EA8997FB-1150-4222-8BF5-2C98C71A2B47}.Release|Any CPU.ActiveCfg = Release|Any CPU
		{EA8997FB-1150-4222-8BF5-2C98C71A2B47}.Release|Any CPU.Build.0 = Release|Any CPU
		{EA8997FB-1150-4222-8BF5-2C98C71A2B47}.Release|x64.ActiveCfg = Release|Any CPU
		{EA8997FB-1150-4222-8BF5-2C98C71A2B47}.Release|x64.Build.0 = Release|Any CPU
		{6FD6118A-19B7-4675-BF34-7972F8399D71}.Debug|Any CPU.ActiveCfg = Debug|Any CPU
		{6FD6118A-19B7-4675-BF34-7972F8399D71}.Debug|Any CPU.Build.0 = Debug|Any CPU
		{6FD6118A-19B7-4675-BF34-7972F8399D71}.Debug|x64.ActiveCfg = Debug|Any CPU
		{6FD6118A-19B7-4675-BF34-7972F8399D71}.Debug|x64.Build.0 = Debug|Any CPU
		{6FD6118A-19B7-4675-BF34-7972F8399D71}.Release|Any CPU.ActiveCfg = Release|Any CPU
		{6FD6118A-19B7-4675-BF34-7972F8399D71}.Release|Any CPU.Build.0 = Release|Any CPU
		{6FD6118A-19B7-4675-BF34-7972F8399D71}.Release|x64.ActiveCfg = Release|Any CPU
		{6FD6118A-19B7-4675-BF34-7972F8399D71}.Release|x64.Build.0 = Release|Any CPU
		{10D9CDC6-ADCF-48F8-807E-1B31BEF9EB32}.Debug|Any CPU.ActiveCfg = Debug|Any CPU
		{10D9CDC6-ADCF-48F8-807E-1B31BEF9EB32}.Debug|Any CPU.Build.0 = Debug|Any CPU
		{10D9CDC6-ADCF-48F8-807E-1B31BEF9EB32}.Debug|x64.ActiveCfg = Debug|Any CPU
		{10D9CDC6-ADCF-48F8-807E-1B31BEF9EB32}.Debug|x64.Build.0 = Debug|Any CPU
		{10D9CDC6-ADCF-48F8-807E-1B31BEF9EB32}.Release|Any CPU.ActiveCfg = Release|Any CPU
		{10D9CDC6-ADCF-48F8-807E-1B31BEF9EB32}.Release|Any CPU.Build.0 = Release|Any CPU
		{10D9CDC6-ADCF-48F8-807E-1B31BEF9EB32}.Release|x64.ActiveCfg = Release|Any CPU
		{10D9CDC6-ADCF-48F8-807E-1B31BEF9EB32}.Release|x64.Build.0 = Release|Any CPU
		{A4D020D4-C6EA-4067-A19F-6A64C30A5021}.Debug|Any CPU.ActiveCfg = Debug|Any CPU
		{A4D020D4-C6EA-4067-A19F-6A64C30A5021}.Debug|Any CPU.Build.0 = Debug|Any CPU
		{A4D020D4-C6EA-4067-A19F-6A64C30A5021}.Debug|x64.ActiveCfg = Debug|Any CPU
		{A4D020D4-C6EA-4067-A19F-6A64C30A5021}.Debug|x64.Build.0 = Debug|Any CPU
		{A4D020D4-C6EA-4067-A19F-6A64C30A5021}.Release|Any CPU.ActiveCfg = Release|Any CPU
		{A4D020D4-C6EA-4067-A19F-6A64C30A5021}.Release|Any CPU.Build.0 = Release|Any CPU
		{A4D020D4-C6EA-4067-A19F-6A64C30A5021}.Release|x64.ActiveCfg = Release|Any CPU
		{A4D020D4-C6EA-4067-A19F-6A64C30A5021}.Release|x64.Build.0 = Release|Any CPU
		{FAEABC8E-55FD-4D3E-9759-83D0FB94C9FB}.Debug|Any CPU.ActiveCfg = Debug|Any CPU
		{FAEABC8E-55FD-4D3E-9759-83D0FB94C9FB}.Debug|Any CPU.Build.0 = Debug|Any CPU
		{FAEABC8E-55FD-4D3E-9759-83D0FB94C9FB}.Debug|x64.ActiveCfg = Debug|Any CPU
		{FAEABC8E-55FD-4D3E-9759-83D0FB94C9FB}.Debug|x64.Build.0 = Debug|Any CPU
		{FAEABC8E-55FD-4D3E-9759-83D0FB94C9FB}.Release|Any CPU.ActiveCfg = Release|Any CPU
		{FAEABC8E-55FD-4D3E-9759-83D0FB94C9FB}.Release|Any CPU.Build.0 = Release|Any CPU
		{FAEABC8E-55FD-4D3E-9759-83D0FB94C9FB}.Release|x64.ActiveCfg = Release|Any CPU
		{FAEABC8E-55FD-4D3E-9759-83D0FB94C9FB}.Release|x64.Build.0 = Release|Any CPU
		{84636D73-D607-441C-B069-B4C6E06A0B75}.Debug|Any CPU.ActiveCfg = Debug|Any CPU
		{84636D73-D607-441C-B069-B4C6E06A0B75}.Debug|Any CPU.Build.0 = Debug|Any CPU
		{84636D73-D607-441C-B069-B4C6E06A0B75}.Debug|x64.ActiveCfg = Debug|Any CPU
		{84636D73-D607-441C-B069-B4C6E06A0B75}.Debug|x64.Build.0 = Debug|Any CPU
		{84636D73-D607-441C-B069-B4C6E06A0B75}.Release|Any CPU.ActiveCfg = Release|Any CPU
		{84636D73-D607-441C-B069-B4C6E06A0B75}.Release|Any CPU.Build.0 = Release|Any CPU
		{84636D73-D607-441C-B069-B4C6E06A0B75}.Release|x64.ActiveCfg = Release|Any CPU
		{84636D73-D607-441C-B069-B4C6E06A0B75}.Release|x64.Build.0 = Release|Any CPU
		{B2C2CDD4-875A-4E29-8BFF-1FAA93E65E13}.Debug|Any CPU.ActiveCfg = Debug|Any CPU
		{B2C2CDD4-875A-4E29-8BFF-1FAA93E65E13}.Debug|Any CPU.Build.0 = Debug|Any CPU
		{B2C2CDD4-875A-4E29-8BFF-1FAA93E65E13}.Debug|x64.ActiveCfg = Debug|Any CPU
		{B2C2CDD4-875A-4E29-8BFF-1FAA93E65E13}.Debug|x64.Build.0 = Debug|Any CPU
		{B2C2CDD4-875A-4E29-8BFF-1FAA93E65E13}.Release|Any CPU.ActiveCfg = Release|Any CPU
		{B2C2CDD4-875A-4E29-8BFF-1FAA93E65E13}.Release|Any CPU.Build.0 = Release|Any CPU
		{B2C2CDD4-875A-4E29-8BFF-1FAA93E65E13}.Release|x64.ActiveCfg = Release|Any CPU
		{B2C2CDD4-875A-4E29-8BFF-1FAA93E65E13}.Release|x64.Build.0 = Release|Any CPU
		{D3C3BB05-095C-4F39-97C3-17E70D0D1773}.Debug|Any CPU.ActiveCfg = Debug|Any CPU
		{D3C3BB05-095C-4F39-97C3-17E70D0D1773}.Debug|Any CPU.Build.0 = Debug|Any CPU
		{D3C3BB05-095C-4F39-97C3-17E70D0D1773}.Debug|x64.ActiveCfg = Debug|Any CPU
		{D3C3BB05-095C-4F39-97C3-17E70D0D1773}.Debug|x64.Build.0 = Debug|Any CPU
		{D3C3BB05-095C-4F39-97C3-17E70D0D1773}.Release|Any CPU.ActiveCfg = Release|Any CPU
		{D3C3BB05-095C-4F39-97C3-17E70D0D1773}.Release|Any CPU.Build.0 = Release|Any CPU
		{D3C3BB05-095C-4F39-97C3-17E70D0D1773}.Release|x64.ActiveCfg = Release|Any CPU
		{D3C3BB05-095C-4F39-97C3-17E70D0D1773}.Release|x64.Build.0 = Release|Any CPU
		{CA224AB6-1F65-42D0-8F38-BB4721EFA5A3}.Debug|Any CPU.ActiveCfg = Debug|Any CPU
		{CA224AB6-1F65-42D0-8F38-BB4721EFA5A3}.Debug|Any CPU.Build.0 = Debug|Any CPU
		{CA224AB6-1F65-42D0-8F38-BB4721EFA5A3}.Debug|x64.ActiveCfg = Debug|Any CPU
		{CA224AB6-1F65-42D0-8F38-BB4721EFA5A3}.Debug|x64.Build.0 = Debug|Any CPU
		{CA224AB6-1F65-42D0-8F38-BB4721EFA5A3}.Release|Any CPU.ActiveCfg = Release|Any CPU
		{CA224AB6-1F65-42D0-8F38-BB4721EFA5A3}.Release|Any CPU.Build.0 = Release|Any CPU
		{CA224AB6-1F65-42D0-8F38-BB4721EFA5A3}.Release|x64.ActiveCfg = Release|Any CPU
		{CA224AB6-1F65-42D0-8F38-BB4721EFA5A3}.Release|x64.Build.0 = Release|Any CPU
		{E740AE66-7162-4355-87B1-CB706774931A}.Debug|Any CPU.ActiveCfg = Debug|Any CPU
		{E740AE66-7162-4355-87B1-CB706774931A}.Debug|Any CPU.Build.0 = Debug|Any CPU
		{E740AE66-7162-4355-87B1-CB706774931A}.Debug|x64.ActiveCfg = Debug|Any CPU
		{E740AE66-7162-4355-87B1-CB706774931A}.Debug|x64.Build.0 = Debug|Any CPU
		{E740AE66-7162-4355-87B1-CB706774931A}.Release|Any CPU.ActiveCfg = Release|Any CPU
		{E740AE66-7162-4355-87B1-CB706774931A}.Release|Any CPU.Build.0 = Release|Any CPU
		{E740AE66-7162-4355-87B1-CB706774931A}.Release|x64.ActiveCfg = Release|Any CPU
		{E740AE66-7162-4355-87B1-CB706774931A}.Release|x64.Build.0 = Release|Any CPU
		{2678B2D7-4EEB-4945-8F77-6D0ADD3A8B48}.Debug|Any CPU.ActiveCfg = Debug|Any CPU
		{2678B2D7-4EEB-4945-8F77-6D0ADD3A8B48}.Debug|Any CPU.Build.0 = Debug|Any CPU
		{2678B2D7-4EEB-4945-8F77-6D0ADD3A8B48}.Debug|x64.ActiveCfg = Debug|Any CPU
		{2678B2D7-4EEB-4945-8F77-6D0ADD3A8B48}.Debug|x64.Build.0 = Debug|Any CPU
		{2678B2D7-4EEB-4945-8F77-6D0ADD3A8B48}.Release|Any CPU.ActiveCfg = Release|Any CPU
		{2678B2D7-4EEB-4945-8F77-6D0ADD3A8B48}.Release|Any CPU.Build.0 = Release|Any CPU
		{2678B2D7-4EEB-4945-8F77-6D0ADD3A8B48}.Release|x64.ActiveCfg = Release|Any CPU
		{2678B2D7-4EEB-4945-8F77-6D0ADD3A8B48}.Release|x64.Build.0 = Release|Any CPU
		{805C4EFA-6E19-43FE-92EE-ECEC9E93F681}.Debug|Any CPU.ActiveCfg = Debug|Any CPU
		{805C4EFA-6E19-43FE-92EE-ECEC9E93F681}.Debug|Any CPU.Build.0 = Debug|Any CPU
		{805C4EFA-6E19-43FE-92EE-ECEC9E93F681}.Debug|x64.ActiveCfg = Debug|Any CPU
		{805C4EFA-6E19-43FE-92EE-ECEC9E93F681}.Debug|x64.Build.0 = Debug|Any CPU
		{805C4EFA-6E19-43FE-92EE-ECEC9E93F681}.Release|Any CPU.ActiveCfg = Release|Any CPU
		{805C4EFA-6E19-43FE-92EE-ECEC9E93F681}.Release|Any CPU.Build.0 = Release|Any CPU
		{805C4EFA-6E19-43FE-92EE-ECEC9E93F681}.Release|x64.ActiveCfg = Release|Any CPU
		{805C4EFA-6E19-43FE-92EE-ECEC9E93F681}.Release|x64.Build.0 = Release|Any CPU
		{34A98FF2-8496-4270-BB94-0E6CA6459ACF}.Debug|Any CPU.ActiveCfg = Debug|Any CPU
		{34A98FF2-8496-4270-BB94-0E6CA6459ACF}.Debug|Any CPU.Build.0 = Debug|Any CPU
		{34A98FF2-8496-4270-BB94-0E6CA6459ACF}.Debug|x64.ActiveCfg = Debug|Any CPU
		{34A98FF2-8496-4270-BB94-0E6CA6459ACF}.Debug|x64.Build.0 = Debug|Any CPU
		{34A98FF2-8496-4270-BB94-0E6CA6459ACF}.Release|Any CPU.ActiveCfg = Release|Any CPU
		{34A98FF2-8496-4270-BB94-0E6CA6459ACF}.Release|Any CPU.Build.0 = Release|Any CPU
		{34A98FF2-8496-4270-BB94-0E6CA6459ACF}.Release|x64.ActiveCfg = Release|Any CPU
		{34A98FF2-8496-4270-BB94-0E6CA6459ACF}.Release|x64.Build.0 = Release|Any CPU
		{44127EB3-6E77-4A29-B21F-EE087CC946C3}.Debug|Any CPU.ActiveCfg = Debug|Any CPU
		{44127EB3-6E77-4A29-B21F-EE087CC946C3}.Debug|Any CPU.Build.0 = Debug|Any CPU
		{44127EB3-6E77-4A29-B21F-EE087CC946C3}.Debug|x64.ActiveCfg = Debug|Any CPU
		{44127EB3-6E77-4A29-B21F-EE087CC946C3}.Debug|x64.Build.0 = Debug|Any CPU
		{44127EB3-6E77-4A29-B21F-EE087CC946C3}.Release|Any CPU.ActiveCfg = Release|Any CPU
		{44127EB3-6E77-4A29-B21F-EE087CC946C3}.Release|Any CPU.Build.0 = Release|Any CPU
		{44127EB3-6E77-4A29-B21F-EE087CC946C3}.Release|x64.ActiveCfg = Release|Any CPU
		{44127EB3-6E77-4A29-B21F-EE087CC946C3}.Release|x64.Build.0 = Release|Any CPU
		{97D0200C-87E0-4720-AA90-1C65C32D36A7}.Debug|Any CPU.ActiveCfg = Debug|Any CPU
		{97D0200C-87E0-4720-AA90-1C65C32D36A7}.Debug|Any CPU.Build.0 = Debug|Any CPU
		{97D0200C-87E0-4720-AA90-1C65C32D36A7}.Debug|x64.ActiveCfg = Debug|Any CPU
		{97D0200C-87E0-4720-AA90-1C65C32D36A7}.Debug|x64.Build.0 = Debug|Any CPU
		{97D0200C-87E0-4720-AA90-1C65C32D36A7}.Release|Any CPU.ActiveCfg = Release|Any CPU
		{97D0200C-87E0-4720-AA90-1C65C32D36A7}.Release|Any CPU.Build.0 = Release|Any CPU
		{97D0200C-87E0-4720-AA90-1C65C32D36A7}.Release|x64.ActiveCfg = Release|Any CPU
		{97D0200C-87E0-4720-AA90-1C65C32D36A7}.Release|x64.Build.0 = Release|Any CPU
		{150FF859-A3D0-4643-87B9-E1C8FA0AF0CA}.Debug|Any CPU.ActiveCfg = Debug|Any CPU
		{150FF859-A3D0-4643-87B9-E1C8FA0AF0CA}.Debug|Any CPU.Build.0 = Debug|Any CPU
		{150FF859-A3D0-4643-87B9-E1C8FA0AF0CA}.Debug|x64.ActiveCfg = Debug|Any CPU
		{150FF859-A3D0-4643-87B9-E1C8FA0AF0CA}.Debug|x64.Build.0 = Debug|Any CPU
		{150FF859-A3D0-4643-87B9-E1C8FA0AF0CA}.Release|Any CPU.ActiveCfg = Release|Any CPU
		{150FF859-A3D0-4643-87B9-E1C8FA0AF0CA}.Release|Any CPU.Build.0 = Release|Any CPU
		{150FF859-A3D0-4643-87B9-E1C8FA0AF0CA}.Release|x64.ActiveCfg = Release|Any CPU
		{150FF859-A3D0-4643-87B9-E1C8FA0AF0CA}.Release|x64.Build.0 = Release|Any CPU
		{9DB41767-A9D9-477B-A86E-4B0FBE0EFC60}.Debug|Any CPU.ActiveCfg = Debug|Any CPU
		{9DB41767-A9D9-477B-A86E-4B0FBE0EFC60}.Debug|Any CPU.Build.0 = Debug|Any CPU
		{9DB41767-A9D9-477B-A86E-4B0FBE0EFC60}.Debug|x64.ActiveCfg = Debug|Any CPU
		{9DB41767-A9D9-477B-A86E-4B0FBE0EFC60}.Debug|x64.Build.0 = Debug|Any CPU
		{9DB41767-A9D9-477B-A86E-4B0FBE0EFC60}.Release|Any CPU.ActiveCfg = Release|Any CPU
		{9DB41767-A9D9-477B-A86E-4B0FBE0EFC60}.Release|Any CPU.Build.0 = Release|Any CPU
		{9DB41767-A9D9-477B-A86E-4B0FBE0EFC60}.Release|x64.ActiveCfg = Release|Any CPU
		{9DB41767-A9D9-477B-A86E-4B0FBE0EFC60}.Release|x64.Build.0 = Release|Any CPU
		{8C040A69-F7E9-4D59-85C8-4C6B69C97D86}.Debug|Any CPU.ActiveCfg = Debug|Any CPU
		{8C040A69-F7E9-4D59-85C8-4C6B69C97D86}.Debug|Any CPU.Build.0 = Debug|Any CPU
		{8C040A69-F7E9-4D59-85C8-4C6B69C97D86}.Debug|x64.ActiveCfg = Debug|Any CPU
		{8C040A69-F7E9-4D59-85C8-4C6B69C97D86}.Debug|x64.Build.0 = Debug|Any CPU
		{8C040A69-F7E9-4D59-85C8-4C6B69C97D86}.Release|Any CPU.ActiveCfg = Release|Any CPU
		{8C040A69-F7E9-4D59-85C8-4C6B69C97D86}.Release|Any CPU.Build.0 = Release|Any CPU
		{8C040A69-F7E9-4D59-85C8-4C6B69C97D86}.Release|x64.ActiveCfg = Release|Any CPU
		{8C040A69-F7E9-4D59-85C8-4C6B69C97D86}.Release|x64.Build.0 = Release|Any CPU
		{B31AB72E-72F6-489E-B707-9D481DEA3338}.Debug|Any CPU.ActiveCfg = Debug|Any CPU
		{B31AB72E-72F6-489E-B707-9D481DEA3338}.Debug|Any CPU.Build.0 = Debug|Any CPU
		{B31AB72E-72F6-489E-B707-9D481DEA3338}.Debug|x64.ActiveCfg = Debug|Any CPU
		{B31AB72E-72F6-489E-B707-9D481DEA3338}.Debug|x64.Build.0 = Debug|Any CPU
		{B31AB72E-72F6-489E-B707-9D481DEA3338}.Release|Any CPU.ActiveCfg = Release|Any CPU
		{B31AB72E-72F6-489E-B707-9D481DEA3338}.Release|Any CPU.Build.0 = Release|Any CPU
		{B31AB72E-72F6-489E-B707-9D481DEA3338}.Release|x64.ActiveCfg = Release|Any CPU
		{B31AB72E-72F6-489E-B707-9D481DEA3338}.Release|x64.Build.0 = Release|Any CPU
		{9353E020-6EB4-463D-A304-6FBF0AC560FB}.Debug|Any CPU.ActiveCfg = Debug|Any CPU
		{9353E020-6EB4-463D-A304-6FBF0AC560FB}.Debug|Any CPU.Build.0 = Debug|Any CPU
		{9353E020-6EB4-463D-A304-6FBF0AC560FB}.Debug|x64.ActiveCfg = Debug|Any CPU
		{9353E020-6EB4-463D-A304-6FBF0AC560FB}.Debug|x64.Build.0 = Debug|Any CPU
		{9353E020-6EB4-463D-A304-6FBF0AC560FB}.Release|Any CPU.ActiveCfg = Release|Any CPU
		{9353E020-6EB4-463D-A304-6FBF0AC560FB}.Release|Any CPU.Build.0 = Release|Any CPU
		{9353E020-6EB4-463D-A304-6FBF0AC560FB}.Release|x64.ActiveCfg = Release|Any CPU
		{9353E020-6EB4-463D-A304-6FBF0AC560FB}.Release|x64.Build.0 = Release|Any CPU
		{46CCAD05-281C-437F-A0A3-89D0B9B6662E}.Debug|Any CPU.ActiveCfg = Debug|Any CPU
		{46CCAD05-281C-437F-A0A3-89D0B9B6662E}.Debug|Any CPU.Build.0 = Debug|Any CPU
		{46CCAD05-281C-437F-A0A3-89D0B9B6662E}.Debug|x64.ActiveCfg = Debug|Any CPU
		{46CCAD05-281C-437F-A0A3-89D0B9B6662E}.Debug|x64.Build.0 = Debug|Any CPU
		{46CCAD05-281C-437F-A0A3-89D0B9B6662E}.Release|Any CPU.ActiveCfg = Release|Any CPU
		{46CCAD05-281C-437F-A0A3-89D0B9B6662E}.Release|Any CPU.Build.0 = Release|Any CPU
		{46CCAD05-281C-437F-A0A3-89D0B9B6662E}.Release|x64.ActiveCfg = Release|Any CPU
		{46CCAD05-281C-437F-A0A3-89D0B9B6662E}.Release|x64.Build.0 = Release|Any CPU
		{DF28644D-7BE0-428A-BF5D-31325604EE68}.Debug|Any CPU.ActiveCfg = Debug|Any CPU
		{DF28644D-7BE0-428A-BF5D-31325604EE68}.Debug|Any CPU.Build.0 = Debug|Any CPU
		{DF28644D-7BE0-428A-BF5D-31325604EE68}.Debug|x64.ActiveCfg = Debug|Any CPU
		{DF28644D-7BE0-428A-BF5D-31325604EE68}.Debug|x64.Build.0 = Debug|Any CPU
		{DF28644D-7BE0-428A-BF5D-31325604EE68}.Release|Any CPU.ActiveCfg = Release|Any CPU
		{DF28644D-7BE0-428A-BF5D-31325604EE68}.Release|Any CPU.Build.0 = Release|Any CPU
		{DF28644D-7BE0-428A-BF5D-31325604EE68}.Release|x64.ActiveCfg = Release|Any CPU
		{DF28644D-7BE0-428A-BF5D-31325604EE68}.Release|x64.Build.0 = Release|Any CPU
		{E56C9CC9-720D-453F-9760-A56D83A48D10}.Debug|Any CPU.ActiveCfg = Debug|Any CPU
		{E56C9CC9-720D-453F-9760-A56D83A48D10}.Debug|Any CPU.Build.0 = Debug|Any CPU
		{E56C9CC9-720D-453F-9760-A56D83A48D10}.Debug|x64.ActiveCfg = Debug|Any CPU
		{E56C9CC9-720D-453F-9760-A56D83A48D10}.Debug|x64.Build.0 = Debug|Any CPU
		{E56C9CC9-720D-453F-9760-A56D83A48D10}.Release|Any CPU.ActiveCfg = Release|Any CPU
		{E56C9CC9-720D-453F-9760-A56D83A48D10}.Release|Any CPU.Build.0 = Release|Any CPU
		{E56C9CC9-720D-453F-9760-A56D83A48D10}.Release|x64.ActiveCfg = Release|Any CPU
		{E56C9CC9-720D-453F-9760-A56D83A48D10}.Release|x64.Build.0 = Release|Any CPU
		{F66575E3-6821-48CF-A9F4-F673D913B1EF}.Debug|Any CPU.ActiveCfg = Debug|Any CPU
		{F66575E3-6821-48CF-A9F4-F673D913B1EF}.Debug|Any CPU.Build.0 = Debug|Any CPU
		{F66575E3-6821-48CF-A9F4-F673D913B1EF}.Debug|x64.ActiveCfg = Debug|Any CPU
		{F66575E3-6821-48CF-A9F4-F673D913B1EF}.Debug|x64.Build.0 = Debug|Any CPU
		{F66575E3-6821-48CF-A9F4-F673D913B1EF}.Release|Any CPU.ActiveCfg = Release|Any CPU
		{F66575E3-6821-48CF-A9F4-F673D913B1EF}.Release|Any CPU.Build.0 = Release|Any CPU
		{F66575E3-6821-48CF-A9F4-F673D913B1EF}.Release|x64.ActiveCfg = Release|Any CPU
		{F66575E3-6821-48CF-A9F4-F673D913B1EF}.Release|x64.Build.0 = Release|Any CPU
		{7FC15EB9-D6EA-4C37-91B7-73C70C001EE3}.Debug|Any CPU.ActiveCfg = Debug|Any CPU
		{7FC15EB9-D6EA-4C37-91B7-73C70C001EE3}.Debug|Any CPU.Build.0 = Debug|Any CPU
		{7FC15EB9-D6EA-4C37-91B7-73C70C001EE3}.Debug|x64.ActiveCfg = Debug|Any CPU
		{7FC15EB9-D6EA-4C37-91B7-73C70C001EE3}.Debug|x64.Build.0 = Debug|Any CPU
		{7FC15EB9-D6EA-4C37-91B7-73C70C001EE3}.Release|Any CPU.ActiveCfg = Release|Any CPU
		{7FC15EB9-D6EA-4C37-91B7-73C70C001EE3}.Release|Any CPU.Build.0 = Release|Any CPU
		{7FC15EB9-D6EA-4C37-91B7-73C70C001EE3}.Release|x64.ActiveCfg = Release|Any CPU
		{7FC15EB9-D6EA-4C37-91B7-73C70C001EE3}.Release|x64.Build.0 = Release|Any CPU
		{5C229CB1-4ED9-4771-B4D9-DAF3C1C7D15E}.Debug|Any CPU.ActiveCfg = Debug|Any CPU
		{5C229CB1-4ED9-4771-B4D9-DAF3C1C7D15E}.Debug|Any CPU.Build.0 = Debug|Any CPU
		{5C229CB1-4ED9-4771-B4D9-DAF3C1C7D15E}.Debug|x64.ActiveCfg = Debug|Any CPU
		{5C229CB1-4ED9-4771-B4D9-DAF3C1C7D15E}.Debug|x64.Build.0 = Debug|Any CPU
		{5C229CB1-4ED9-4771-B4D9-DAF3C1C7D15E}.Release|Any CPU.ActiveCfg = Release|Any CPU
		{5C229CB1-4ED9-4771-B4D9-DAF3C1C7D15E}.Release|Any CPU.Build.0 = Release|Any CPU
		{5C229CB1-4ED9-4771-B4D9-DAF3C1C7D15E}.Release|x64.ActiveCfg = Release|Any CPU
		{5C229CB1-4ED9-4771-B4D9-DAF3C1C7D15E}.Release|x64.Build.0 = Release|Any CPU
		{11421C27-F65E-4826-B0ED-84C4536A69BF}.Debug|Any CPU.ActiveCfg = Debug|Any CPU
		{11421C27-F65E-4826-B0ED-84C4536A69BF}.Debug|Any CPU.Build.0 = Debug|Any CPU
		{11421C27-F65E-4826-B0ED-84C4536A69BF}.Debug|x64.ActiveCfg = Debug|Any CPU
		{11421C27-F65E-4826-B0ED-84C4536A69BF}.Debug|x64.Build.0 = Debug|Any CPU
		{11421C27-F65E-4826-B0ED-84C4536A69BF}.Release|Any CPU.ActiveCfg = Release|Any CPU
		{11421C27-F65E-4826-B0ED-84C4536A69BF}.Release|Any CPU.Build.0 = Release|Any CPU
		{11421C27-F65E-4826-B0ED-84C4536A69BF}.Release|x64.ActiveCfg = Release|Any CPU
		{11421C27-F65E-4826-B0ED-84C4536A69BF}.Release|x64.Build.0 = Release|Any CPU
		{A0A9A5A5-AAA6-46AA-821E-57F65E851814}.Debug|Any CPU.ActiveCfg = Debug|Any CPU
		{A0A9A5A5-AAA6-46AA-821E-57F65E851814}.Debug|Any CPU.Build.0 = Debug|Any CPU
		{A0A9A5A5-AAA6-46AA-821E-57F65E851814}.Debug|x64.ActiveCfg = Debug|Any CPU
		{A0A9A5A5-AAA6-46AA-821E-57F65E851814}.Debug|x64.Build.0 = Debug|Any CPU
		{A0A9A5A5-AAA6-46AA-821E-57F65E851814}.Release|Any CPU.ActiveCfg = Release|Any CPU
		{A0A9A5A5-AAA6-46AA-821E-57F65E851814}.Release|Any CPU.Build.0 = Release|Any CPU
		{A0A9A5A5-AAA6-46AA-821E-57F65E851814}.Release|x64.ActiveCfg = Release|Any CPU
		{A0A9A5A5-AAA6-46AA-821E-57F65E851814}.Release|x64.Build.0 = Release|Any CPU
		{ED711BDA-7FD3-42AE-A6A0-DDF07C20014D}.Debug|Any CPU.ActiveCfg = Debug|Any CPU
		{ED711BDA-7FD3-42AE-A6A0-DDF07C20014D}.Debug|Any CPU.Build.0 = Debug|Any CPU
		{ED711BDA-7FD3-42AE-A6A0-DDF07C20014D}.Debug|x64.ActiveCfg = Debug|Any CPU
		{ED711BDA-7FD3-42AE-A6A0-DDF07C20014D}.Debug|x64.Build.0 = Debug|Any CPU
		{ED711BDA-7FD3-42AE-A6A0-DDF07C20014D}.Release|Any CPU.ActiveCfg = Release|Any CPU
		{ED711BDA-7FD3-42AE-A6A0-DDF07C20014D}.Release|Any CPU.Build.0 = Release|Any CPU
		{ED711BDA-7FD3-42AE-A6A0-DDF07C20014D}.Release|x64.ActiveCfg = Release|Any CPU
		{ED711BDA-7FD3-42AE-A6A0-DDF07C20014D}.Release|x64.Build.0 = Release|Any CPU
		{27A01872-3E18-4C14-A267-F4093F7317B0}.Debug|Any CPU.ActiveCfg = Debug|Any CPU
		{27A01872-3E18-4C14-A267-F4093F7317B0}.Debug|Any CPU.Build.0 = Debug|Any CPU
		{27A01872-3E18-4C14-A267-F4093F7317B0}.Debug|x64.ActiveCfg = Debug|Any CPU
		{27A01872-3E18-4C14-A267-F4093F7317B0}.Debug|x64.Build.0 = Debug|Any CPU
		{27A01872-3E18-4C14-A267-F4093F7317B0}.Release|Any CPU.ActiveCfg = Release|Any CPU
		{27A01872-3E18-4C14-A267-F4093F7317B0}.Release|Any CPU.Build.0 = Release|Any CPU
		{27A01872-3E18-4C14-A267-F4093F7317B0}.Release|x64.ActiveCfg = Release|Any CPU
		{27A01872-3E18-4C14-A267-F4093F7317B0}.Release|x64.Build.0 = Release|Any CPU
		{00332360-3466-4C26-8604-C43DB166DD2B}.Debug|Any CPU.ActiveCfg = Debug|Any CPU
		{00332360-3466-4C26-8604-C43DB166DD2B}.Debug|Any CPU.Build.0 = Debug|Any CPU
		{00332360-3466-4C26-8604-C43DB166DD2B}.Debug|x64.ActiveCfg = Debug|Any CPU
		{00332360-3466-4C26-8604-C43DB166DD2B}.Debug|x64.Build.0 = Debug|Any CPU
		{00332360-3466-4C26-8604-C43DB166DD2B}.Release|Any CPU.ActiveCfg = Release|Any CPU
		{00332360-3466-4C26-8604-C43DB166DD2B}.Release|Any CPU.Build.0 = Release|Any CPU
		{00332360-3466-4C26-8604-C43DB166DD2B}.Release|x64.ActiveCfg = Release|Any CPU
		{00332360-3466-4C26-8604-C43DB166DD2B}.Release|x64.Build.0 = Release|Any CPU
		{2C999E65-0443-40B5-AC06-0099453C7382}.Debug|Any CPU.ActiveCfg = Debug|Any CPU
		{2C999E65-0443-40B5-AC06-0099453C7382}.Debug|Any CPU.Build.0 = Debug|Any CPU
		{2C999E65-0443-40B5-AC06-0099453C7382}.Debug|x64.ActiveCfg = Debug|Any CPU
		{2C999E65-0443-40B5-AC06-0099453C7382}.Debug|x64.Build.0 = Debug|Any CPU
		{2C999E65-0443-40B5-AC06-0099453C7382}.Release|Any CPU.ActiveCfg = Release|Any CPU
		{2C999E65-0443-40B5-AC06-0099453C7382}.Release|Any CPU.Build.0 = Release|Any CPU
		{2C999E65-0443-40B5-AC06-0099453C7382}.Release|x64.ActiveCfg = Release|Any CPU
		{2C999E65-0443-40B5-AC06-0099453C7382}.Release|x64.Build.0 = Release|Any CPU
		{96DC810B-40E9-4519-988C-9B0A584DAB8C}.Debug|Any CPU.ActiveCfg = Debug|Any CPU
		{96DC810B-40E9-4519-988C-9B0A584DAB8C}.Debug|Any CPU.Build.0 = Debug|Any CPU
		{96DC810B-40E9-4519-988C-9B0A584DAB8C}.Debug|x64.ActiveCfg = Debug|Any CPU
		{96DC810B-40E9-4519-988C-9B0A584DAB8C}.Debug|x64.Build.0 = Debug|Any CPU
		{96DC810B-40E9-4519-988C-9B0A584DAB8C}.Release|Any CPU.ActiveCfg = Release|Any CPU
		{96DC810B-40E9-4519-988C-9B0A584DAB8C}.Release|Any CPU.Build.0 = Release|Any CPU
		{96DC810B-40E9-4519-988C-9B0A584DAB8C}.Release|x64.ActiveCfg = Release|Any CPU
		{96DC810B-40E9-4519-988C-9B0A584DAB8C}.Release|x64.Build.0 = Release|Any CPU
		{72A5E829-24DD-4BCB-B559-AF7D7BFB13A6}.Debug|Any CPU.ActiveCfg = Debug|Any CPU
		{72A5E829-24DD-4BCB-B559-AF7D7BFB13A6}.Debug|Any CPU.Build.0 = Debug|Any CPU
		{72A5E829-24DD-4BCB-B559-AF7D7BFB13A6}.Debug|x64.ActiveCfg = Debug|Any CPU
		{72A5E829-24DD-4BCB-B559-AF7D7BFB13A6}.Debug|x64.Build.0 = Debug|Any CPU
		{72A5E829-24DD-4BCB-B559-AF7D7BFB13A6}.Release|Any CPU.ActiveCfg = Release|Any CPU
		{72A5E829-24DD-4BCB-B559-AF7D7BFB13A6}.Release|Any CPU.Build.0 = Release|Any CPU
		{72A5E829-24DD-4BCB-B559-AF7D7BFB13A6}.Release|x64.ActiveCfg = Release|Any CPU
		{72A5E829-24DD-4BCB-B559-AF7D7BFB13A6}.Release|x64.Build.0 = Release|Any CPU
		{0EB012A6-40AD-4D29-BDFA-39AC094BF536}.Debug|Any CPU.ActiveCfg = Debug|Any CPU
		{0EB012A6-40AD-4D29-BDFA-39AC094BF536}.Debug|Any CPU.Build.0 = Debug|Any CPU
		{0EB012A6-40AD-4D29-BDFA-39AC094BF536}.Debug|x64.ActiveCfg = Debug|Any CPU
		{0EB012A6-40AD-4D29-BDFA-39AC094BF536}.Debug|x64.Build.0 = Debug|Any CPU
		{0EB012A6-40AD-4D29-BDFA-39AC094BF536}.Release|Any CPU.ActiveCfg = Release|Any CPU
		{0EB012A6-40AD-4D29-BDFA-39AC094BF536}.Release|Any CPU.Build.0 = Release|Any CPU
		{0EB012A6-40AD-4D29-BDFA-39AC094BF536}.Release|x64.ActiveCfg = Release|Any CPU
		{0EB012A6-40AD-4D29-BDFA-39AC094BF536}.Release|x64.Build.0 = Release|Any CPU
		{E467A033-F1CA-4733-9BC1-7ED02F0EFD38}.Debug|Any CPU.ActiveCfg = Debug|Any CPU
		{E467A033-F1CA-4733-9BC1-7ED02F0EFD38}.Debug|Any CPU.Build.0 = Debug|Any CPU
		{E467A033-F1CA-4733-9BC1-7ED02F0EFD38}.Debug|x64.ActiveCfg = Debug|Any CPU
		{E467A033-F1CA-4733-9BC1-7ED02F0EFD38}.Debug|x64.Build.0 = Debug|Any CPU
		{E467A033-F1CA-4733-9BC1-7ED02F0EFD38}.Release|Any CPU.ActiveCfg = Release|Any CPU
		{E467A033-F1CA-4733-9BC1-7ED02F0EFD38}.Release|Any CPU.Build.0 = Release|Any CPU
		{E467A033-F1CA-4733-9BC1-7ED02F0EFD38}.Release|x64.ActiveCfg = Release|Any CPU
		{E467A033-F1CA-4733-9BC1-7ED02F0EFD38}.Release|x64.Build.0 = Release|Any CPU
		{81CB417D-E498-4EE1-BF8B-AED0DD3E3F46}.Debug|Any CPU.ActiveCfg = Debug|Any CPU
		{81CB417D-E498-4EE1-BF8B-AED0DD3E3F46}.Debug|Any CPU.Build.0 = Debug|Any CPU
		{81CB417D-E498-4EE1-BF8B-AED0DD3E3F46}.Debug|x64.ActiveCfg = Debug|Any CPU
		{81CB417D-E498-4EE1-BF8B-AED0DD3E3F46}.Debug|x64.Build.0 = Debug|Any CPU
		{81CB417D-E498-4EE1-BF8B-AED0DD3E3F46}.Release|Any CPU.ActiveCfg = Release|Any CPU
		{81CB417D-E498-4EE1-BF8B-AED0DD3E3F46}.Release|Any CPU.Build.0 = Release|Any CPU
		{81CB417D-E498-4EE1-BF8B-AED0DD3E3F46}.Release|x64.ActiveCfg = Release|Any CPU
		{81CB417D-E498-4EE1-BF8B-AED0DD3E3F46}.Release|x64.Build.0 = Release|Any CPU
	EndGlobalSection
	GlobalSection(SolutionProperties) = preSolution
		HideSolutionNode = FALSE
	EndGlobalSection
	GlobalSection(ExtensibilityGlobals) = postSolution
		SolutionGuid = {11C25FC0-EB32-4DE1-9CBB-CF2D68D1AA9B}
	EndGlobalSection
EndGlobal
