
Microsoft Visual Studio Solution File, Format Version 12.00
# Visual Studio 15
VisualStudioVersion = 15.0.28307.106
MinimumVisualStudioVersion = 10.0.40219.1
Project("{9A19103F-16F7-4668-BE54-9A1E7A4F7556}") = "gView.System", "gView.System\gView.System.csproj", "{E50D8014-0FB8-4B67-8291-0ABEE04A1403}"
EndProject
Project("{9A19103F-16F7-4668-BE54-9A1E7A4F7556}") = "gView.Core", "gView.Core\gView.Core.csproj", "{5A66D185-6E2C-4DA4-97D7-00616A182BD8}"
EndProject
Project("{9A19103F-16F7-4668-BE54-9A1E7A4F7556}") = "gView.Db", "gView.Db\gView.Db.csproj", "{FB98412B-8DEF-4B02-B903-2979A433E75E}"
EndProject
Project("{9A19103F-16F7-4668-BE54-9A1E7A4F7556}") = "gView.Math", "gView.Math\gView.Math.csproj", "{DEB9738E-EC3B-4E04-9301-617CB56641AC}"
EndProject
Project("{9A19103F-16F7-4668-BE54-9A1E7A4F7556}") = "gView.Geometry", "gView.Geometry\gView.Geometry.csproj", "{82012E45-2EFC-498E-9BB1-F3DEBA4B87C5}"
EndProject
Project("{9A19103F-16F7-4668-BE54-9A1E7A4F7556}") = "gView.Data", "gView.Data\gView.Data.csproj", "{9B556868-8431-4D6C-B002-3FEF15DF0498}"
EndProject
Project("{9A19103F-16F7-4668-BE54-9A1E7A4F7556}") = "gView.Data.Fields", "gView.Data.Fields\gView.Data.Fields.csproj", "{F47E7FFF-3582-4BB4-84DB-B197A5DA921F}"
EndProject
Project("{9A19103F-16F7-4668-BE54-9A1E7A4F7556}") = "gView.Carto", "gView.Carto\gView.Carto.csproj", "{517F72FA-AA41-4E70-8469-E7BECCA58AD6}"
EndProject
Project("{9A19103F-16F7-4668-BE54-9A1E7A4F7556}") = "gView.Carto.Rendering", "gView.Carto.Rendering\gView.Carto.Rendering.csproj", "{961D9A60-014E-4139-907F-0112F5DFAC4D}"
EndProject
Project("{9A19103F-16F7-4668-BE54-9A1E7A4F7556}") = "gView.Symbology", "gView.Symbology\gView.Symbology.csproj", "{C37D6D4B-5670-49B9-8592-48E9DCC0AA3C}"
EndProject
Project("{9A19103F-16F7-4668-BE54-9A1E7A4F7556}") = "gView.Network", "gView.Network\gView.Network.csproj", "{F47EA9DF-E750-4AFE-BDFF-8644403E17BB}"
EndProject
Project("{9A19103F-16F7-4668-BE54-9A1E7A4F7556}") = "gView.Data.Joins", "gView.Data.Joins\gView.Data.Joins.csproj", "{1730A1E1-3991-46D0-A52A-1A86B6CCB8F0}"
EndProject
Project("{9A19103F-16F7-4668-BE54-9A1E7A4F7556}") = "gView.Editor.Core", "gView.Editor.Core\gView.Editor.Core.csproj", "{8C804D9D-7CB0-4F53-88B2-F265060CE702}"
EndProject
Project("{9A19103F-16F7-4668-BE54-9A1E7A4F7556}") = "gView.OGC", "gView.OGC\gView.OGC.csproj", "{248D2C9B-793A-4EB0-A2DA-7A881A1357BD}"
EndProject
Project("{9A19103F-16F7-4668-BE54-9A1E7A4F7556}") = "gView.Web", "gView.Web\gView.Web.csproj", "{B0F8BFA1-0034-4797-AE21-CD4CBD489E4C}"
EndProject
Project("{9A19103F-16F7-4668-BE54-9A1E7A4F7556}") = "gView.DataSources.PostGIS", "gView.DataSources.PostGIS\gView.DataSources.PostGIS.csproj", "{794758C5-26A1-4141-B2A5-FCA016AADB8B}"
EndProject
Project("{9A19103F-16F7-4668-BE54-9A1E7A4F7556}") = "gView.DataSources.MSSqlSpatial", "gView.DataSources.MSSqlSpatial\gView.DataSources.MSSqlSpatial.csproj", "{5326D7F9-707E-45E2-92D2-5CB92D0FF897}"
EndProject
Project("{9A19103F-16F7-4668-BE54-9A1E7A4F7556}") = "gView.Offline", "gView.Offline\gView.Offline.csproj", "{7EAF9C21-4C1D-4996-B111-7C503217B8F5}"
EndProject
Project("{9A19103F-16F7-4668-BE54-9A1E7A4F7556}") = "gView.DataSources.Fdb", "gView.DataSources.Fdb\gView.DataSources.Fdb.csproj", "{595657D6-C9DC-4A48-A5D0-3CBC4A90ADA1}"
EndProject
Project("{9A19103F-16F7-4668-BE54-9A1E7A4F7556}") = "gView.DataSources.Raster", "gView.DataSources.Raster\gView.DataSources.Raster.csproj", "{180B4390-78E4-47CD-BA97-30F5EF31AF07}"
EndProject
Project("{9A19103F-16F7-4668-BE54-9A1E7A4F7556}") = "gView.XML", "gView.XML\gView.XML.csproj", "{CDF0E058-D35B-4EFE-9BBD-E1E355A4BD6B}"
EndProject
Project("{9A19103F-16F7-4668-BE54-9A1E7A4F7556}") = "gView.XML2", "gView.XML2\gView.XML2.csproj", "{4C56BB1B-9C29-49E0-959A-C34F1E71C96D}"
EndProject
Project("{9A19103F-16F7-4668-BE54-9A1E7A4F7556}") = "gView.Interoperability.ArcXML", "gView.Interoperability.ArcXML\gView.Interoperability.ArcXML.csproj", "{5E48A0A0-CF45-458D-AD3C-4FC235AD203F}"
EndProject
Project("{9A19103F-16F7-4668-BE54-9A1E7A4F7556}") = "gView.Interoperability.OGC", "gView.Interoperability.OGC\gView.Interoperability.OGC.csproj", "{FAFEF445-A01C-4770-B993-4E9CA33D95E3}"
EndProject
Project("{9A19103F-16F7-4668-BE54-9A1E7A4F7556}") = "gView.Drawing.Pro", "gView.Drawing.Pro\gView.Drawing.Pro.csproj", "{9B3A0DE1-E73B-400C-9201-C83B434CA587}"
EndProject
Project("{9A19103F-16F7-4668-BE54-9A1E7A4F7556}") = "gView.Metadata", "gView.Metadata\gView.Metadata.csproj", "{42696D09-69C7-4E21-8351-DC53698D24E8}"
EndProject
Project("{9A19103F-16F7-4668-BE54-9A1E7A4F7556}") = "gView.Proj", "gView.Proj\gView.Proj.csproj", "{F236407A-27B9-42D0-9000-6BC4A04E8F54}"
EndProject
Project("{9A19103F-16F7-4668-BE54-9A1E7A4F7556}") = "gView.Server", "gView.Server\gView.Server.csproj", "{C5E46A29-ECBA-4F6B-A14C-5DE553CE77BE}"
EndProject
Project("{9A19103F-16F7-4668-BE54-9A1E7A4F7556}") = "gView.DataSources.Shape", "gView.DataSources.Shape\gView.DataSources.Shape.csproj", "{ED4B335F-4967-4245-BCEA-45CE48B4648B}"
EndProject
Project("{9A19103F-16F7-4668-BE54-9A1E7A4F7556}") = "gView.DataSources.Fdb.SQLite", "gView.DataSources.Fdb.SQLite\gView.DataSources.Fdb.SQLite.csproj", "{F11B1BE8-7D8A-4B23-AF7B-DB27A0BC9086}"
EndProject
Project("{9A19103F-16F7-4668-BE54-9A1E7A4F7556}") = "gView.DataSources.Fdb.SqlServer", "gView.DataSources.Fdb.SqlServer\gView.DataSources.Fdb.SqlServer.csproj", "{D890DD88-58CD-4DC1-8664-38F273D74692}"
EndProject
Project("{9A19103F-16F7-4668-BE54-9A1E7A4F7556}") = "gView.DataSources.Fdb.PostgreSql", "gView.DataSources.Fdb.PostgreSql\gView.DataSources.Fdb.PostgreSql.csproj", "{01AD9E16-2249-4A46-9173-2EC727A6026E}"
EndProject
Project("{9A19103F-16F7-4668-BE54-9A1E7A4F7556}") = "gView.DataSources.OSGeo", "gView.DataSources.OSGeo\gView.DataSources.OSGeo.csproj", "{78971780-E6B2-423B-B61D-7CAEFBB25282}"
EndProject
Project("{9A19103F-16F7-4668-BE54-9A1E7A4F7556}") = "gView.Plugins.Modules", "gView.Plugins.Modules\gView.Plugins.Modules.csproj", "{04E002F8-468C-45E8-997B-332E5048BA31}"
EndProject
Project("{9A19103F-16F7-4668-BE54-9A1E7A4F7556}") = "gView.Test", "gView.Test\gView.Test.csproj", "{E0131B1D-122D-49C7-8B8D-F4C61F22BDCF}"
EndProject
Project("{9A19103F-16F7-4668-BE54-9A1E7A4F7556}") = "gView.Interoperability.GeoServices", "gView.Interoperability.GeoServices\gView.Interoperability.GeoServices.csproj", "{7B010002-084B-4D1D-9B06-4EC70EC93CA2}"
EndProject
Project("{9A19103F-16F7-4668-BE54-9A1E7A4F7556}") = "gView.Security", "gView.Security\gView.Security.csproj", "{F90E3A4D-8A73-4899-9F49-A756F58828F7}"
EndProject
Project("{9A19103F-16F7-4668-BE54-9A1E7A4F7556}") = "gView.DataSources.EventTable", "gView.DataSources.EventTable\gView.DataSources.EventTable.csproj", "{77AFD455-9FD0-4087-8163-44BA03886670}"
EndProject
Project("{FAE04EC0-301F-11D3-BF4B-00C04F79EFBC}") = "gView.Win.Core.UI", "NetFramework\gView.Win.Core.UI\gView.Win.Core.UI.csproj", "{3C8FFD95-66E8-41E5-B891-4B13D44942C3}"
EndProject
Project("{FAE04EC0-301F-11D3-BF4B-00C04F79EFBC}") = "gView.Win.Explorer.UI", "NetFramework\gView.Win.Explorer.UI\gView.Win.Explorer.UI.csproj", "{FEC5F35A-CF6E-4F6B-B910-72949954BE82}"
EndProject
Project("{FAE04EC0-301F-11D3-BF4B-00C04F79EFBC}") = "gView.Win.Globalisation", "NetFramework\gView.Win.Globalisation\gView.Win.Globalisation.csproj", "{68FF06EC-CEBD-4BA4-A536-6C09D9714066}"
EndProject
Project("{FAE04EC0-301F-11D3-BF4B-00C04F79EFBC}") = "gView.Win.Dialogs", "NetFramework\gView.Win.Dialogs\gView.Win.Dialogs.csproj", "{5E36EAA4-15C4-4D04-973B-245AD8A59B97}"
EndProject
Project("{FAE04EC0-301F-11D3-BF4B-00C04F79EFBC}") = "gView.Win.Symbology.UI", "NetFramework\gView.Win.Symbology.UI\gView.Win.Symbology.UI.csproj", "{9957F5FA-1E21-4D79-883E-88FFE3A7F01B}"
EndProject
Project("{FAE04EC0-301F-11D3-BF4B-00C04F79EFBC}") = "gView.Win.Carto.UI", "NetFramework\gView.Win.Carto.UI\gView.Win.Carto.UI.csproj", "{77538348-8321-4978-842D-2D97CDEDECA6}"
EndProject
Project("{FAE04EC0-301F-11D3-BF4B-00C04F79EFBC}") = "gView.Win.Snapping.Core", "NetFramework\gView.Win.Snapping.Core\gView.Win.Snapping.Core.csproj", "{1075BB0D-7DFC-440C-A790-51001BCF0725}"
EndProject
Project("{FAE04EC0-301F-11D3-BF4B-00C04F79EFBC}") = "gView.Win.DataExplorer", "NetFramework\gView.Win.DataExplorer\gView.Win.DataExplorer.csproj", "{8F9FEB99-4BFF-4581-8F7D-3058F2482BDF}"
EndProject
Project("{FAE04EC0-301F-11D3-BF4B-00C04F79EFBC}") = "gView.Win.Wpf", "NetFramework\gView.Win.Wpf\gView.Win.Wpf.csproj", "{5160FF91-1E3D-41B0-9CE7-2F233AB4BCFA}"
EndProject
Project("{FAE04EC0-301F-11D3-BF4B-00C04F79EFBC}") = "gView.Win.Sys.UI", "NetFramework\gView.Win.Sys.UI\gView.Win.Sys.UI.csproj", "{A82D4F52-BDCD-4721-9363-09CCF4A3BB7A}"
EndProject
Project("{FAE04EC0-301F-11D3-BF4B-00C04F79EFBC}") = "gView.Win.Plugins.Tools", "NetFramework\gView.Win.Plugin.Tools\gView.Win.Plugins.Tools.csproj", "{10BC8626-1D94-4740-9ED3-9D1BD71857B7}"
EndProject
Project("{FAE04EC0-301F-11D3-BF4B-00C04F79EFBC}") = "gView.Win.MapServer.Connector", "NetFramework\gView.Win.MapServer.Connector\gView.Win.MapServer.Connector.csproj", "{249E5894-40CA-4692-B876-9DF3B1A9E481}"
EndProject
Project("{FAE04EC0-301F-11D3-BF4B-00C04F79EFBC}") = "gView.Win.DataSources.Fdb.UI", "NetFramework\gView.Win.Datasources.Fdb.UI\gView.Win.DataSources.Fdb.UI.csproj", "{B3944C41-5BB6-4CBC-9173-59D5E50F74A4}"
EndProject
Project("{FAE04EC0-301F-11D3-BF4B-00C04F79EFBC}") = "gView.Win.Db.UI", "NetFramework\gView.Win.Db.UI\gView.Win.Db.UI.csproj", "{E5ED18B7-1D13-441B-9B3E-55A65A147928}"
EndProject
Global
	GlobalSection(SolutionConfigurationPlatforms) = preSolution
		Debug|Any CPU = Debug|Any CPU
		Debug|x64 = Debug|x64
		Release|Any CPU = Release|Any CPU
		Release|x64 = Release|x64
	EndGlobalSection
	GlobalSection(ProjectConfigurationPlatforms) = postSolution
		{E50D8014-0FB8-4B67-8291-0ABEE04A1403}.Debug|Any CPU.ActiveCfg = Debug|Any CPU
		{E50D8014-0FB8-4B67-8291-0ABEE04A1403}.Debug|Any CPU.Build.0 = Debug|Any CPU
		{E50D8014-0FB8-4B67-8291-0ABEE04A1403}.Debug|x64.ActiveCfg = Debug|Any CPU
		{E50D8014-0FB8-4B67-8291-0ABEE04A1403}.Debug|x64.Build.0 = Debug|Any CPU
		{E50D8014-0FB8-4B67-8291-0ABEE04A1403}.Release|Any CPU.ActiveCfg = Release|Any CPU
		{E50D8014-0FB8-4B67-8291-0ABEE04A1403}.Release|Any CPU.Build.0 = Release|Any CPU
		{E50D8014-0FB8-4B67-8291-0ABEE04A1403}.Release|x64.ActiveCfg = Release|Any CPU
		{E50D8014-0FB8-4B67-8291-0ABEE04A1403}.Release|x64.Build.0 = Release|Any CPU
		{5A66D185-6E2C-4DA4-97D7-00616A182BD8}.Debug|Any CPU.ActiveCfg = Debug|Any CPU
		{5A66D185-6E2C-4DA4-97D7-00616A182BD8}.Debug|Any CPU.Build.0 = Debug|Any CPU
		{5A66D185-6E2C-4DA4-97D7-00616A182BD8}.Debug|x64.ActiveCfg = Debug|Any CPU
		{5A66D185-6E2C-4DA4-97D7-00616A182BD8}.Debug|x64.Build.0 = Debug|Any CPU
		{5A66D185-6E2C-4DA4-97D7-00616A182BD8}.Release|Any CPU.ActiveCfg = Release|Any CPU
		{5A66D185-6E2C-4DA4-97D7-00616A182BD8}.Release|Any CPU.Build.0 = Release|Any CPU
		{5A66D185-6E2C-4DA4-97D7-00616A182BD8}.Release|x64.ActiveCfg = Release|Any CPU
		{5A66D185-6E2C-4DA4-97D7-00616A182BD8}.Release|x64.Build.0 = Release|Any CPU
		{FB98412B-8DEF-4B02-B903-2979A433E75E}.Debug|Any CPU.ActiveCfg = Debug|Any CPU
		{FB98412B-8DEF-4B02-B903-2979A433E75E}.Debug|Any CPU.Build.0 = Debug|Any CPU
		{FB98412B-8DEF-4B02-B903-2979A433E75E}.Debug|x64.ActiveCfg = Debug|Any CPU
		{FB98412B-8DEF-4B02-B903-2979A433E75E}.Debug|x64.Build.0 = Debug|Any CPU
		{FB98412B-8DEF-4B02-B903-2979A433E75E}.Release|Any CPU.ActiveCfg = Release|Any CPU
		{FB98412B-8DEF-4B02-B903-2979A433E75E}.Release|Any CPU.Build.0 = Release|Any CPU
		{FB98412B-8DEF-4B02-B903-2979A433E75E}.Release|x64.ActiveCfg = Release|Any CPU
		{FB98412B-8DEF-4B02-B903-2979A433E75E}.Release|x64.Build.0 = Release|Any CPU
		{DEB9738E-EC3B-4E04-9301-617CB56641AC}.Debug|Any CPU.ActiveCfg = Debug|Any CPU
		{DEB9738E-EC3B-4E04-9301-617CB56641AC}.Debug|Any CPU.Build.0 = Debug|Any CPU
		{DEB9738E-EC3B-4E04-9301-617CB56641AC}.Debug|x64.ActiveCfg = Debug|Any CPU
		{DEB9738E-EC3B-4E04-9301-617CB56641AC}.Debug|x64.Build.0 = Debug|Any CPU
		{DEB9738E-EC3B-4E04-9301-617CB56641AC}.Release|Any CPU.ActiveCfg = Release|Any CPU
		{DEB9738E-EC3B-4E04-9301-617CB56641AC}.Release|Any CPU.Build.0 = Release|Any CPU
		{DEB9738E-EC3B-4E04-9301-617CB56641AC}.Release|x64.ActiveCfg = Release|Any CPU
		{DEB9738E-EC3B-4E04-9301-617CB56641AC}.Release|x64.Build.0 = Release|Any CPU
		{82012E45-2EFC-498E-9BB1-F3DEBA4B87C5}.Debug|Any CPU.ActiveCfg = Debug|Any CPU
		{82012E45-2EFC-498E-9BB1-F3DEBA4B87C5}.Debug|Any CPU.Build.0 = Debug|Any CPU
		{82012E45-2EFC-498E-9BB1-F3DEBA4B87C5}.Debug|x64.ActiveCfg = Debug|Any CPU
		{82012E45-2EFC-498E-9BB1-F3DEBA4B87C5}.Debug|x64.Build.0 = Debug|Any CPU
		{82012E45-2EFC-498E-9BB1-F3DEBA4B87C5}.Release|Any CPU.ActiveCfg = Release|Any CPU
		{82012E45-2EFC-498E-9BB1-F3DEBA4B87C5}.Release|Any CPU.Build.0 = Release|Any CPU
		{82012E45-2EFC-498E-9BB1-F3DEBA4B87C5}.Release|x64.ActiveCfg = Release|Any CPU
		{82012E45-2EFC-498E-9BB1-F3DEBA4B87C5}.Release|x64.Build.0 = Release|Any CPU
		{9B556868-8431-4D6C-B002-3FEF15DF0498}.Debug|Any CPU.ActiveCfg = Debug|Any CPU
		{9B556868-8431-4D6C-B002-3FEF15DF0498}.Debug|Any CPU.Build.0 = Debug|Any CPU
		{9B556868-8431-4D6C-B002-3FEF15DF0498}.Debug|x64.ActiveCfg = Debug|Any CPU
		{9B556868-8431-4D6C-B002-3FEF15DF0498}.Debug|x64.Build.0 = Debug|Any CPU
		{9B556868-8431-4D6C-B002-3FEF15DF0498}.Release|Any CPU.ActiveCfg = Release|Any CPU
		{9B556868-8431-4D6C-B002-3FEF15DF0498}.Release|Any CPU.Build.0 = Release|Any CPU
		{9B556868-8431-4D6C-B002-3FEF15DF0498}.Release|x64.ActiveCfg = Release|Any CPU
		{9B556868-8431-4D6C-B002-3FEF15DF0498}.Release|x64.Build.0 = Release|Any CPU
		{F47E7FFF-3582-4BB4-84DB-B197A5DA921F}.Debug|Any CPU.ActiveCfg = Debug|Any CPU
		{F47E7FFF-3582-4BB4-84DB-B197A5DA921F}.Debug|Any CPU.Build.0 = Debug|Any CPU
		{F47E7FFF-3582-4BB4-84DB-B197A5DA921F}.Debug|x64.ActiveCfg = Debug|Any CPU
		{F47E7FFF-3582-4BB4-84DB-B197A5DA921F}.Debug|x64.Build.0 = Debug|Any CPU
		{F47E7FFF-3582-4BB4-84DB-B197A5DA921F}.Release|Any CPU.ActiveCfg = Release|Any CPU
		{F47E7FFF-3582-4BB4-84DB-B197A5DA921F}.Release|Any CPU.Build.0 = Release|Any CPU
		{F47E7FFF-3582-4BB4-84DB-B197A5DA921F}.Release|x64.ActiveCfg = Release|Any CPU
		{F47E7FFF-3582-4BB4-84DB-B197A5DA921F}.Release|x64.Build.0 = Release|Any CPU
		{517F72FA-AA41-4E70-8469-E7BECCA58AD6}.Debug|Any CPU.ActiveCfg = Debug|Any CPU
		{517F72FA-AA41-4E70-8469-E7BECCA58AD6}.Debug|Any CPU.Build.0 = Debug|Any CPU
		{517F72FA-AA41-4E70-8469-E7BECCA58AD6}.Debug|x64.ActiveCfg = Debug|Any CPU
		{517F72FA-AA41-4E70-8469-E7BECCA58AD6}.Debug|x64.Build.0 = Debug|Any CPU
		{517F72FA-AA41-4E70-8469-E7BECCA58AD6}.Release|Any CPU.ActiveCfg = Release|Any CPU
		{517F72FA-AA41-4E70-8469-E7BECCA58AD6}.Release|Any CPU.Build.0 = Release|Any CPU
		{517F72FA-AA41-4E70-8469-E7BECCA58AD6}.Release|x64.ActiveCfg = Release|Any CPU
		{517F72FA-AA41-4E70-8469-E7BECCA58AD6}.Release|x64.Build.0 = Release|Any CPU
		{961D9A60-014E-4139-907F-0112F5DFAC4D}.Debug|Any CPU.ActiveCfg = Debug|Any CPU
		{961D9A60-014E-4139-907F-0112F5DFAC4D}.Debug|Any CPU.Build.0 = Debug|Any CPU
		{961D9A60-014E-4139-907F-0112F5DFAC4D}.Debug|x64.ActiveCfg = Debug|Any CPU
		{961D9A60-014E-4139-907F-0112F5DFAC4D}.Debug|x64.Build.0 = Debug|Any CPU
		{961D9A60-014E-4139-907F-0112F5DFAC4D}.Release|Any CPU.ActiveCfg = Release|Any CPU
		{961D9A60-014E-4139-907F-0112F5DFAC4D}.Release|Any CPU.Build.0 = Release|Any CPU
		{961D9A60-014E-4139-907F-0112F5DFAC4D}.Release|x64.ActiveCfg = Release|Any CPU
		{961D9A60-014E-4139-907F-0112F5DFAC4D}.Release|x64.Build.0 = Release|Any CPU
		{C37D6D4B-5670-49B9-8592-48E9DCC0AA3C}.Debug|Any CPU.ActiveCfg = Debug|Any CPU
		{C37D6D4B-5670-49B9-8592-48E9DCC0AA3C}.Debug|Any CPU.Build.0 = Debug|Any CPU
		{C37D6D4B-5670-49B9-8592-48E9DCC0AA3C}.Debug|x64.ActiveCfg = Debug|Any CPU
		{C37D6D4B-5670-49B9-8592-48E9DCC0AA3C}.Debug|x64.Build.0 = Debug|Any CPU
		{C37D6D4B-5670-49B9-8592-48E9DCC0AA3C}.Release|Any CPU.ActiveCfg = Release|Any CPU
		{C37D6D4B-5670-49B9-8592-48E9DCC0AA3C}.Release|Any CPU.Build.0 = Release|Any CPU
		{C37D6D4B-5670-49B9-8592-48E9DCC0AA3C}.Release|x64.ActiveCfg = Release|Any CPU
		{C37D6D4B-5670-49B9-8592-48E9DCC0AA3C}.Release|x64.Build.0 = Release|Any CPU
		{F47EA9DF-E750-4AFE-BDFF-8644403E17BB}.Debug|Any CPU.ActiveCfg = Debug|Any CPU
		{F47EA9DF-E750-4AFE-BDFF-8644403E17BB}.Debug|Any CPU.Build.0 = Debug|Any CPU
		{F47EA9DF-E750-4AFE-BDFF-8644403E17BB}.Debug|x64.ActiveCfg = Debug|Any CPU
		{F47EA9DF-E750-4AFE-BDFF-8644403E17BB}.Debug|x64.Build.0 = Debug|Any CPU
		{F47EA9DF-E750-4AFE-BDFF-8644403E17BB}.Release|Any CPU.ActiveCfg = Release|Any CPU
		{F47EA9DF-E750-4AFE-BDFF-8644403E17BB}.Release|Any CPU.Build.0 = Release|Any CPU
		{F47EA9DF-E750-4AFE-BDFF-8644403E17BB}.Release|x64.ActiveCfg = Release|Any CPU
		{F47EA9DF-E750-4AFE-BDFF-8644403E17BB}.Release|x64.Build.0 = Release|Any CPU
		{1730A1E1-3991-46D0-A52A-1A86B6CCB8F0}.Debug|Any CPU.ActiveCfg = Debug|Any CPU
		{1730A1E1-3991-46D0-A52A-1A86B6CCB8F0}.Debug|Any CPU.Build.0 = Debug|Any CPU
		{1730A1E1-3991-46D0-A52A-1A86B6CCB8F0}.Debug|x64.ActiveCfg = Debug|Any CPU
		{1730A1E1-3991-46D0-A52A-1A86B6CCB8F0}.Debug|x64.Build.0 = Debug|Any CPU
		{1730A1E1-3991-46D0-A52A-1A86B6CCB8F0}.Release|Any CPU.ActiveCfg = Release|Any CPU
		{1730A1E1-3991-46D0-A52A-1A86B6CCB8F0}.Release|Any CPU.Build.0 = Release|Any CPU
		{1730A1E1-3991-46D0-A52A-1A86B6CCB8F0}.Release|x64.ActiveCfg = Release|Any CPU
		{1730A1E1-3991-46D0-A52A-1A86B6CCB8F0}.Release|x64.Build.0 = Release|Any CPU
		{8C804D9D-7CB0-4F53-88B2-F265060CE702}.Debug|Any CPU.ActiveCfg = Debug|Any CPU
		{8C804D9D-7CB0-4F53-88B2-F265060CE702}.Debug|Any CPU.Build.0 = Debug|Any CPU
		{8C804D9D-7CB0-4F53-88B2-F265060CE702}.Debug|x64.ActiveCfg = Debug|Any CPU
		{8C804D9D-7CB0-4F53-88B2-F265060CE702}.Debug|x64.Build.0 = Debug|Any CPU
		{8C804D9D-7CB0-4F53-88B2-F265060CE702}.Release|Any CPU.ActiveCfg = Release|Any CPU
		{8C804D9D-7CB0-4F53-88B2-F265060CE702}.Release|Any CPU.Build.0 = Release|Any CPU
		{8C804D9D-7CB0-4F53-88B2-F265060CE702}.Release|x64.ActiveCfg = Release|Any CPU
		{8C804D9D-7CB0-4F53-88B2-F265060CE702}.Release|x64.Build.0 = Release|Any CPU
		{248D2C9B-793A-4EB0-A2DA-7A881A1357BD}.Debug|Any CPU.ActiveCfg = Debug|Any CPU
		{248D2C9B-793A-4EB0-A2DA-7A881A1357BD}.Debug|Any CPU.Build.0 = Debug|Any CPU
		{248D2C9B-793A-4EB0-A2DA-7A881A1357BD}.Debug|x64.ActiveCfg = Debug|Any CPU
		{248D2C9B-793A-4EB0-A2DA-7A881A1357BD}.Debug|x64.Build.0 = Debug|Any CPU
		{248D2C9B-793A-4EB0-A2DA-7A881A1357BD}.Release|Any CPU.ActiveCfg = Release|Any CPU
		{248D2C9B-793A-4EB0-A2DA-7A881A1357BD}.Release|Any CPU.Build.0 = Release|Any CPU
		{248D2C9B-793A-4EB0-A2DA-7A881A1357BD}.Release|x64.ActiveCfg = Release|Any CPU
		{248D2C9B-793A-4EB0-A2DA-7A881A1357BD}.Release|x64.Build.0 = Release|Any CPU
		{B0F8BFA1-0034-4797-AE21-CD4CBD489E4C}.Debug|Any CPU.ActiveCfg = Debug|Any CPU
		{B0F8BFA1-0034-4797-AE21-CD4CBD489E4C}.Debug|Any CPU.Build.0 = Debug|Any CPU
		{B0F8BFA1-0034-4797-AE21-CD4CBD489E4C}.Debug|x64.ActiveCfg = Debug|Any CPU
		{B0F8BFA1-0034-4797-AE21-CD4CBD489E4C}.Debug|x64.Build.0 = Debug|Any CPU
		{B0F8BFA1-0034-4797-AE21-CD4CBD489E4C}.Release|Any CPU.ActiveCfg = Release|Any CPU
		{B0F8BFA1-0034-4797-AE21-CD4CBD489E4C}.Release|Any CPU.Build.0 = Release|Any CPU
		{B0F8BFA1-0034-4797-AE21-CD4CBD489E4C}.Release|x64.ActiveCfg = Release|Any CPU
		{B0F8BFA1-0034-4797-AE21-CD4CBD489E4C}.Release|x64.Build.0 = Release|Any CPU
		{794758C5-26A1-4141-B2A5-FCA016AADB8B}.Debug|Any CPU.ActiveCfg = Debug|Any CPU
		{794758C5-26A1-4141-B2A5-FCA016AADB8B}.Debug|Any CPU.Build.0 = Debug|Any CPU
		{794758C5-26A1-4141-B2A5-FCA016AADB8B}.Debug|x64.ActiveCfg = Debug|Any CPU
		{794758C5-26A1-4141-B2A5-FCA016AADB8B}.Debug|x64.Build.0 = Debug|Any CPU
		{794758C5-26A1-4141-B2A5-FCA016AADB8B}.Release|Any CPU.ActiveCfg = Release|Any CPU
		{794758C5-26A1-4141-B2A5-FCA016AADB8B}.Release|Any CPU.Build.0 = Release|Any CPU
		{794758C5-26A1-4141-B2A5-FCA016AADB8B}.Release|x64.ActiveCfg = Release|Any CPU
		{794758C5-26A1-4141-B2A5-FCA016AADB8B}.Release|x64.Build.0 = Release|Any CPU
		{5326D7F9-707E-45E2-92D2-5CB92D0FF897}.Debug|Any CPU.ActiveCfg = Debug|Any CPU
		{5326D7F9-707E-45E2-92D2-5CB92D0FF897}.Debug|Any CPU.Build.0 = Debug|Any CPU
		{5326D7F9-707E-45E2-92D2-5CB92D0FF897}.Debug|x64.ActiveCfg = Debug|Any CPU
		{5326D7F9-707E-45E2-92D2-5CB92D0FF897}.Debug|x64.Build.0 = Debug|Any CPU
		{5326D7F9-707E-45E2-92D2-5CB92D0FF897}.Release|Any CPU.ActiveCfg = Release|Any CPU
		{5326D7F9-707E-45E2-92D2-5CB92D0FF897}.Release|Any CPU.Build.0 = Release|Any CPU
		{5326D7F9-707E-45E2-92D2-5CB92D0FF897}.Release|x64.ActiveCfg = Release|Any CPU
		{5326D7F9-707E-45E2-92D2-5CB92D0FF897}.Release|x64.Build.0 = Release|Any CPU
		{7EAF9C21-4C1D-4996-B111-7C503217B8F5}.Debug|Any CPU.ActiveCfg = Debug|Any CPU
		{7EAF9C21-4C1D-4996-B111-7C503217B8F5}.Debug|Any CPU.Build.0 = Debug|Any CPU
		{7EAF9C21-4C1D-4996-B111-7C503217B8F5}.Debug|x64.ActiveCfg = Debug|Any CPU
		{7EAF9C21-4C1D-4996-B111-7C503217B8F5}.Debug|x64.Build.0 = Debug|Any CPU
		{7EAF9C21-4C1D-4996-B111-7C503217B8F5}.Release|Any CPU.ActiveCfg = Release|Any CPU
		{7EAF9C21-4C1D-4996-B111-7C503217B8F5}.Release|Any CPU.Build.0 = Release|Any CPU
		{7EAF9C21-4C1D-4996-B111-7C503217B8F5}.Release|x64.ActiveCfg = Release|Any CPU
		{7EAF9C21-4C1D-4996-B111-7C503217B8F5}.Release|x64.Build.0 = Release|Any CPU
		{595657D6-C9DC-4A48-A5D0-3CBC4A90ADA1}.Debug|Any CPU.ActiveCfg = Debug|Any CPU
		{595657D6-C9DC-4A48-A5D0-3CBC4A90ADA1}.Debug|Any CPU.Build.0 = Debug|Any CPU
		{595657D6-C9DC-4A48-A5D0-3CBC4A90ADA1}.Debug|x64.ActiveCfg = Debug|Any CPU
		{595657D6-C9DC-4A48-A5D0-3CBC4A90ADA1}.Debug|x64.Build.0 = Debug|Any CPU
		{595657D6-C9DC-4A48-A5D0-3CBC4A90ADA1}.Release|Any CPU.ActiveCfg = Release|Any CPU
		{595657D6-C9DC-4A48-A5D0-3CBC4A90ADA1}.Release|Any CPU.Build.0 = Release|Any CPU
		{595657D6-C9DC-4A48-A5D0-3CBC4A90ADA1}.Release|x64.ActiveCfg = Release|Any CPU
		{595657D6-C9DC-4A48-A5D0-3CBC4A90ADA1}.Release|x64.Build.0 = Release|Any CPU
		{180B4390-78E4-47CD-BA97-30F5EF31AF07}.Debug|Any CPU.ActiveCfg = Debug|Any CPU
		{180B4390-78E4-47CD-BA97-30F5EF31AF07}.Debug|Any CPU.Build.0 = Debug|Any CPU
		{180B4390-78E4-47CD-BA97-30F5EF31AF07}.Debug|x64.ActiveCfg = Debug|Any CPU
		{180B4390-78E4-47CD-BA97-30F5EF31AF07}.Debug|x64.Build.0 = Debug|Any CPU
		{180B4390-78E4-47CD-BA97-30F5EF31AF07}.Release|Any CPU.ActiveCfg = Release|Any CPU
		{180B4390-78E4-47CD-BA97-30F5EF31AF07}.Release|Any CPU.Build.0 = Release|Any CPU
		{180B4390-78E4-47CD-BA97-30F5EF31AF07}.Release|x64.ActiveCfg = Release|Any CPU
		{180B4390-78E4-47CD-BA97-30F5EF31AF07}.Release|x64.Build.0 = Release|Any CPU
		{CDF0E058-D35B-4EFE-9BBD-E1E355A4BD6B}.Debug|Any CPU.ActiveCfg = Debug|Any CPU
		{CDF0E058-D35B-4EFE-9BBD-E1E355A4BD6B}.Debug|Any CPU.Build.0 = Debug|Any CPU
		{CDF0E058-D35B-4EFE-9BBD-E1E355A4BD6B}.Debug|x64.ActiveCfg = Debug|Any CPU
		{CDF0E058-D35B-4EFE-9BBD-E1E355A4BD6B}.Debug|x64.Build.0 = Debug|Any CPU
		{CDF0E058-D35B-4EFE-9BBD-E1E355A4BD6B}.Release|Any CPU.ActiveCfg = Release|Any CPU
		{CDF0E058-D35B-4EFE-9BBD-E1E355A4BD6B}.Release|Any CPU.Build.0 = Release|Any CPU
		{CDF0E058-D35B-4EFE-9BBD-E1E355A4BD6B}.Release|x64.ActiveCfg = Release|Any CPU
		{CDF0E058-D35B-4EFE-9BBD-E1E355A4BD6B}.Release|x64.Build.0 = Release|Any CPU
		{4C56BB1B-9C29-49E0-959A-C34F1E71C96D}.Debug|Any CPU.ActiveCfg = Debug|Any CPU
		{4C56BB1B-9C29-49E0-959A-C34F1E71C96D}.Debug|Any CPU.Build.0 = Debug|Any CPU
		{4C56BB1B-9C29-49E0-959A-C34F1E71C96D}.Debug|x64.ActiveCfg = Debug|Any CPU
		{4C56BB1B-9C29-49E0-959A-C34F1E71C96D}.Debug|x64.Build.0 = Debug|Any CPU
		{4C56BB1B-9C29-49E0-959A-C34F1E71C96D}.Release|Any CPU.ActiveCfg = Release|Any CPU
		{4C56BB1B-9C29-49E0-959A-C34F1E71C96D}.Release|Any CPU.Build.0 = Release|Any CPU
		{4C56BB1B-9C29-49E0-959A-C34F1E71C96D}.Release|x64.ActiveCfg = Release|Any CPU
		{4C56BB1B-9C29-49E0-959A-C34F1E71C96D}.Release|x64.Build.0 = Release|Any CPU
		{5E48A0A0-CF45-458D-AD3C-4FC235AD203F}.Debug|Any CPU.ActiveCfg = Debug|Any CPU
		{5E48A0A0-CF45-458D-AD3C-4FC235AD203F}.Debug|Any CPU.Build.0 = Debug|Any CPU
		{5E48A0A0-CF45-458D-AD3C-4FC235AD203F}.Debug|x64.ActiveCfg = Debug|Any CPU
		{5E48A0A0-CF45-458D-AD3C-4FC235AD203F}.Debug|x64.Build.0 = Debug|Any CPU
		{5E48A0A0-CF45-458D-AD3C-4FC235AD203F}.Release|Any CPU.ActiveCfg = Release|Any CPU
		{5E48A0A0-CF45-458D-AD3C-4FC235AD203F}.Release|Any CPU.Build.0 = Release|Any CPU
		{5E48A0A0-CF45-458D-AD3C-4FC235AD203F}.Release|x64.ActiveCfg = Release|Any CPU
		{5E48A0A0-CF45-458D-AD3C-4FC235AD203F}.Release|x64.Build.0 = Release|Any CPU
		{FAFEF445-A01C-4770-B993-4E9CA33D95E3}.Debug|Any CPU.ActiveCfg = Debug|Any CPU
		{FAFEF445-A01C-4770-B993-4E9CA33D95E3}.Debug|Any CPU.Build.0 = Debug|Any CPU
		{FAFEF445-A01C-4770-B993-4E9CA33D95E3}.Debug|x64.ActiveCfg = Debug|Any CPU
		{FAFEF445-A01C-4770-B993-4E9CA33D95E3}.Debug|x64.Build.0 = Debug|Any CPU
		{FAFEF445-A01C-4770-B993-4E9CA33D95E3}.Release|Any CPU.ActiveCfg = Release|Any CPU
		{FAFEF445-A01C-4770-B993-4E9CA33D95E3}.Release|Any CPU.Build.0 = Release|Any CPU
		{FAFEF445-A01C-4770-B993-4E9CA33D95E3}.Release|x64.ActiveCfg = Release|Any CPU
		{FAFEF445-A01C-4770-B993-4E9CA33D95E3}.Release|x64.Build.0 = Release|Any CPU
		{9B3A0DE1-E73B-400C-9201-C83B434CA587}.Debug|Any CPU.ActiveCfg = Debug|Any CPU
		{9B3A0DE1-E73B-400C-9201-C83B434CA587}.Debug|Any CPU.Build.0 = Debug|Any CPU
		{9B3A0DE1-E73B-400C-9201-C83B434CA587}.Debug|x64.ActiveCfg = Debug|Any CPU
		{9B3A0DE1-E73B-400C-9201-C83B434CA587}.Debug|x64.Build.0 = Debug|Any CPU
		{9B3A0DE1-E73B-400C-9201-C83B434CA587}.Release|Any CPU.ActiveCfg = Release|Any CPU
		{9B3A0DE1-E73B-400C-9201-C83B434CA587}.Release|Any CPU.Build.0 = Release|Any CPU
		{9B3A0DE1-E73B-400C-9201-C83B434CA587}.Release|x64.ActiveCfg = Release|Any CPU
		{9B3A0DE1-E73B-400C-9201-C83B434CA587}.Release|x64.Build.0 = Release|Any CPU
		{42696D09-69C7-4E21-8351-DC53698D24E8}.Debug|Any CPU.ActiveCfg = Debug|Any CPU
		{42696D09-69C7-4E21-8351-DC53698D24E8}.Debug|Any CPU.Build.0 = Debug|Any CPU
		{42696D09-69C7-4E21-8351-DC53698D24E8}.Debug|x64.ActiveCfg = Debug|Any CPU
		{42696D09-69C7-4E21-8351-DC53698D24E8}.Debug|x64.Build.0 = Debug|Any CPU
		{42696D09-69C7-4E21-8351-DC53698D24E8}.Release|Any CPU.ActiveCfg = Release|Any CPU
		{42696D09-69C7-4E21-8351-DC53698D24E8}.Release|Any CPU.Build.0 = Release|Any CPU
		{42696D09-69C7-4E21-8351-DC53698D24E8}.Release|x64.ActiveCfg = Release|Any CPU
		{42696D09-69C7-4E21-8351-DC53698D24E8}.Release|x64.Build.0 = Release|Any CPU
		{F236407A-27B9-42D0-9000-6BC4A04E8F54}.Debug|Any CPU.ActiveCfg = Debug|Any CPU
		{F236407A-27B9-42D0-9000-6BC4A04E8F54}.Debug|Any CPU.Build.0 = Debug|Any CPU
		{F236407A-27B9-42D0-9000-6BC4A04E8F54}.Debug|x64.ActiveCfg = Debug|Any CPU
		{F236407A-27B9-42D0-9000-6BC4A04E8F54}.Debug|x64.Build.0 = Debug|Any CPU
		{F236407A-27B9-42D0-9000-6BC4A04E8F54}.Release|Any CPU.ActiveCfg = Release|Any CPU
		{F236407A-27B9-42D0-9000-6BC4A04E8F54}.Release|Any CPU.Build.0 = Release|Any CPU
		{F236407A-27B9-42D0-9000-6BC4A04E8F54}.Release|x64.ActiveCfg = Release|Any CPU
		{F236407A-27B9-42D0-9000-6BC4A04E8F54}.Release|x64.Build.0 = Release|Any CPU
		{C5E46A29-ECBA-4F6B-A14C-5DE553CE77BE}.Debug|Any CPU.ActiveCfg = Debug|Any CPU
		{C5E46A29-ECBA-4F6B-A14C-5DE553CE77BE}.Debug|Any CPU.Build.0 = Debug|Any CPU
		{C5E46A29-ECBA-4F6B-A14C-5DE553CE77BE}.Debug|x64.ActiveCfg = Debug|Any CPU
		{C5E46A29-ECBA-4F6B-A14C-5DE553CE77BE}.Debug|x64.Build.0 = Debug|Any CPU
		{C5E46A29-ECBA-4F6B-A14C-5DE553CE77BE}.Release|Any CPU.ActiveCfg = Release|Any CPU
		{C5E46A29-ECBA-4F6B-A14C-5DE553CE77BE}.Release|Any CPU.Build.0 = Release|Any CPU
		{C5E46A29-ECBA-4F6B-A14C-5DE553CE77BE}.Release|x64.ActiveCfg = Release|Any CPU
		{C5E46A29-ECBA-4F6B-A14C-5DE553CE77BE}.Release|x64.Build.0 = Release|Any CPU
		{ED4B335F-4967-4245-BCEA-45CE48B4648B}.Debug|Any CPU.ActiveCfg = Debug|Any CPU
		{ED4B335F-4967-4245-BCEA-45CE48B4648B}.Debug|Any CPU.Build.0 = Debug|Any CPU
		{ED4B335F-4967-4245-BCEA-45CE48B4648B}.Debug|x64.ActiveCfg = Debug|Any CPU
		{ED4B335F-4967-4245-BCEA-45CE48B4648B}.Debug|x64.Build.0 = Debug|Any CPU
		{ED4B335F-4967-4245-BCEA-45CE48B4648B}.Release|Any CPU.ActiveCfg = Release|Any CPU
		{ED4B335F-4967-4245-BCEA-45CE48B4648B}.Release|Any CPU.Build.0 = Release|Any CPU
		{ED4B335F-4967-4245-BCEA-45CE48B4648B}.Release|x64.ActiveCfg = Release|Any CPU
		{ED4B335F-4967-4245-BCEA-45CE48B4648B}.Release|x64.Build.0 = Release|Any CPU
		{F11B1BE8-7D8A-4B23-AF7B-DB27A0BC9086}.Debug|Any CPU.ActiveCfg = Debug|Any CPU
		{F11B1BE8-7D8A-4B23-AF7B-DB27A0BC9086}.Debug|Any CPU.Build.0 = Debug|Any CPU
		{F11B1BE8-7D8A-4B23-AF7B-DB27A0BC9086}.Debug|x64.ActiveCfg = Debug|Any CPU
		{F11B1BE8-7D8A-4B23-AF7B-DB27A0BC9086}.Debug|x64.Build.0 = Debug|Any CPU
		{F11B1BE8-7D8A-4B23-AF7B-DB27A0BC9086}.Release|Any CPU.ActiveCfg = Release|Any CPU
		{F11B1BE8-7D8A-4B23-AF7B-DB27A0BC9086}.Release|Any CPU.Build.0 = Release|Any CPU
		{F11B1BE8-7D8A-4B23-AF7B-DB27A0BC9086}.Release|x64.ActiveCfg = Release|Any CPU
		{F11B1BE8-7D8A-4B23-AF7B-DB27A0BC9086}.Release|x64.Build.0 = Release|Any CPU
		{D890DD88-58CD-4DC1-8664-38F273D74692}.Debug|Any CPU.ActiveCfg = Debug|Any CPU
		{D890DD88-58CD-4DC1-8664-38F273D74692}.Debug|Any CPU.Build.0 = Debug|Any CPU
		{D890DD88-58CD-4DC1-8664-38F273D74692}.Debug|x64.ActiveCfg = Debug|Any CPU
		{D890DD88-58CD-4DC1-8664-38F273D74692}.Debug|x64.Build.0 = Debug|Any CPU
		{D890DD88-58CD-4DC1-8664-38F273D74692}.Release|Any CPU.ActiveCfg = Release|Any CPU
		{D890DD88-58CD-4DC1-8664-38F273D74692}.Release|Any CPU.Build.0 = Release|Any CPU
		{D890DD88-58CD-4DC1-8664-38F273D74692}.Release|x64.ActiveCfg = Release|Any CPU
		{D890DD88-58CD-4DC1-8664-38F273D74692}.Release|x64.Build.0 = Release|Any CPU
		{01AD9E16-2249-4A46-9173-2EC727A6026E}.Debug|Any CPU.ActiveCfg = Debug|Any CPU
		{01AD9E16-2249-4A46-9173-2EC727A6026E}.Debug|Any CPU.Build.0 = Debug|Any CPU
		{01AD9E16-2249-4A46-9173-2EC727A6026E}.Debug|x64.ActiveCfg = Debug|Any CPU
		{01AD9E16-2249-4A46-9173-2EC727A6026E}.Debug|x64.Build.0 = Debug|Any CPU
		{01AD9E16-2249-4A46-9173-2EC727A6026E}.Release|Any CPU.ActiveCfg = Release|Any CPU
		{01AD9E16-2249-4A46-9173-2EC727A6026E}.Release|Any CPU.Build.0 = Release|Any CPU
		{01AD9E16-2249-4A46-9173-2EC727A6026E}.Release|x64.ActiveCfg = Release|Any CPU
		{01AD9E16-2249-4A46-9173-2EC727A6026E}.Release|x64.Build.0 = Release|Any CPU
		{78971780-E6B2-423B-B61D-7CAEFBB25282}.Debug|Any CPU.ActiveCfg = Debug|Any CPU
		{78971780-E6B2-423B-B61D-7CAEFBB25282}.Debug|Any CPU.Build.0 = Debug|Any CPU
		{78971780-E6B2-423B-B61D-7CAEFBB25282}.Debug|x64.ActiveCfg = Debug|Any CPU
		{78971780-E6B2-423B-B61D-7CAEFBB25282}.Debug|x64.Build.0 = Debug|Any CPU
		{78971780-E6B2-423B-B61D-7CAEFBB25282}.Release|Any CPU.ActiveCfg = Release|Any CPU
		{78971780-E6B2-423B-B61D-7CAEFBB25282}.Release|Any CPU.Build.0 = Release|Any CPU
		{78971780-E6B2-423B-B61D-7CAEFBB25282}.Release|x64.ActiveCfg = Release|Any CPU
		{78971780-E6B2-423B-B61D-7CAEFBB25282}.Release|x64.Build.0 = Release|Any CPU
		{04E002F8-468C-45E8-997B-332E5048BA31}.Debug|Any CPU.ActiveCfg = Debug|Any CPU
		{04E002F8-468C-45E8-997B-332E5048BA31}.Debug|Any CPU.Build.0 = Debug|Any CPU
		{04E002F8-468C-45E8-997B-332E5048BA31}.Debug|x64.ActiveCfg = Debug|Any CPU
		{04E002F8-468C-45E8-997B-332E5048BA31}.Debug|x64.Build.0 = Debug|Any CPU
		{04E002F8-468C-45E8-997B-332E5048BA31}.Release|Any CPU.ActiveCfg = Release|Any CPU
		{04E002F8-468C-45E8-997B-332E5048BA31}.Release|Any CPU.Build.0 = Release|Any CPU
		{04E002F8-468C-45E8-997B-332E5048BA31}.Release|x64.ActiveCfg = Release|Any CPU
		{04E002F8-468C-45E8-997B-332E5048BA31}.Release|x64.Build.0 = Release|Any CPU
		{E0131B1D-122D-49C7-8B8D-F4C61F22BDCF}.Debug|Any CPU.ActiveCfg = Debug|Any CPU
		{E0131B1D-122D-49C7-8B8D-F4C61F22BDCF}.Debug|Any CPU.Build.0 = Debug|Any CPU
		{E0131B1D-122D-49C7-8B8D-F4C61F22BDCF}.Debug|x64.ActiveCfg = Debug|Any CPU
		{E0131B1D-122D-49C7-8B8D-F4C61F22BDCF}.Debug|x64.Build.0 = Debug|Any CPU
		{E0131B1D-122D-49C7-8B8D-F4C61F22BDCF}.Release|Any CPU.ActiveCfg = Release|Any CPU
		{E0131B1D-122D-49C7-8B8D-F4C61F22BDCF}.Release|Any CPU.Build.0 = Release|Any CPU
		{E0131B1D-122D-49C7-8B8D-F4C61F22BDCF}.Release|x64.ActiveCfg = Release|Any CPU
		{E0131B1D-122D-49C7-8B8D-F4C61F22BDCF}.Release|x64.Build.0 = Release|Any CPU
		{7B010002-084B-4D1D-9B06-4EC70EC93CA2}.Debug|Any CPU.ActiveCfg = Debug|Any CPU
		{7B010002-084B-4D1D-9B06-4EC70EC93CA2}.Debug|Any CPU.Build.0 = Debug|Any CPU
		{7B010002-084B-4D1D-9B06-4EC70EC93CA2}.Debug|x64.ActiveCfg = Debug|Any CPU
		{7B010002-084B-4D1D-9B06-4EC70EC93CA2}.Debug|x64.Build.0 = Debug|Any CPU
		{7B010002-084B-4D1D-9B06-4EC70EC93CA2}.Release|Any CPU.ActiveCfg = Release|Any CPU
		{7B010002-084B-4D1D-9B06-4EC70EC93CA2}.Release|Any CPU.Build.0 = Release|Any CPU
		{7B010002-084B-4D1D-9B06-4EC70EC93CA2}.Release|x64.ActiveCfg = Release|Any CPU
		{7B010002-084B-4D1D-9B06-4EC70EC93CA2}.Release|x64.Build.0 = Release|Any CPU
		{F90E3A4D-8A73-4899-9F49-A756F58828F7}.Debug|Any CPU.ActiveCfg = Debug|Any CPU
		{F90E3A4D-8A73-4899-9F49-A756F58828F7}.Debug|Any CPU.Build.0 = Debug|Any CPU
		{F90E3A4D-8A73-4899-9F49-A756F58828F7}.Debug|x64.ActiveCfg = Debug|Any CPU
		{F90E3A4D-8A73-4899-9F49-A756F58828F7}.Debug|x64.Build.0 = Debug|Any CPU
		{F90E3A4D-8A73-4899-9F49-A756F58828F7}.Release|Any CPU.ActiveCfg = Release|Any CPU
		{F90E3A4D-8A73-4899-9F49-A756F58828F7}.Release|Any CPU.Build.0 = Release|Any CPU
		{F90E3A4D-8A73-4899-9F49-A756F58828F7}.Release|x64.ActiveCfg = Release|Any CPU
		{F90E3A4D-8A73-4899-9F49-A756F58828F7}.Release|x64.Build.0 = Release|Any CPU
		{77AFD455-9FD0-4087-8163-44BA03886670}.Debug|Any CPU.ActiveCfg = Debug|Any CPU
		{77AFD455-9FD0-4087-8163-44BA03886670}.Debug|Any CPU.Build.0 = Debug|Any CPU
		{77AFD455-9FD0-4087-8163-44BA03886670}.Debug|x64.ActiveCfg = Debug|Any CPU
		{77AFD455-9FD0-4087-8163-44BA03886670}.Debug|x64.Build.0 = Debug|Any CPU
		{77AFD455-9FD0-4087-8163-44BA03886670}.Release|Any CPU.ActiveCfg = Release|Any CPU
		{77AFD455-9FD0-4087-8163-44BA03886670}.Release|Any CPU.Build.0 = Release|Any CPU
		{77AFD455-9FD0-4087-8163-44BA03886670}.Release|x64.ActiveCfg = Release|Any CPU
		{77AFD455-9FD0-4087-8163-44BA03886670}.Release|x64.Build.0 = Release|Any CPU
		{3C8FFD95-66E8-41E5-B891-4B13D44942C3}.Debug|Any CPU.ActiveCfg = Debug|Any CPU
		{3C8FFD95-66E8-41E5-B891-4B13D44942C3}.Debug|Any CPU.Build.0 = Debug|Any CPU
		{3C8FFD95-66E8-41E5-B891-4B13D44942C3}.Debug|x64.ActiveCfg = Debug|Any CPU
		{3C8FFD95-66E8-41E5-B891-4B13D44942C3}.Debug|x64.Build.0 = Debug|Any CPU
		{3C8FFD95-66E8-41E5-B891-4B13D44942C3}.Release|Any CPU.ActiveCfg = Release|Any CPU
		{3C8FFD95-66E8-41E5-B891-4B13D44942C3}.Release|Any CPU.Build.0 = Release|Any CPU
		{3C8FFD95-66E8-41E5-B891-4B13D44942C3}.Release|x64.ActiveCfg = Release|Any CPU
		{3C8FFD95-66E8-41E5-B891-4B13D44942C3}.Release|x64.Build.0 = Release|Any CPU
		{FEC5F35A-CF6E-4F6B-B910-72949954BE82}.Debug|Any CPU.ActiveCfg = Debug|Any CPU
		{FEC5F35A-CF6E-4F6B-B910-72949954BE82}.Debug|Any CPU.Build.0 = Debug|Any CPU
		{FEC5F35A-CF6E-4F6B-B910-72949954BE82}.Debug|x64.ActiveCfg = Debug|Any CPU
		{FEC5F35A-CF6E-4F6B-B910-72949954BE82}.Debug|x64.Build.0 = Debug|Any CPU
		{FEC5F35A-CF6E-4F6B-B910-72949954BE82}.Release|Any CPU.ActiveCfg = Release|Any CPU
		{FEC5F35A-CF6E-4F6B-B910-72949954BE82}.Release|Any CPU.Build.0 = Release|Any CPU
		{FEC5F35A-CF6E-4F6B-B910-72949954BE82}.Release|x64.ActiveCfg = Release|Any CPU
		{FEC5F35A-CF6E-4F6B-B910-72949954BE82}.Release|x64.Build.0 = Release|Any CPU
		{68FF06EC-CEBD-4BA4-A536-6C09D9714066}.Debug|Any CPU.ActiveCfg = Debug|Any CPU
		{68FF06EC-CEBD-4BA4-A536-6C09D9714066}.Debug|Any CPU.Build.0 = Debug|Any CPU
		{68FF06EC-CEBD-4BA4-A536-6C09D9714066}.Debug|x64.ActiveCfg = Debug|Any CPU
		{68FF06EC-CEBD-4BA4-A536-6C09D9714066}.Debug|x64.Build.0 = Debug|Any CPU
		{68FF06EC-CEBD-4BA4-A536-6C09D9714066}.Release|Any CPU.ActiveCfg = Release|Any CPU
		{68FF06EC-CEBD-4BA4-A536-6C09D9714066}.Release|Any CPU.Build.0 = Release|Any CPU
		{68FF06EC-CEBD-4BA4-A536-6C09D9714066}.Release|x64.ActiveCfg = Release|Any CPU
		{68FF06EC-CEBD-4BA4-A536-6C09D9714066}.Release|x64.Build.0 = Release|Any CPU
		{5E36EAA4-15C4-4D04-973B-245AD8A59B97}.Debug|Any CPU.ActiveCfg = Debug|Any CPU
		{5E36EAA4-15C4-4D04-973B-245AD8A59B97}.Debug|Any CPU.Build.0 = Debug|Any CPU
		{5E36EAA4-15C4-4D04-973B-245AD8A59B97}.Debug|x64.ActiveCfg = Debug|Any CPU
		{5E36EAA4-15C4-4D04-973B-245AD8A59B97}.Debug|x64.Build.0 = Debug|Any CPU
		{5E36EAA4-15C4-4D04-973B-245AD8A59B97}.Release|Any CPU.ActiveCfg = Release|Any CPU
		{5E36EAA4-15C4-4D04-973B-245AD8A59B97}.Release|Any CPU.Build.0 = Release|Any CPU
		{5E36EAA4-15C4-4D04-973B-245AD8A59B97}.Release|x64.ActiveCfg = Release|Any CPU
		{5E36EAA4-15C4-4D04-973B-245AD8A59B97}.Release|x64.Build.0 = Release|Any CPU
		{9957F5FA-1E21-4D79-883E-88FFE3A7F01B}.Debug|Any CPU.ActiveCfg = Debug|Any CPU
		{9957F5FA-1E21-4D79-883E-88FFE3A7F01B}.Debug|Any CPU.Build.0 = Debug|Any CPU
		{9957F5FA-1E21-4D79-883E-88FFE3A7F01B}.Debug|x64.ActiveCfg = Debug|Any CPU
		{9957F5FA-1E21-4D79-883E-88FFE3A7F01B}.Debug|x64.Build.0 = Debug|Any CPU
		{9957F5FA-1E21-4D79-883E-88FFE3A7F01B}.Release|Any CPU.ActiveCfg = Release|Any CPU
		{9957F5FA-1E21-4D79-883E-88FFE3A7F01B}.Release|Any CPU.Build.0 = Release|Any CPU
		{9957F5FA-1E21-4D79-883E-88FFE3A7F01B}.Release|x64.ActiveCfg = Release|Any CPU
		{9957F5FA-1E21-4D79-883E-88FFE3A7F01B}.Release|x64.Build.0 = Release|Any CPU
		{77538348-8321-4978-842D-2D97CDEDECA6}.Debug|Any CPU.ActiveCfg = Debug|Any CPU
		{77538348-8321-4978-842D-2D97CDEDECA6}.Debug|Any CPU.Build.0 = Debug|Any CPU
		{77538348-8321-4978-842D-2D97CDEDECA6}.Debug|x64.ActiveCfg = Debug|Any CPU
		{77538348-8321-4978-842D-2D97CDEDECA6}.Debug|x64.Build.0 = Debug|Any CPU
		{77538348-8321-4978-842D-2D97CDEDECA6}.Release|Any CPU.ActiveCfg = Release|Any CPU
		{77538348-8321-4978-842D-2D97CDEDECA6}.Release|Any CPU.Build.0 = Release|Any CPU
		{77538348-8321-4978-842D-2D97CDEDECA6}.Release|x64.ActiveCfg = Release|Any CPU
		{77538348-8321-4978-842D-2D97CDEDECA6}.Release|x64.Build.0 = Release|Any CPU
		{1075BB0D-7DFC-440C-A790-51001BCF0725}.Debug|Any CPU.ActiveCfg = Debug|Any CPU
		{1075BB0D-7DFC-440C-A790-51001BCF0725}.Debug|Any CPU.Build.0 = Debug|Any CPU
		{1075BB0D-7DFC-440C-A790-51001BCF0725}.Debug|x64.ActiveCfg = Debug|Any CPU
		{1075BB0D-7DFC-440C-A790-51001BCF0725}.Debug|x64.Build.0 = Debug|Any CPU
		{1075BB0D-7DFC-440C-A790-51001BCF0725}.Release|Any CPU.ActiveCfg = Release|Any CPU
		{1075BB0D-7DFC-440C-A790-51001BCF0725}.Release|Any CPU.Build.0 = Release|Any CPU
		{1075BB0D-7DFC-440C-A790-51001BCF0725}.Release|x64.ActiveCfg = Release|Any CPU
		{1075BB0D-7DFC-440C-A790-51001BCF0725}.Release|x64.Build.0 = Release|Any CPU
		{8F9FEB99-4BFF-4581-8F7D-3058F2482BDF}.Debug|Any CPU.ActiveCfg = Debug|Any CPU
		{8F9FEB99-4BFF-4581-8F7D-3058F2482BDF}.Debug|Any CPU.Build.0 = Debug|Any CPU
		{8F9FEB99-4BFF-4581-8F7D-3058F2482BDF}.Debug|x64.ActiveCfg = Debug|x64
		{8F9FEB99-4BFF-4581-8F7D-3058F2482BDF}.Debug|x64.Build.0 = Debug|x64
		{8F9FEB99-4BFF-4581-8F7D-3058F2482BDF}.Release|Any CPU.ActiveCfg = Release|Any CPU
		{8F9FEB99-4BFF-4581-8F7D-3058F2482BDF}.Release|Any CPU.Build.0 = Release|Any CPU
		{8F9FEB99-4BFF-4581-8F7D-3058F2482BDF}.Release|x64.ActiveCfg = Release|x64
		{8F9FEB99-4BFF-4581-8F7D-3058F2482BDF}.Release|x64.Build.0 = Release|x64
		{5160FF91-1E3D-41B0-9CE7-2F233AB4BCFA}.Debug|Any CPU.ActiveCfg = Debug|Any CPU
		{5160FF91-1E3D-41B0-9CE7-2F233AB4BCFA}.Debug|Any CPU.Build.0 = Debug|Any CPU
		{5160FF91-1E3D-41B0-9CE7-2F233AB4BCFA}.Debug|x64.ActiveCfg = Debug|Any CPU
		{5160FF91-1E3D-41B0-9CE7-2F233AB4BCFA}.Debug|x64.Build.0 = Debug|Any CPU
		{5160FF91-1E3D-41B0-9CE7-2F233AB4BCFA}.Release|Any CPU.ActiveCfg = Release|Any CPU
		{5160FF91-1E3D-41B0-9CE7-2F233AB4BCFA}.Release|Any CPU.Build.0 = Release|Any CPU
		{5160FF91-1E3D-41B0-9CE7-2F233AB4BCFA}.Release|x64.ActiveCfg = Release|Any CPU
		{5160FF91-1E3D-41B0-9CE7-2F233AB4BCFA}.Release|x64.Build.0 = Release|Any CPU
		{A82D4F52-BDCD-4721-9363-09CCF4A3BB7A}.Debug|Any CPU.ActiveCfg = Debug|Any CPU
		{A82D4F52-BDCD-4721-9363-09CCF4A3BB7A}.Debug|Any CPU.Build.0 = Debug|Any CPU
		{A82D4F52-BDCD-4721-9363-09CCF4A3BB7A}.Debug|x64.ActiveCfg = Debug|Any CPU
		{A82D4F52-BDCD-4721-9363-09CCF4A3BB7A}.Debug|x64.Build.0 = Debug|Any CPU
		{A82D4F52-BDCD-4721-9363-09CCF4A3BB7A}.Release|Any CPU.ActiveCfg = Release|Any CPU
		{A82D4F52-BDCD-4721-9363-09CCF4A3BB7A}.Release|Any CPU.Build.0 = Release|Any CPU
		{A82D4F52-BDCD-4721-9363-09CCF4A3BB7A}.Release|x64.ActiveCfg = Release|Any CPU
		{A82D4F52-BDCD-4721-9363-09CCF4A3BB7A}.Release|x64.Build.0 = Release|Any CPU
		{10BC8626-1D94-4740-9ED3-9D1BD71857B7}.Debug|Any CPU.ActiveCfg = Debug|Any CPU
		{10BC8626-1D94-4740-9ED3-9D1BD71857B7}.Debug|Any CPU.Build.0 = Debug|Any CPU
		{10BC8626-1D94-4740-9ED3-9D1BD71857B7}.Debug|x64.ActiveCfg = Debug|Any CPU
		{10BC8626-1D94-4740-9ED3-9D1BD71857B7}.Debug|x64.Build.0 = Debug|Any CPU
		{10BC8626-1D94-4740-9ED3-9D1BD71857B7}.Release|Any CPU.ActiveCfg = Release|Any CPU
		{10BC8626-1D94-4740-9ED3-9D1BD71857B7}.Release|Any CPU.Build.0 = Release|Any CPU
		{10BC8626-1D94-4740-9ED3-9D1BD71857B7}.Release|x64.ActiveCfg = Release|Any CPU
		{10BC8626-1D94-4740-9ED3-9D1BD71857B7}.Release|x64.Build.0 = Release|Any CPU
		{249E5894-40CA-4692-B876-9DF3B1A9E481}.Debug|Any CPU.ActiveCfg = Debug|Any CPU
		{249E5894-40CA-4692-B876-9DF3B1A9E481}.Debug|Any CPU.Build.0 = Debug|Any CPU
		{249E5894-40CA-4692-B876-9DF3B1A9E481}.Debug|x64.ActiveCfg = Debug|Any CPU
		{249E5894-40CA-4692-B876-9DF3B1A9E481}.Debug|x64.Build.0 = Debug|Any CPU
		{249E5894-40CA-4692-B876-9DF3B1A9E481}.Release|Any CPU.ActiveCfg = Release|Any CPU
		{249E5894-40CA-4692-B876-9DF3B1A9E481}.Release|Any CPU.Build.0 = Release|Any CPU
		{249E5894-40CA-4692-B876-9DF3B1A9E481}.Release|x64.ActiveCfg = Release|Any CPU
		{249E5894-40CA-4692-B876-9DF3B1A9E481}.Release|x64.Build.0 = Release|Any CPU
		{B3944C41-5BB6-4CBC-9173-59D5E50F74A4}.Debug|Any CPU.ActiveCfg = Debug|Any CPU
		{B3944C41-5BB6-4CBC-9173-59D5E50F74A4}.Debug|Any CPU.Build.0 = Debug|Any CPU
		{B3944C41-5BB6-4CBC-9173-59D5E50F74A4}.Debug|x64.ActiveCfg = Debug|Any CPU
		{B3944C41-5BB6-4CBC-9173-59D5E50F74A4}.Debug|x64.Build.0 = Debug|Any CPU
		{B3944C41-5BB6-4CBC-9173-59D5E50F74A4}.Release|Any CPU.ActiveCfg = Release|Any CPU
		{B3944C41-5BB6-4CBC-9173-59D5E50F74A4}.Release|Any CPU.Build.0 = Release|Any CPU
		{B3944C41-5BB6-4CBC-9173-59D5E50F74A4}.Release|x64.ActiveCfg = Release|Any CPU
		{B3944C41-5BB6-4CBC-9173-59D5E50F74A4}.Release|x64.Build.0 = Release|Any CPU
		{E5ED18B7-1D13-441B-9B3E-55A65A147928}.Debug|Any CPU.ActiveCfg = Debug|Any CPU
		{E5ED18B7-1D13-441B-9B3E-55A65A147928}.Debug|Any CPU.Build.0 = Debug|Any CPU
		{E5ED18B7-1D13-441B-9B3E-55A65A147928}.Debug|x64.ActiveCfg = Debug|Any CPU
		{E5ED18B7-1D13-441B-9B3E-55A65A147928}.Debug|x64.Build.0 = Debug|Any CPU
		{E5ED18B7-1D13-441B-9B3E-55A65A147928}.Release|Any CPU.ActiveCfg = Release|Any CPU
		{E5ED18B7-1D13-441B-9B3E-55A65A147928}.Release|Any CPU.Build.0 = Release|Any CPU
		{E5ED18B7-1D13-441B-9B3E-55A65A147928}.Release|x64.ActiveCfg = Release|Any CPU
		{E5ED18B7-1D13-441B-9B3E-55A65A147928}.Release|x64.Build.0 = Release|Any CPU
	EndGlobalSection
	GlobalSection(SolutionProperties) = preSolution
		HideSolutionNode = FALSE
	EndGlobalSection
	GlobalSection(ExtensibilityGlobals) = postSolution
		SolutionGuid = {11C25FC0-EB32-4DE1-9CBB-CF2D68D1AA9B}
	EndGlobalSection
EndGlobal
